// !$*UTF8*$!
{
	archiveVersion = 1;
	classes = {
	};
	objectVersion = 47;
	objects = {

/* Begin PBXBuildFile section */
		390D6B41C2A2E5E84D1187A9 /* Pods_eXoUITests.framework in Frameworks */ = {isa = PBXBuildFile; fileRef = 3171CD17374DBB5A67AEFFC4 /* Pods_eXoUITests.framework */; };
		57D568331BEB15C000C13C7E /* TestServer.swift in Sources */ = {isa = PBXBuildFile; fileRef = 57D568321BEB15C000C13C7E /* TestServer.swift */; };
		57D568351BEB41B700C13C7E /* TestServerManager.swift in Sources */ = {isa = PBXBuildFile; fileRef = 57D568341BEB41B700C13C7E /* TestServerManager.swift */; };
		57D568371BEB48BC00C13C7E /* FakeUserDefaults.swift in Sources */ = {isa = PBXBuildFile; fileRef = 57D568361BEB48BC00C13C7E /* FakeUserDefaults.swift */; };
		57DFE9E51C5B81D800A91DA5 /* eXoSnapshots.swift in Sources */ = {isa = PBXBuildFile; fileRef = 57DFE9E21C5B81D800A91DA5 /* eXoSnapshots.swift */; };
		57DFE9E71C5B81D800A91DA5 /* SnapshotHelper.swift in Sources */ = {isa = PBXBuildFile; fileRef = 57DFE9E41C5B81D800A91DA5 /* SnapshotHelper.swift */; };
		77D5AF6810BDAFBFE9CA9515 /* Pods_eXo.framework in Frameworks */ = {isa = PBXBuildFile; fileRef = 3023D4F21F90095641641944 /* Pods_eXo.framework */; };
		9C032DCD1BE3566B006F0577 /* AccountCell.swift in Sources */ = {isa = PBXBuildFile; fileRef = 9C032DCC1BE3566B006F0577 /* AccountCell.swift */; };
		9C032E0D1BE38DEF006F0577 /* Assets.xcassets in Resources */ = {isa = PBXBuildFile; fileRef = 9C3AD2501BCF56900094CFF9 /* Assets.xcassets */; };
		9C032E1C1BE754F5006F0577 /* Main.storyboard in Resources */ = {isa = PBXBuildFile; fileRef = 9C3AD24D1BCF56900094CFF9 /* Main.storyboard */; };
		9C032E211BE75667006F0577 /* Localizable.strings in Resources */ = {isa = PBXBuildFile; fileRef = 9C032E231BE75667006F0577 /* Localizable.strings */; };
		9C032E311BE897CE006F0577 /* LoginViewController.swift in Sources */ = {isa = PBXBuildFile; fileRef = 9C032E301BE897CE006F0577 /* LoginViewController.swift */; };
		9C032E381BEA1495006F0577 /* eXoWebBaseViewController.swift in Sources */ = {isa = PBXBuildFile; fileRef = 9C032E371BEA1495006F0577 /* eXoWebBaseViewController.swift */; };
		9C032E3A1BEA17DE006F0577 /* PreviewController.swift in Sources */ = {isa = PBXBuildFile; fileRef = 9C032E391BEA17DE006F0577 /* PreviewController.swift */; };
		9C032E471BF3064C006F0577 /* SettingViewController.swift in Sources */ = {isa = PBXBuildFile; fileRef = 9C032E461BF3064C006F0577 /* SettingViewController.swift */; };
		9C032E501BF34BF1006F0577 /* ServerEditViewController.swift in Sources */ = {isa = PBXBuildFile; fileRef = 9C032E4F1BF34BF1006F0577 /* ServerEditViewController.swift */; };
		9C13B4D41BE20ED9007D7645 /* Security.framework in Frameworks */ = {isa = PBXBuildFile; fileRef = 9C13B4D31BE20ED9007D7645 /* Security.framework */; };
		9C18EBBE1C3124DC00A75DD8 /* TableHeaderView.swift in Sources */ = {isa = PBXBuildFile; fileRef = 9C18EBBD1C3124DC00A75DD8 /* TableHeaderView.swift */; };
		9C18EBC01C3124ED00A75DD8 /* TableHeaderView.xib in Resources */ = {isa = PBXBuildFile; fileRef = 9C18EBBF1C3124ED00A75DD8 /* TableHeaderView.xib */; };
		9C18EC141C34DC8B00A75DD8 /* TestServerSelectScreen.swift in Sources */ = {isa = PBXBuildFile; fileRef = 9C18EC131C34DC8B00A75DD8 /* TestServerSelectScreen.swift */; };
		9C3AD24A1BCF56900094CFF9 /* eXoAppDelegate.swift in Sources */ = {isa = PBXBuildFile; fileRef = 9C3AD2491BCF56900094CFF9 /* eXoAppDelegate.swift */; };
		9C3AD24F1BCF56900094CFF9 /* Main.storyboard in Resources */ = {isa = PBXBuildFile; fileRef = 9C3AD24D1BCF56900094CFF9 /* Main.storyboard */; };
		9C3AD2511BCF56900094CFF9 /* Assets.xcassets in Resources */ = {isa = PBXBuildFile; fileRef = 9C3AD2501BCF56900094CFF9 /* Assets.xcassets */; };
		9C3AD2541BCF56900094CFF9 /* LaunchScreen.storyboard in Resources */ = {isa = PBXBuildFile; fileRef = 9C3AD2521BCF56900094CFF9 /* LaunchScreen.storyboard */; };
		9C3AD25F1BCF56900094CFF9 /* eXoBaseTestCase.swift in Sources */ = {isa = PBXBuildFile; fileRef = 9C3AD25E1BCF56900094CFF9 /* eXoBaseTestCase.swift */; };
		9C3AD26A1BCF56900094CFF9 /* eXoUIBaseTestCase.swift in Sources */ = {isa = PBXBuildFile; fileRef = 9C3AD2691BCF56900094CFF9 /* eXoUIBaseTestCase.swift */; };
		9C3AD2821BCF5E110094CFF9 /* WelcomeViewController.swift in Sources */ = {isa = PBXBuildFile; fileRef = 9C3AD2811BCF5E110094CFF9 /* WelcomeViewController.swift */; };
		9C3AD2841BCF9D2D0094CFF9 /* ServerSelectionViewController1.swift in Sources */ = {isa = PBXBuildFile; fileRef = 9C3AD2831BCF9D2D0094CFF9 /* ServerSelectionViewController1.swift */; };
		9C3AD2861BCF9E570094CFF9 /* defines.swift in Sources */ = {isa = PBXBuildFile; fileRef = 9C3AD2851BCF9E570094CFF9 /* defines.swift */; };
		9C3AD2881BCFA3400094CFF9 /* Server.swift in Sources */ = {isa = PBXBuildFile; fileRef = 9C3AD2871BCFA3400094CFF9 /* Server.swift */; };
		9C3AD28C1BD0B6640094CFF9 /* InputServerViewController.swift in Sources */ = {isa = PBXBuildFile; fileRef = 9C3AD28B1BD0B6640094CFF9 /* InputServerViewController.swift */; };
		9C3D7CF41BDF64E0002873CB /* ShareViewController.m in Sources */ = {isa = PBXBuildFile; fileRef = 9C3D7CF31BDF64E0002873CB /* ShareViewController.m */; };
		9C3D7CF71BDF64E0002873CB /* MainInterface.storyboard in Resources */ = {isa = PBXBuildFile; fileRef = 9C3D7CF51BDF64E0002873CB /* MainInterface.storyboard */; };
		9C3D7CFB1BDF64E0002873CB /* share-extension.appex in Embed App Extensions */ = {isa = PBXBuildFile; fileRef = 9C3D7CF01BDF64E0002873CB /* share-extension.appex */; settings = {ATTRIBUTES = (RemoveHeadersOnCopy, ); }; };
		9C3D7D121BDF68E0002873CB /* Account.m in Sources */ = {isa = PBXBuildFile; fileRef = 9C3D7D021BDF68E0002873CB /* Account.m */; };
		9C3D7D131BDF68E0002873CB /* AccountViewController.m in Sources */ = {isa = PBXBuildFile; fileRef = 9C3D7D041BDF68E0002873CB /* AccountViewController.m */; };
		9C3D7D161BDF68E0002873CB /* PostActivity.m in Sources */ = {isa = PBXBuildFile; fileRef = 9C3D7D091BDF68E0002873CB /* PostActivity.m */; };
		9C3D7D171BDF68E0002873CB /* PostItem.m in Sources */ = {isa = PBXBuildFile; fileRef = 9C3D7D0B1BDF68E0002873CB /* PostItem.m */; };
		9C3D7D181BDF68E0002873CB /* SocialSpace.m in Sources */ = {isa = PBXBuildFile; fileRef = 9C3D7D0D1BDF68E0002873CB /* SocialSpace.m */; };
		9C3D7D191BDF68E0002873CB /* SpaceViewController.m in Sources */ = {isa = PBXBuildFile; fileRef = 9C3D7D0F1BDF68E0002873CB /* SpaceViewController.m */; };
		9C3D7D1A1BDF68E0002873CB /* UploadViewController.m in Sources */ = {isa = PBXBuildFile; fileRef = 9C3D7D111BDF68E0002873CB /* UploadViewController.m */; };
		9C3D7D1E1BDF6BA3002873CB /* eXo.entitlements in Resources */ = {isa = PBXBuildFile; fileRef = 9C3D7D1D1BDF6BA3002873CB /* eXo.entitlements */; };
		9C3D7D2D1BE0BE97002873CB /* InputAccountViewController.swift in Sources */ = {isa = PBXBuildFile; fileRef = 9C3D7D2C1BE0BE97002873CB /* InputAccountViewController.swift */; };
		9C935F7E1BD60286009C065B /* Tool.swift in Sources */ = {isa = PBXBuildFile; fileRef = 9C935F7D1BD60286009C065B /* Tool.swift */; };
		9C935F801BD61D5A009C065B /* ServerManager.swift in Sources */ = {isa = PBXBuildFile; fileRef = 9C935F7F1BD61D5A009C065B /* ServerManager.swift */; };
		9C935F851BD64DAD009C065B /* Localizable.strings in Resources */ = {isa = PBXBuildFile; fileRef = 9C935F871BD64DAD009C065B /* Localizable.strings */; };
		9C935F8B1BD8A079009C065B /* HomePageViewController.swift in Sources */ = {isa = PBXBuildFile; fileRef = 9C935F8A1BD8A079009C065B /* HomePageViewController.swift */; };
		9C978B7A1BDA21E900FC689D /* InfoPlist.strings in Resources */ = {isa = PBXBuildFile; fileRef = 9C978B7C1BDA21E900FC689D /* InfoPlist.strings */; };
		9CB9F1011BD4A08100511E48 /* PlaceholderTextView.swift in Sources */ = {isa = PBXBuildFile; fileRef = 9CB9F1001BD4A08100511E48 /* PlaceholderTextView.swift */; };
		9CD8445B1C1E757900A824D2 /* TestSetting.swift in Sources */ = {isa = PBXBuildFile; fileRef = 9CD8445A1C1E757900A824D2 /* TestSetting.swift */; };
		9CD8445D1C1E866700A824D2 /* TestAddServer.swift in Sources */ = {isa = PBXBuildFile; fileRef = 9CD8445C1C1E866700A824D2 /* TestAddServer.swift */; };
		9CF2861A1BE1DE7D00DC4C26 /* AccountManager.m in Sources */ = {isa = PBXBuildFile; fileRef = 9CF286191BE1DE7D00DC4C26 /* AccountManager.m */; };
		AB18539C206A2CF100D9726C /* GoogleService-Info.plist in Resources */ = {isa = PBXBuildFile; fileRef = AB18539B206A2CF100D9726C /* GoogleService-Info.plist */; };
		AB542EAB215CD8FC00A9ED5A /* ToolTest.swift in Sources */ = {isa = PBXBuildFile; fileRef = AB542EAA215CD8FC00A9ED5A /* ToolTest.swift */; };
		B05A19D2AA577577D7DA932A /* Pods_eXoTests.framework in Frameworks */ = {isa = PBXBuildFile; fileRef = A052336FD41FD7E16D9AB51C /* Pods_eXoTests.framework */; };
		B56257E7202AD9AB00A6CE41 /* CookiesFromAuthorizationFetcher.swift in Sources */ = {isa = PBXBuildFile; fileRef = B56257E6202AD9AB00A6CE41 /* CookiesFromAuthorizationFetcher.swift */; };
		B56257E9202ADA0D00A6CE41 /* TestCookiesFromAuthorizationFetcher.swift in Sources */ = {isa = PBXBuildFile; fileRef = B56257E8202ADA0D00A6CE41 /* TestCookiesFromAuthorizationFetcher.swift */; };
		B5C7335A201F1B0700A2EA71 /* PushTokenSynchronizer.swift in Sources */ = {isa = PBXBuildFile; fileRef = B5C73359201F1B0700A2EA71 /* PushTokenSynchronizer.swift */; };
		B5C7335C201F1D0800A2EA71 /* PushTokenRestClient.swift in Sources */ = {isa = PBXBuildFile; fileRef = B5C7335B201F1D0800A2EA71 /* PushTokenRestClient.swift */; };
		B5C7335F201F266800A2EA71 /* StringExtension.swift in Sources */ = {isa = PBXBuildFile; fileRef = B5C7335E201F266800A2EA71 /* StringExtension.swift */; };
		B5C73362201F32B700A2EA71 /* CookiesInterceptor.swift in Sources */ = {isa = PBXBuildFile; fileRef = B5C73361201F32B700A2EA71 /* CookiesInterceptor.swift */; };
		D72BA49726306BA4000E3711 /* APIManager.swift in Sources */ = {isa = PBXBuildFile; fileRef = D72BA49626306BA4000E3711 /* APIManager.swift */; };
		D72BA49E26306BB9000E3711 /* APIServices.swift in Sources */ = {isa = PBXBuildFile; fileRef = D72BA49D26306BB9000E3711 /* APIServices.swift */; };
		D72BA4A526306CB3000E3711 /* Constants.swift in Sources */ = {isa = PBXBuildFile; fileRef = D72BA4A426306CB3000E3711 /* Constants.swift */; };
		D72BA4AC26306DA3000E3711 /* String-Extensions.swift in Sources */ = {isa = PBXBuildFile; fileRef = D72BA4AB26306DA3000E3711 /* String-Extensions.swift */; };
		D72BA4B326306DD8000E3711 /* UIViewController-Extensions.swift in Sources */ = {isa = PBXBuildFile; fileRef = D72BA4B226306DD8000E3711 /* UIViewController-Extensions.swift */; };
		D72BA4C226306F15000E3711 /* ServerSelectionViewController.swift in Sources */ = {isa = PBXBuildFile; fileRef = D72BA4C026306F15000E3711 /* ServerSelectionViewController.swift */; };
		D72BA4C326306F15000E3711 /* ServerSelectionViewController.xib in Resources */ = {isa = PBXBuildFile; fileRef = D72BA4C126306F15000E3711 /* ServerSelectionViewController.xib */; };
		D75B324A263175EB00C31BA7 /* Protocols.swift in Sources */ = {isa = PBXBuildFile; fileRef = D75B3249263175EA00C31BA7 /* Protocols.swift */; };
		D75B325C263176A200C31BA7 /* Connectivity.swift in Sources */ = {isa = PBXBuildFile; fileRef = D75B325B263176A200C31BA7 /* Connectivity.swift */; };
		D75B3263263176D000C31BA7 /* DataHelper.swift in Sources */ = {isa = PBXBuildFile; fileRef = D75B3262263176D000C31BA7 /* DataHelper.swift */; };
		D75B327F2631AFDA00C31BA7 /* RootHandler.swift in Sources */ = {isa = PBXBuildFile; fileRef = D75B327E2631AFDA00C31BA7 /* RootHandler.swift */; };
		F270FB83B60AC70D8B45093A /* Pods_share_extension.framework in Frameworks */ = {isa = PBXBuildFile; fileRef = 19F604E8A56F9C9304EA5286 /* Pods_share_extension.framework */; };
/* End PBXBuildFile section */

/* Begin PBXContainerItemProxy section */
		57DFE9D71C59D05C00A91DA5 /* PBXContainerItemProxy */ = {
			isa = PBXContainerItemProxy;
			containerPortal = 9C3AD23E1BCF56900094CFF9 /* Project object */;
			proxyType = 1;
			remoteGlobalIDString = 9C3AD2451BCF56900094CFF9;
			remoteInfo = eXo;
		};
		9C3AD25B1BCF56900094CFF9 /* PBXContainerItemProxy */ = {
			isa = PBXContainerItemProxy;
			containerPortal = 9C3AD23E1BCF56900094CFF9 /* Project object */;
			proxyType = 1;
			remoteGlobalIDString = 9C3AD2451BCF56900094CFF9;
			remoteInfo = eXo;
		};
		9C3AD2661BCF56900094CFF9 /* PBXContainerItemProxy */ = {
			isa = PBXContainerItemProxy;
			containerPortal = 9C3AD23E1BCF56900094CFF9 /* Project object */;
			proxyType = 1;
			remoteGlobalIDString = 9C3AD2451BCF56900094CFF9;
			remoteInfo = eXo;
		};
		9C3D7CF91BDF64E0002873CB /* PBXContainerItemProxy */ = {
			isa = PBXContainerItemProxy;
			containerPortal = 9C3AD23E1BCF56900094CFF9 /* Project object */;
			proxyType = 1;
			remoteGlobalIDString = 9C3D7CEF1BDF64E0002873CB;
			remoteInfo = "share-extension";
		};
/* End PBXContainerItemProxy section */

/* Begin PBXCopyFilesBuildPhase section */
		9C3D7CFF1BDF64E0002873CB /* Embed App Extensions */ = {
			isa = PBXCopyFilesBuildPhase;
			buildActionMask = 2147483647;
			dstPath = "";
			dstSubfolderSpec = 13;
			files = (
				9C3D7CFB1BDF64E0002873CB /* share-extension.appex in Embed App Extensions */,
			);
			name = "Embed App Extensions";
			runOnlyForDeploymentPostprocessing = 0;
		};
/* End PBXCopyFilesBuildPhase section */

/* Begin PBXFileReference section */
		19F604E8A56F9C9304EA5286 /* Pods_share_extension.framework */ = {isa = PBXFileReference; explicitFileType = wrapper.framework; includeInIndex = 0; path = Pods_share_extension.framework; sourceTree = BUILT_PRODUCTS_DIR; };
		3023D4F21F90095641641944 /* Pods_eXo.framework */ = {isa = PBXFileReference; explicitFileType = wrapper.framework; includeInIndex = 0; path = Pods_eXo.framework; sourceTree = BUILT_PRODUCTS_DIR; };
		30ECFD8588CD3D602EC5DF8A /* Pods-share-extension.release.xcconfig */ = {isa = PBXFileReference; includeInIndex = 1; lastKnownFileType = text.xcconfig; name = "Pods-share-extension.release.xcconfig"; path = "Pods/Target Support Files/Pods-share-extension/Pods-share-extension.release.xcconfig"; sourceTree = "<group>"; };
		3171CD17374DBB5A67AEFFC4 /* Pods_eXoUITests.framework */ = {isa = PBXFileReference; explicitFileType = wrapper.framework; includeInIndex = 0; path = Pods_eXoUITests.framework; sourceTree = BUILT_PRODUCTS_DIR; };
		3973A2E8FF636CE221FF3D6D /* Pods-eXoTests.debug.xcconfig */ = {isa = PBXFileReference; includeInIndex = 1; lastKnownFileType = text.xcconfig; name = "Pods-eXoTests.debug.xcconfig"; path = "Pods/Target Support Files/Pods-eXoTests/Pods-eXoTests.debug.xcconfig"; sourceTree = "<group>"; };
		5711ABE91BEC9DA200D60E4B /* fastlane */ = {isa = PBXFileReference; lastKnownFileType = folder; path = fastlane; sourceTree = "<group>"; };
		573F07011C55E04700AD296E /* en */ = {isa = PBXFileReference; lastKnownFileType = text.plist.strings; name = en; path = en.lproj/Main.strings; sourceTree = "<group>"; };
		573F07031C55E04A00AD296E /* fr */ = {isa = PBXFileReference; lastKnownFileType = text.plist.strings; name = fr; path = fr.lproj/Main.strings; sourceTree = "<group>"; };
		57D568321BEB15C000C13C7E /* TestServer.swift */ = {isa = PBXFileReference; fileEncoding = 4; lastKnownFileType = sourcecode.swift; path = TestServer.swift; sourceTree = "<group>"; };
		57D568341BEB41B700C13C7E /* TestServerManager.swift */ = {isa = PBXFileReference; fileEncoding = 4; lastKnownFileType = sourcecode.swift; path = TestServerManager.swift; sourceTree = "<group>"; };
		57D568361BEB48BC00C13C7E /* FakeUserDefaults.swift */ = {isa = PBXFileReference; fileEncoding = 4; lastKnownFileType = sourcecode.swift; path = FakeUserDefaults.swift; sourceTree = "<group>"; };
		57DFE9D21C59D05C00A91DA5 /* eXoSnapshots.xctest */ = {isa = PBXFileReference; explicitFileType = wrapper.cfbundle; includeInIndex = 0; path = eXoSnapshots.xctest; sourceTree = BUILT_PRODUCTS_DIR; };
		57DFE9E21C5B81D800A91DA5 /* eXoSnapshots.swift */ = {isa = PBXFileReference; fileEncoding = 4; lastKnownFileType = sourcecode.swift; path = eXoSnapshots.swift; sourceTree = "<group>"; };
		57DFE9E31C5B81D800A91DA5 /* Info.plist */ = {isa = PBXFileReference; fileEncoding = 4; lastKnownFileType = text.plist.xml; path = Info.plist; sourceTree = "<group>"; };
		57DFE9E41C5B81D800A91DA5 /* SnapshotHelper.swift */ = {isa = PBXFileReference; fileEncoding = 4; lastKnownFileType = sourcecode.swift; path = SnapshotHelper.swift; sourceTree = "<group>"; };
		842AC85A09814CD6FC2E9EB6 /* Pods-eXoUITests.release.xcconfig */ = {isa = PBXFileReference; includeInIndex = 1; lastKnownFileType = text.xcconfig; name = "Pods-eXoUITests.release.xcconfig"; path = "Pods/Target Support Files/Pods-eXoUITests/Pods-eXoUITests.release.xcconfig"; sourceTree = "<group>"; };
		8C7A69E3C4C9412C81673451 /* Pods-share-extension.debug.xcconfig */ = {isa = PBXFileReference; includeInIndex = 1; lastKnownFileType = text.xcconfig; name = "Pods-share-extension.debug.xcconfig"; path = "Pods/Target Support Files/Pods-share-extension/Pods-share-extension.debug.xcconfig"; sourceTree = "<group>"; };
		9C032DCC1BE3566B006F0577 /* AccountCell.swift */ = {isa = PBXFileReference; fileEncoding = 4; lastKnownFileType = sourcecode.swift; path = AccountCell.swift; sourceTree = "<group>"; };
		9C032E241BE75669006F0577 /* en */ = {isa = PBXFileReference; lastKnownFileType = text.plist.strings; name = en; path = en.lproj/Localizable.strings; sourceTree = "<group>"; };
		9C032E251BE7566B006F0577 /* fr */ = {isa = PBXFileReference; lastKnownFileType = text.plist.strings; name = fr; path = fr.lproj/Localizable.strings; sourceTree = "<group>"; };
		9C032E2C1BE76DC2006F0577 /* Base */ = {isa = PBXFileReference; lastKnownFileType = file.storyboard; name = Base; path = Base.lproj/MainInterface.storyboard; sourceTree = "<group>"; };
		9C032E2F1BE76DD9006F0577 /* fr */ = {isa = PBXFileReference; lastKnownFileType = text.plist.strings; name = fr; path = fr.lproj/MainInterface.strings; sourceTree = "<group>"; };
		9C032E301BE897CE006F0577 /* LoginViewController.swift */ = {isa = PBXFileReference; fileEncoding = 4; lastKnownFileType = sourcecode.swift; path = LoginViewController.swift; sourceTree = "<group>"; };
		9C032E371BEA1495006F0577 /* eXoWebBaseViewController.swift */ = {isa = PBXFileReference; fileEncoding = 4; lastKnownFileType = sourcecode.swift; path = eXoWebBaseViewController.swift; sourceTree = "<group>"; };
		9C032E391BEA17DE006F0577 /* PreviewController.swift */ = {isa = PBXFileReference; fileEncoding = 4; lastKnownFileType = sourcecode.swift; path = PreviewController.swift; sourceTree = "<group>"; };
		9C032E461BF3064C006F0577 /* SettingViewController.swift */ = {isa = PBXFileReference; fileEncoding = 4; lastKnownFileType = sourcecode.swift; path = SettingViewController.swift; sourceTree = "<group>"; };
		9C032E4F1BF34BF1006F0577 /* ServerEditViewController.swift */ = {isa = PBXFileReference; fileEncoding = 4; lastKnownFileType = sourcecode.swift; path = ServerEditViewController.swift; sourceTree = "<group>"; };
		9C13B4D31BE20ED9007D7645 /* Security.framework */ = {isa = PBXFileReference; lastKnownFileType = wrapper.framework; name = Security.framework; path = System/Library/Frameworks/Security.framework; sourceTree = SDKROOT; };
		9C18EBBD1C3124DC00A75DD8 /* TableHeaderView.swift */ = {isa = PBXFileReference; fileEncoding = 4; lastKnownFileType = sourcecode.swift; path = TableHeaderView.swift; sourceTree = "<group>"; };
		9C18EBBF1C3124ED00A75DD8 /* TableHeaderView.xib */ = {isa = PBXFileReference; fileEncoding = 4; lastKnownFileType = file.xib; path = TableHeaderView.xib; sourceTree = "<group>"; };
		9C18EC131C34DC8B00A75DD8 /* TestServerSelectScreen.swift */ = {isa = PBXFileReference; fileEncoding = 4; lastKnownFileType = sourcecode.swift; path = TestServerSelectScreen.swift; sourceTree = "<group>"; };
		9C3AD2461BCF56900094CFF9 /* eXo.app */ = {isa = PBXFileReference; explicitFileType = wrapper.application; includeInIndex = 0; path = eXo.app; sourceTree = BUILT_PRODUCTS_DIR; };
		9C3AD2491BCF56900094CFF9 /* eXoAppDelegate.swift */ = {isa = PBXFileReference; lastKnownFileType = sourcecode.swift; path = eXoAppDelegate.swift; sourceTree = "<group>"; };
		9C3AD24E1BCF56900094CFF9 /* Base */ = {isa = PBXFileReference; lastKnownFileType = file.storyboard; name = Base; path = Base.lproj/Main.storyboard; sourceTree = "<group>"; };
		9C3AD2501BCF56900094CFF9 /* Assets.xcassets */ = {isa = PBXFileReference; lastKnownFileType = folder.assetcatalog; path = Assets.xcassets; sourceTree = "<group>"; };
		9C3AD2531BCF56900094CFF9 /* Base */ = {isa = PBXFileReference; lastKnownFileType = file.storyboard; name = Base; path = Base.lproj/LaunchScreen.storyboard; sourceTree = "<group>"; };
		9C3AD2551BCF56900094CFF9 /* Info.plist */ = {isa = PBXFileReference; lastKnownFileType = text.plist.xml; path = Info.plist; sourceTree = "<group>"; };
		9C3AD25A1BCF56900094CFF9 /* eXoTests.xctest */ = {isa = PBXFileReference; explicitFileType = wrapper.cfbundle; includeInIndex = 0; path = eXoTests.xctest; sourceTree = BUILT_PRODUCTS_DIR; };
		9C3AD25E1BCF56900094CFF9 /* eXoBaseTestCase.swift */ = {isa = PBXFileReference; lastKnownFileType = sourcecode.swift; path = eXoBaseTestCase.swift; sourceTree = "<group>"; };
		9C3AD2601BCF56900094CFF9 /* Info.plist */ = {isa = PBXFileReference; lastKnownFileType = text.plist.xml; path = Info.plist; sourceTree = "<group>"; };
		9C3AD2651BCF56900094CFF9 /* eXoUITests.xctest */ = {isa = PBXFileReference; explicitFileType = wrapper.cfbundle; includeInIndex = 0; path = eXoUITests.xctest; sourceTree = BUILT_PRODUCTS_DIR; };
		9C3AD2691BCF56900094CFF9 /* eXoUIBaseTestCase.swift */ = {isa = PBXFileReference; lastKnownFileType = sourcecode.swift; path = eXoUIBaseTestCase.swift; sourceTree = "<group>"; };
		9C3AD26B1BCF56900094CFF9 /* Info.plist */ = {isa = PBXFileReference; lastKnownFileType = text.plist.xml; path = Info.plist; sourceTree = "<group>"; };
		9C3AD2811BCF5E110094CFF9 /* WelcomeViewController.swift */ = {isa = PBXFileReference; fileEncoding = 4; lastKnownFileType = sourcecode.swift; path = WelcomeViewController.swift; sourceTree = "<group>"; };
		9C3AD2831BCF9D2D0094CFF9 /* ServerSelectionViewController1.swift */ = {isa = PBXFileReference; fileEncoding = 4; lastKnownFileType = sourcecode.swift; path = ServerSelectionViewController1.swift; sourceTree = "<group>"; };
		9C3AD2851BCF9E570094CFF9 /* defines.swift */ = {isa = PBXFileReference; fileEncoding = 4; lastKnownFileType = sourcecode.swift; path = defines.swift; sourceTree = "<group>"; };
		9C3AD2871BCFA3400094CFF9 /* Server.swift */ = {isa = PBXFileReference; fileEncoding = 4; lastKnownFileType = sourcecode.swift; path = Server.swift; sourceTree = "<group>"; };
		9C3AD28B1BD0B6640094CFF9 /* InputServerViewController.swift */ = {isa = PBXFileReference; fileEncoding = 4; lastKnownFileType = sourcecode.swift; path = InputServerViewController.swift; sourceTree = "<group>"; };
		9C3D7CF01BDF64E0002873CB /* share-extension.appex */ = {isa = PBXFileReference; explicitFileType = "wrapper.app-extension"; includeInIndex = 0; path = "share-extension.appex"; sourceTree = BUILT_PRODUCTS_DIR; };
		9C3D7CF21BDF64E0002873CB /* ShareViewController.h */ = {isa = PBXFileReference; lastKnownFileType = sourcecode.c.h; path = ShareViewController.h; sourceTree = "<group>"; };
		9C3D7CF31BDF64E0002873CB /* ShareViewController.m */ = {isa = PBXFileReference; lastKnownFileType = sourcecode.c.objc; path = ShareViewController.m; sourceTree = "<group>"; };
		9C3D7CF81BDF64E0002873CB /* Info.plist */ = {isa = PBXFileReference; lastKnownFileType = text.plist.xml; path = Info.plist; sourceTree = "<group>"; };
		9C3D7D001BDF671A002873CB /* share-extension.entitlements */ = {isa = PBXFileReference; lastKnownFileType = text.xml; path = "share-extension.entitlements"; sourceTree = "<group>"; };
		9C3D7D011BDF68E0002873CB /* Account.h */ = {isa = PBXFileReference; fileEncoding = 4; lastKnownFileType = sourcecode.c.h; path = Account.h; sourceTree = "<group>"; };
		9C3D7D021BDF68E0002873CB /* Account.m */ = {isa = PBXFileReference; fileEncoding = 4; lastKnownFileType = sourcecode.c.objc; path = Account.m; sourceTree = "<group>"; };
		9C3D7D031BDF68E0002873CB /* AccountViewController.h */ = {isa = PBXFileReference; fileEncoding = 4; lastKnownFileType = sourcecode.c.h; path = AccountViewController.h; sourceTree = "<group>"; };
		9C3D7D041BDF68E0002873CB /* AccountViewController.m */ = {isa = PBXFileReference; fileEncoding = 4; lastKnownFileType = sourcecode.c.objc; path = AccountViewController.m; sourceTree = "<group>"; };
		9C3D7D051BDF68E0002873CB /* extension-defines.h */ = {isa = PBXFileReference; fileEncoding = 4; lastKnownFileType = sourcecode.c.h; path = "extension-defines.h"; sourceTree = "<group>"; };
		9C3D7D081BDF68E0002873CB /* PostActivity.h */ = {isa = PBXFileReference; fileEncoding = 4; lastKnownFileType = sourcecode.c.h; path = PostActivity.h; sourceTree = "<group>"; };
		9C3D7D091BDF68E0002873CB /* PostActivity.m */ = {isa = PBXFileReference; fileEncoding = 4; lastKnownFileType = sourcecode.c.objc; path = PostActivity.m; sourceTree = "<group>"; };
		9C3D7D0A1BDF68E0002873CB /* PostItem.h */ = {isa = PBXFileReference; fileEncoding = 4; lastKnownFileType = sourcecode.c.h; path = PostItem.h; sourceTree = "<group>"; };
		9C3D7D0B1BDF68E0002873CB /* PostItem.m */ = {isa = PBXFileReference; fileEncoding = 4; lastKnownFileType = sourcecode.c.objc; path = PostItem.m; sourceTree = "<group>"; };
		9C3D7D0C1BDF68E0002873CB /* SocialSpace.h */ = {isa = PBXFileReference; fileEncoding = 4; lastKnownFileType = sourcecode.c.h; path = SocialSpace.h; sourceTree = "<group>"; };
		9C3D7D0D1BDF68E0002873CB /* SocialSpace.m */ = {isa = PBXFileReference; fileEncoding = 4; lastKnownFileType = sourcecode.c.objc; path = SocialSpace.m; sourceTree = "<group>"; };
		9C3D7D0E1BDF68E0002873CB /* SpaceViewController.h */ = {isa = PBXFileReference; fileEncoding = 4; lastKnownFileType = sourcecode.c.h; path = SpaceViewController.h; sourceTree = "<group>"; };
		9C3D7D0F1BDF68E0002873CB /* SpaceViewController.m */ = {isa = PBXFileReference; fileEncoding = 4; lastKnownFileType = sourcecode.c.objc; path = SpaceViewController.m; sourceTree = "<group>"; };
		9C3D7D101BDF68E0002873CB /* UploadViewController.h */ = {isa = PBXFileReference; fileEncoding = 4; lastKnownFileType = sourcecode.c.h; path = UploadViewController.h; sourceTree = "<group>"; };
		9C3D7D111BDF68E0002873CB /* UploadViewController.m */ = {isa = PBXFileReference; fileEncoding = 4; lastKnownFileType = sourcecode.c.objc; path = UploadViewController.m; sourceTree = "<group>"; };
		9C3D7D1D1BDF6BA3002873CB /* eXo.entitlements */ = {isa = PBXFileReference; fileEncoding = 4; lastKnownFileType = text.plist.entitlements; path = eXo.entitlements; sourceTree = "<group>"; };
		9C3D7D2B1BE0BE97002873CB /* share-extension-Bridging-Header.h */ = {isa = PBXFileReference; lastKnownFileType = sourcecode.c.h; path = "share-extension-Bridging-Header.h"; sourceTree = "<group>"; };
		9C3D7D2C1BE0BE97002873CB /* InputAccountViewController.swift */ = {isa = PBXFileReference; fileEncoding = 4; lastKnownFileType = sourcecode.swift; path = InputAccountViewController.swift; sourceTree = "<group>"; };
		9C935F7D1BD60286009C065B /* Tool.swift */ = {isa = PBXFileReference; fileEncoding = 4; lastKnownFileType = sourcecode.swift; path = Tool.swift; sourceTree = "<group>"; };
		9C935F7F1BD61D5A009C065B /* ServerManager.swift */ = {isa = PBXFileReference; fileEncoding = 4; lastKnownFileType = sourcecode.swift; path = ServerManager.swift; sourceTree = "<group>"; };
		9C935F821BD64B87009C065B /* fr */ = {isa = PBXFileReference; lastKnownFileType = text.plist.strings; name = fr; path = fr.lproj/LaunchScreen.strings; sourceTree = "<group>"; };
		9C935F861BD64DAD009C065B /* en */ = {isa = PBXFileReference; lastKnownFileType = text.plist.strings; name = en; path = en.lproj/Localizable.strings; sourceTree = "<group>"; };
		9C935F881BD64DB0009C065B /* fr */ = {isa = PBXFileReference; lastKnownFileType = text.plist.strings; name = fr; path = fr.lproj/Localizable.strings; sourceTree = "<group>"; };
		9C935F8A1BD8A079009C065B /* HomePageViewController.swift */ = {isa = PBXFileReference; fileEncoding = 4; lastKnownFileType = sourcecode.swift; path = HomePageViewController.swift; sourceTree = "<group>"; };
		9C978B7B1BDA21E900FC689D /* en */ = {isa = PBXFileReference; lastKnownFileType = text.plist.strings; name = en; path = en.lproj/InfoPlist.strings; sourceTree = "<group>"; };
		9C978B7D1BDA21EC00FC689D /* fr */ = {isa = PBXFileReference; lastKnownFileType = text.plist.strings; name = fr; path = fr.lproj/InfoPlist.strings; sourceTree = "<group>"; };
		9CB9F1001BD4A08100511E48 /* PlaceholderTextView.swift */ = {isa = PBXFileReference; fileEncoding = 4; lastKnownFileType = sourcecode.swift; path = PlaceholderTextView.swift; sourceTree = "<group>"; };
		9CD8445A1C1E757900A824D2 /* TestSetting.swift */ = {isa = PBXFileReference; fileEncoding = 4; lastKnownFileType = sourcecode.swift; path = TestSetting.swift; sourceTree = "<group>"; };
		9CD8445C1C1E866700A824D2 /* TestAddServer.swift */ = {isa = PBXFileReference; fileEncoding = 4; lastKnownFileType = sourcecode.swift; path = TestAddServer.swift; sourceTree = "<group>"; };
		9CF286181BE1DE7D00DC4C26 /* AccountManager.h */ = {isa = PBXFileReference; fileEncoding = 4; lastKnownFileType = sourcecode.c.h; path = AccountManager.h; sourceTree = "<group>"; };
		9CF286191BE1DE7D00DC4C26 /* AccountManager.m */ = {isa = PBXFileReference; fileEncoding = 4; lastKnownFileType = sourcecode.c.objc; path = AccountManager.m; sourceTree = "<group>"; };
		A052336FD41FD7E16D9AB51C /* Pods_eXoTests.framework */ = {isa = PBXFileReference; explicitFileType = wrapper.framework; includeInIndex = 0; path = Pods_eXoTests.framework; sourceTree = BUILT_PRODUCTS_DIR; };
		AB18539B206A2CF100D9726C /* GoogleService-Info.plist */ = {isa = PBXFileReference; fileEncoding = 4; lastKnownFileType = text.plist.xml; name = "GoogleService-Info.plist"; path = "eXo/eXoApp/Others/GoogleService-Info.plist"; sourceTree = SOURCE_ROOT; };
		AB542EAA215CD8FC00A9ED5A /* ToolTest.swift */ = {isa = PBXFileReference; lastKnownFileType = sourcecode.swift; path = ToolTest.swift; sourceTree = "<group>"; };
		B058A906AB28AC95A0483B47 /* Pods-eXo.debug.xcconfig */ = {isa = PBXFileReference; includeInIndex = 1; lastKnownFileType = text.xcconfig; name = "Pods-eXo.debug.xcconfig"; path = "Pods/Target Support Files/Pods-eXo/Pods-eXo.debug.xcconfig"; sourceTree = "<group>"; };
		B56257E6202AD9AB00A6CE41 /* CookiesFromAuthorizationFetcher.swift */ = {isa = PBXFileReference; lastKnownFileType = sourcecode.swift; path = CookiesFromAuthorizationFetcher.swift; sourceTree = "<group>"; };
		B56257E8202ADA0D00A6CE41 /* TestCookiesFromAuthorizationFetcher.swift */ = {isa = PBXFileReference; lastKnownFileType = sourcecode.swift; path = TestCookiesFromAuthorizationFetcher.swift; sourceTree = "<group>"; };
		B5C73359201F1B0700A2EA71 /* PushTokenSynchronizer.swift */ = {isa = PBXFileReference; lastKnownFileType = sourcecode.swift; path = PushTokenSynchronizer.swift; sourceTree = "<group>"; };
		B5C7335B201F1D0800A2EA71 /* PushTokenRestClient.swift */ = {isa = PBXFileReference; lastKnownFileType = sourcecode.swift; path = PushTokenRestClient.swift; sourceTree = "<group>"; };
		B5C7335E201F266800A2EA71 /* StringExtension.swift */ = {isa = PBXFileReference; lastKnownFileType = sourcecode.swift; path = StringExtension.swift; sourceTree = "<group>"; };
		B5C73361201F32B700A2EA71 /* CookiesInterceptor.swift */ = {isa = PBXFileReference; lastKnownFileType = sourcecode.swift; path = CookiesInterceptor.swift; sourceTree = "<group>"; };
		D206C018F830186C99982959 /* Pods-eXo.release.xcconfig */ = {isa = PBXFileReference; includeInIndex = 1; lastKnownFileType = text.xcconfig; name = "Pods-eXo.release.xcconfig"; path = "Pods/Target Support Files/Pods-eXo/Pods-eXo.release.xcconfig"; sourceTree = "<group>"; };
		D39BBBFBA9CFC4A211C1FFC7 /* Pods-eXoUITests.debug.xcconfig */ = {isa = PBXFileReference; includeInIndex = 1; lastKnownFileType = text.xcconfig; name = "Pods-eXoUITests.debug.xcconfig"; path = "Pods/Target Support Files/Pods-eXoUITests/Pods-eXoUITests.debug.xcconfig"; sourceTree = "<group>"; };
		D72BA49626306BA4000E3711 /* APIManager.swift */ = {isa = PBXFileReference; lastKnownFileType = sourcecode.swift; path = APIManager.swift; sourceTree = "<group>"; };
		D72BA49D26306BB9000E3711 /* APIServices.swift */ = {isa = PBXFileReference; lastKnownFileType = sourcecode.swift; path = APIServices.swift; sourceTree = "<group>"; };
		D72BA4A426306CB3000E3711 /* Constants.swift */ = {isa = PBXFileReference; lastKnownFileType = sourcecode.swift; path = Constants.swift; sourceTree = "<group>"; };
		D72BA4AB26306DA3000E3711 /* String-Extensions.swift */ = {isa = PBXFileReference; lastKnownFileType = sourcecode.swift; path = "String-Extensions.swift"; sourceTree = "<group>"; };
		D72BA4B226306DD8000E3711 /* UIViewController-Extensions.swift */ = {isa = PBXFileReference; lastKnownFileType = sourcecode.swift; path = "UIViewController-Extensions.swift"; sourceTree = "<group>"; };
		D72BA4C026306F15000E3711 /* ServerSelectionViewController.swift */ = {isa = PBXFileReference; lastKnownFileType = sourcecode.swift; path = ServerSelectionViewController.swift; sourceTree = "<group>"; };
		D72BA4C126306F15000E3711 /* ServerSelectionViewController.xib */ = {isa = PBXFileReference; lastKnownFileType = file.xib; path = ServerSelectionViewController.xib; sourceTree = "<group>"; };
		D75B3249263175EA00C31BA7 /* Protocols.swift */ = {isa = PBXFileReference; lastKnownFileType = sourcecode.swift; path = Protocols.swift; sourceTree = "<group>"; };
		D75B325B263176A200C31BA7 /* Connectivity.swift */ = {isa = PBXFileReference; lastKnownFileType = sourcecode.swift; path = Connectivity.swift; sourceTree = "<group>"; };
		D75B3262263176D000C31BA7 /* DataHelper.swift */ = {isa = PBXFileReference; lastKnownFileType = sourcecode.swift; path = DataHelper.swift; sourceTree = "<group>"; };
		D75B327E2631AFDA00C31BA7 /* RootHandler.swift */ = {isa = PBXFileReference; lastKnownFileType = sourcecode.swift; path = RootHandler.swift; sourceTree = "<group>"; };
		F8133069F7CAB26385260E0B /* Pods-eXoTests.release.xcconfig */ = {isa = PBXFileReference; includeInIndex = 1; lastKnownFileType = text.xcconfig; name = "Pods-eXoTests.release.xcconfig"; path = "Pods/Target Support Files/Pods-eXoTests/Pods-eXoTests.release.xcconfig"; sourceTree = "<group>"; };
/* End PBXFileReference section */

/* Begin PBXFrameworksBuildPhase section */
		57DFE9CF1C59D05C00A91DA5 /* Frameworks */ = {
			isa = PBXFrameworksBuildPhase;
			buildActionMask = 2147483647;
			files = (
			);
			runOnlyForDeploymentPostprocessing = 0;
		};
		9C3AD2431BCF56900094CFF9 /* Frameworks */ = {
			isa = PBXFrameworksBuildPhase;
			buildActionMask = 2147483647;
			files = (
				77D5AF6810BDAFBFE9CA9515 /* Pods_eXo.framework in Frameworks */,
			);
			runOnlyForDeploymentPostprocessing = 0;
		};
		9C3AD2571BCF56900094CFF9 /* Frameworks */ = {
			isa = PBXFrameworksBuildPhase;
			buildActionMask = 2147483647;
			files = (
				B05A19D2AA577577D7DA932A /* Pods_eXoTests.framework in Frameworks */,
			);
			runOnlyForDeploymentPostprocessing = 0;
		};
		9C3AD2621BCF56900094CFF9 /* Frameworks */ = {
			isa = PBXFrameworksBuildPhase;
			buildActionMask = 2147483647;
			files = (
				390D6B41C2A2E5E84D1187A9 /* Pods_eXoUITests.framework in Frameworks */,
			);
			runOnlyForDeploymentPostprocessing = 0;
		};
		9C3D7CED1BDF64E0002873CB /* Frameworks */ = {
			isa = PBXFrameworksBuildPhase;
			buildActionMask = 2147483647;
			files = (
				9C13B4D41BE20ED9007D7645 /* Security.framework in Frameworks */,
				F270FB83B60AC70D8B45093A /* Pods_share_extension.framework in Frameworks */,
			);
			runOnlyForDeploymentPostprocessing = 0;
		};
/* End PBXFrameworksBuildPhase section */

/* Begin PBXGroup section */
		3012D4738A728E16A67FF5D6 /* Frameworks */ = {
			isa = PBXGroup;
			children = (
				9C13B4D31BE20ED9007D7645 /* Security.framework */,
				3023D4F21F90095641641944 /* Pods_eXo.framework */,
				A052336FD41FD7E16D9AB51C /* Pods_eXoTests.framework */,
				19F604E8A56F9C9304EA5286 /* Pods_share_extension.framework */,
				3171CD17374DBB5A67AEFFC4 /* Pods_eXoUITests.framework */,
			);
			name = Frameworks;
			sourceTree = "<group>";
		};
		4061D4FE536DD10E917C5C9C /* Pods */ = {
			isa = PBXGroup;
			children = (
				B058A906AB28AC95A0483B47 /* Pods-eXo.debug.xcconfig */,
				D206C018F830186C99982959 /* Pods-eXo.release.xcconfig */,
				3973A2E8FF636CE221FF3D6D /* Pods-eXoTests.debug.xcconfig */,
				F8133069F7CAB26385260E0B /* Pods-eXoTests.release.xcconfig */,
				8C7A69E3C4C9412C81673451 /* Pods-share-extension.debug.xcconfig */,
				30ECFD8588CD3D602EC5DF8A /* Pods-share-extension.release.xcconfig */,
				D39BBBFBA9CFC4A211C1FFC7 /* Pods-eXoUITests.debug.xcconfig */,
				842AC85A09814CD6FC2E9EB6 /* Pods-eXoUITests.release.xcconfig */,
			);
			name = Pods;
			sourceTree = "<group>";
		};
		57DFE9D31C59D05C00A91DA5 /* eXoSnapshots */ = {
			isa = PBXGroup;
			children = (
				57DFE9E21C5B81D800A91DA5 /* eXoSnapshots.swift */,
				57DFE9E31C5B81D800A91DA5 /* Info.plist */,
				57DFE9E41C5B81D800A91DA5 /* SnapshotHelper.swift */,
			);
			path = eXoSnapshots;
			sourceTree = "<group>";
		};
		9C032DCE1BE37E06006F0577 /* Account */ = {
			isa = PBXGroup;
			children = (
				9C3D7D011BDF68E0002873CB /* Account.h */,
				9C3D7D021BDF68E0002873CB /* Account.m */,
				9CF286181BE1DE7D00DC4C26 /* AccountManager.h */,
				9CF286191BE1DE7D00DC4C26 /* AccountManager.m */,
			);
			name = Account;
			sourceTree = "<group>";
		};
		9C032DCF1BE37E12006F0577 /* Activity */ = {
			isa = PBXGroup;
			children = (
				9C3D7D081BDF68E0002873CB /* PostActivity.h */,
				9C3D7D091BDF68E0002873CB /* PostActivity.m */,
				9C3D7D0A1BDF68E0002873CB /* PostItem.h */,
				9C3D7D0B1BDF68E0002873CB /* PostItem.m */,
			);
			name = Activity;
			sourceTree = "<group>";
		};
		9C032DD01BE37E4A006F0577 /* Support-Files */ = {
			isa = PBXGroup;
			children = (
				9C3D7D001BDF671A002873CB /* share-extension.entitlements */,
				9C032E231BE75667006F0577 /* Localizable.strings */,
				9C3D7CF81BDF64E0002873CB /* Info.plist */,
			);
			name = "Support-Files";
			sourceTree = "<group>";
		};
		9C032E451BF30623006F0577 /* Setting */ = {
			isa = PBXGroup;
			children = (
				9C032E461BF3064C006F0577 /* SettingViewController.swift */,
				9C032E4F1BF34BF1006F0577 /* ServerEditViewController.swift */,
			);
			path = Setting;
			sourceTree = "<group>";
		};
		9C3AD23D1BCF56900094CFF9 = {
			isa = PBXGroup;
			children = (
				5711ABE91BEC9DA200D60E4B /* fastlane */,
				9C3AD2481BCF56900094CFF9 /* eXo */,
				9C3AD25D1BCF56900094CFF9 /* eXoTests */,
				9C3AD2681BCF56900094CFF9 /* eXoUITests */,
				9C3D7CF11BDF64E0002873CB /* share-extension */,
				57DFE9D31C59D05C00A91DA5 /* eXoSnapshots */,
				9C3AD2471BCF56900094CFF9 /* Products */,
				3012D4738A728E16A67FF5D6 /* Frameworks */,
				4061D4FE536DD10E917C5C9C /* Pods */,
			);
			sourceTree = "<group>";
		};
		9C3AD2471BCF56900094CFF9 /* Products */ = {
			isa = PBXGroup;
			children = (
				9C3AD2461BCF56900094CFF9 /* eXo.app */,
				9C3AD25A1BCF56900094CFF9 /* eXoTests.xctest */,
				9C3AD2651BCF56900094CFF9 /* eXoUITests.xctest */,
				9C3D7CF01BDF64E0002873CB /* share-extension.appex */,
				57DFE9D21C59D05C00A91DA5 /* eXoSnapshots.xctest */,
			);
			name = Products;
			sourceTree = "<group>";
		};
		9C3AD2481BCF56900094CFF9 /* eXo */ = {
			isa = PBXGroup;
			children = (
				D72BA480263065B0000E3711 /* eXo App */,
				9C3AD2781BCF5D6E0094CFF9 /* Sources */,
				9C3AD24D1BCF56900094CFF9 /* Main.storyboard */,
				9C3AD2521BCF56900094CFF9 /* LaunchScreen.storyboard */,
				9C978B7C1BDA21E900FC689D /* InfoPlist.strings */,
			);
			path = eXo;
			sourceTree = "<group>";
		};
		9C3AD25D1BCF56900094CFF9 /* eXoTests */ = {
			isa = PBXGroup;
			children = (
				9C3AD25E1BCF56900094CFF9 /* eXoBaseTestCase.swift */,
				9C3AD2601BCF56900094CFF9 /* Info.plist */,
				57D568321BEB15C000C13C7E /* TestServer.swift */,
				57D568341BEB41B700C13C7E /* TestServerManager.swift */,
				57D568361BEB48BC00C13C7E /* FakeUserDefaults.swift */,
				B56257E8202ADA0D00A6CE41 /* TestCookiesFromAuthorizationFetcher.swift */,
				AB542EAA215CD8FC00A9ED5A /* ToolTest.swift */,
			);
			path = eXoTests;
			sourceTree = "<group>";
		};
		9C3AD2681BCF56900094CFF9 /* eXoUITests */ = {
			isa = PBXGroup;
			children = (
				9C3AD2691BCF56900094CFF9 /* eXoUIBaseTestCase.swift */,
				9C3AD26B1BCF56900094CFF9 /* Info.plist */,
				9CD8445A1C1E757900A824D2 /* TestSetting.swift */,
				9CD8445C1C1E866700A824D2 /* TestAddServer.swift */,
				9C18EC131C34DC8B00A75DD8 /* TestServerSelectScreen.swift */,
			);
			path = eXoUITests;
			sourceTree = "<group>";
		};
		9C3AD2781BCF5D6E0094CFF9 /* Sources */ = {
			isa = PBXGroup;
			children = (
				9C3AD2851BCF9E570094CFF9 /* defines.swift */,
				9C3AD2791BCF5D6E0094CFF9 /* Controllers */,
				9C3AD27A1BCF5D6E0094CFF9 /* Models */,
				9C3AD27B1BCF5D6E0094CFF9 /* Views */,
				B5C7335D201F264F00A2EA71 /* Utils */,
				9C935F7D1BD60286009C065B /* Tool.swift */,
			);
			path = Sources;
			sourceTree = "<group>";
		};
		9C3AD2791BCF5D6E0094CFF9 /* Controllers */ = {
			isa = PBXGroup;
			children = (
				9C3AD27C1BCF5D960094CFF9 /* On-Boarding */,
				9C935F891BD8A01C009C065B /* HomePage */,
				9C032E451BF30623006F0577 /* Setting */,
			);
			path = Controllers;
			sourceTree = "<group>";
		};
		9C3AD27A1BCF5D6E0094CFF9 /* Models */ = {
			isa = PBXGroup;
			children = (
				B5C73360201F2EB700A2EA71 /* Cookies */,
				9C3AD2871BCFA3400094CFF9 /* Server.swift */,
				9C935F7F1BD61D5A009C065B /* ServerManager.swift */,
				B5C73359201F1B0700A2EA71 /* PushTokenSynchronizer.swift */,
				B5C7335B201F1D0800A2EA71 /* PushTokenRestClient.swift */,
			);
			path = Models;
			sourceTree = "<group>";
		};
		9C3AD27B1BCF5D6E0094CFF9 /* Views */ = {
			isa = PBXGroup;
			children = (
				9CB9F1001BD4A08100511E48 /* PlaceholderTextView.swift */,
				9C18EBBD1C3124DC00A75DD8 /* TableHeaderView.swift */,
				9C18EBBF1C3124ED00A75DD8 /* TableHeaderView.xib */,
			);
			path = Views;
			sourceTree = "<group>";
		};
		9C3AD27C1BCF5D960094CFF9 /* On-Boarding */ = {
			isa = PBXGroup;
			children = (
				9C3AD2811BCF5E110094CFF9 /* WelcomeViewController.swift */,
				9C3AD2831BCF9D2D0094CFF9 /* ServerSelectionViewController1.swift */,
				9C032E301BE897CE006F0577 /* LoginViewController.swift */,
				9C3AD28B1BD0B6640094CFF9 /* InputServerViewController.swift */,
			);
			path = "On-Boarding";
			sourceTree = "<group>";
		};
		9C3D7CF11BDF64E0002873CB /* share-extension */ = {
			isa = PBXGroup;
			children = (
				9C3D7CF51BDF64E0002873CB /* MainInterface.storyboard */,
				9C3D7D051BDF68E0002873CB /* extension-defines.h */,
				9C3D7D1C1BDF6911002873CB /* Controllers */,
				9C3D7D1B1BDF6908002873CB /* Models */,
				9C032DD01BE37E4A006F0577 /* Support-Files */,
			);
			path = "share-extension";
			sourceTree = "<group>";
		};
		9C3D7D1B1BDF6908002873CB /* Models */ = {
			isa = PBXGroup;
			children = (
				9C032DCF1BE37E12006F0577 /* Activity */,
				9C032DCE1BE37E06006F0577 /* Account */,
				9C3D7D0C1BDF68E0002873CB /* SocialSpace.h */,
				9C3D7D0D1BDF68E0002873CB /* SocialSpace.m */,
			);
			name = Models;
			sourceTree = "<group>";
		};
		9C3D7D1C1BDF6911002873CB /* Controllers */ = {
			isa = PBXGroup;
			children = (
				9C3D7CF21BDF64E0002873CB /* ShareViewController.h */,
				9C3D7CF31BDF64E0002873CB /* ShareViewController.m */,
				9C3D7D281BE0B9D5002873CB /* Account */,
				9C3D7D2A1BE0BA04002873CB /* Connection */,
				9C3D7D291BE0B9ED002873CB /* Space */,
			);
			name = Controllers;
			sourceTree = "<group>";
		};
		9C3D7D281BE0B9D5002873CB /* Account */ = {
			isa = PBXGroup;
			children = (
				9C3D7D031BDF68E0002873CB /* AccountViewController.h */,
				9C3D7D041BDF68E0002873CB /* AccountViewController.m */,
				9C032DCC1BE3566B006F0577 /* AccountCell.swift */,
				9C3D7D2C1BE0BE97002873CB /* InputAccountViewController.swift */,
				9C3D7D2B1BE0BE97002873CB /* share-extension-Bridging-Header.h */,
			);
			name = Account;
			sourceTree = "<group>";
		};
		9C3D7D291BE0B9ED002873CB /* Space */ = {
			isa = PBXGroup;
			children = (
				9C3D7D0E1BDF68E0002873CB /* SpaceViewController.h */,
				9C3D7D0F1BDF68E0002873CB /* SpaceViewController.m */,
			);
			name = Space;
			sourceTree = "<group>";
		};
		9C3D7D2A1BE0BA04002873CB /* Connection */ = {
			isa = PBXGroup;
			children = (
				9C3D7D101BDF68E0002873CB /* UploadViewController.h */,
				9C3D7D111BDF68E0002873CB /* UploadViewController.m */,
			);
			name = Connection;
			sourceTree = "<group>";
		};
		9C935F891BD8A01C009C065B /* HomePage */ = {
			isa = PBXGroup;
			children = (
				9C935F8A1BD8A079009C065B /* HomePageViewController.swift */,
				9C032E391BEA17DE006F0577 /* PreviewController.swift */,
			);
			path = HomePage;
			sourceTree = "<group>";
		};
		B5C7335D201F264F00A2EA71 /* Utils */ = {
			isa = PBXGroup;
			children = (
				B5C7335E201F266800A2EA71 /* StringExtension.swift */,
			);
			path = Utils;
			sourceTree = "<group>";
		};
		B5C73360201F2EB700A2EA71 /* Cookies */ = {
			isa = PBXGroup;
			children = (
				B5C73361201F32B700A2EA71 /* CookiesInterceptor.swift */,
				B56257E6202AD9AB00A6CE41 /* CookiesFromAuthorizationFetcher.swift */,
			);
			path = Cookies;
			sourceTree = "<group>";
		};
		D72BA480263065B0000E3711 /* eXo App */ = {
			isa = PBXGroup;
			children = (
				D72BA488263066BA000E3711 /* AppLauncher */,
				D75B32782631ABA900C31BA7 /* RootHandler */,
				D72BA489263066DA000E3711 /* BaseViewController */,
				D72BA4852630665B000E3711 /* Helper & Manager */,
				D72BA48326306621000E3711 /* Networking */,
				D72BA48226306605000E3711 /* Models */,
				D72BA481263065F7000E3711 /* Controllers */,
				D72BA48626306672000E3711 /* Protocols */,
				D72BA4842630663F000E3711 /* Extensions */,
				D72BA48B2630683F000E3711 /* Ressources */,
				D72BA4872630668A000E3711 /* Utils */,
				D72BA48A2630677F000E3711 /* Others */,
			);
			name = "eXo App";
			path = eXoApp;
			sourceTree = "<group>";
		};
		D72BA481263065F7000E3711 /* Controllers */ = {
			isa = PBXGroup;
			children = (
				D72BA4BF26306ED4000E3711 /* ServerSelectionVC */,
				D75B325A2631764A00C31BA7 /* HomePageVC */,
				D75B32272631623E00C31BA7 /* SettingsVC */,
				D769F4372632BC29008BC2EC /* EditServerVC */,
			);
			path = Controllers;
			sourceTree = "<group>";
		};
		D72BA48226306605000E3711 /* Models */ = {
			isa = PBXGroup;
			children = (
			);
			path = Models;
			sourceTree = "<group>";
		};
		D72BA48326306621000E3711 /* Networking */ = {
			isa = PBXGroup;
			children = (
				D75B325B263176A200C31BA7 /* Connectivity.swift */,
				D72BA49626306BA4000E3711 /* APIManager.swift */,
				D72BA49D26306BB9000E3711 /* APIServices.swift */,
			);
			path = Networking;
			sourceTree = "<group>";
		};
		D72BA4842630663F000E3711 /* Extensions */ = {
			isa = PBXGroup;
			children = (
				D72BA4AB26306DA3000E3711 /* String-Extensions.swift */,
				D72BA4B226306DD8000E3711 /* UIViewController-Extensions.swift */,
			);
			path = Extensions;
			sourceTree = "<group>";
		};
		D72BA4852630665B000E3711 /* Helper & Manager */ = {
			isa = PBXGroup;
			children = (
				D75B3262263176D000C31BA7 /* DataHelper.swift */,
			);
			path = "Helper & Manager";
			sourceTree = "<group>";
		};
		D72BA48626306672000E3711 /* Protocols */ = {
			isa = PBXGroup;
			children = (
				D75B3249263175EA00C31BA7 /* Protocols.swift */,
			);
			path = Protocols;
			sourceTree = "<group>";
		};
		D72BA4872630668A000E3711 /* Utils */ = {
			isa = PBXGroup;
			children = (
				D72BA4A426306CB3000E3711 /* Constants.swift */,
			);
			path = Utils;
			sourceTree = "<group>";
		};
		D72BA488263066BA000E3711 /* AppLauncher */ = {
			isa = PBXGroup;
			children = (
				9C3AD2491BCF56900094CFF9 /* eXoAppDelegate.swift */,
			);
			path = AppLauncher;
			sourceTree = "<group>";
		};
		D72BA489263066DA000E3711 /* BaseViewController */ = {
			isa = PBXGroup;
			children = (
				9C032E371BEA1495006F0577 /* eXoWebBaseViewController.swift */,
			);
			path = BaseViewController;
			sourceTree = "<group>";
		};
		D72BA48A2630677F000E3711 /* Others */ = {
			isa = PBXGroup;
			children = (
				9C3AD2551BCF56900094CFF9 /* Info.plist */,
				AB18539B206A2CF100D9726C /* GoogleService-Info.plist */,
				9C3D7D1D1BDF6BA3002873CB /* eXo.entitlements */,
			);
			path = Others;
			sourceTree = "<group>";
		};
		D72BA48B2630683F000E3711 /* Ressources */ = {
			isa = PBXGroup;
			children = (
				9C3AD2501BCF56900094CFF9 /* Assets.xcassets */,
				9C935F871BD64DAD009C065B /* Localizable.strings */,
			);
			path = Ressources;
			sourceTree = "<group>";
		};
		D72BA4BF26306ED4000E3711 /* ServerSelectionVC */ = {
			isa = PBXGroup;
			children = (
				D72BA4C026306F15000E3711 /* ServerSelectionViewController.swift */,
				D72BA4C126306F15000E3711 /* ServerSelectionViewController.xib */,
			);
			path = ServerSelectionVC;
			sourceTree = "<group>";
		};
		D75B32272631623E00C31BA7 /* SettingsVC */ = {
			isa = PBXGroup;
			children = (
			);
			path = SettingsVC;
			sourceTree = "<group>";
		};
		D75B325A2631764A00C31BA7 /* HomePageVC */ = {
			isa = PBXGroup;
			children = (
			);
			path = HomePageVC;
			sourceTree = "<group>";
		};
		D75B32782631ABA900C31BA7 /* RootHandler */ = {
			isa = PBXGroup;
			children = (
				D75B327E2631AFDA00C31BA7 /* RootHandler.swift */,
			);
			path = RootHandler;
			sourceTree = "<group>";
		};
		D769F4372632BC29008BC2EC /* EditServerVC */ = {
			isa = PBXGroup;
			children = (
			);
			path = EditServerVC;
			sourceTree = "<group>";
		};
/* End PBXGroup section */

/* Begin PBXNativeTarget section */
		57DFE9D11C59D05C00A91DA5 /* eXoSnapshots */ = {
			isa = PBXNativeTarget;
			buildConfigurationList = 57DFE9D91C59D05D00A91DA5 /* Build configuration list for PBXNativeTarget "eXoSnapshots" */;
			buildPhases = (
				57DFE9CE1C59D05C00A91DA5 /* Sources */,
				57DFE9CF1C59D05C00A91DA5 /* Frameworks */,
				57DFE9D01C59D05C00A91DA5 /* Resources */,
			);
			buildRules = (
			);
			dependencies = (
				57DFE9D81C59D05C00A91DA5 /* PBXTargetDependency */,
			);
			name = eXoSnapshots;
			productName = eXoSnapshots;
			productReference = 57DFE9D21C59D05C00A91DA5 /* eXoSnapshots.xctest */;
			productType = "com.apple.product-type.bundle.ui-testing";
		};
		9C3AD2451BCF56900094CFF9 /* eXo */ = {
			isa = PBXNativeTarget;
			buildConfigurationList = 9C3AD26E1BCF56900094CFF9 /* Build configuration list for PBXNativeTarget "eXo" */;
			buildPhases = (
				7075612EFEA3011F00362831 /* [CP] Check Pods Manifest.lock */,
				9C3AD2421BCF56900094CFF9 /* Sources */,
				9C3AD2431BCF56900094CFF9 /* Frameworks */,
				9C3AD2441BCF56900094CFF9 /* Resources */,
				9C3D7CFF1BDF64E0002873CB /* Embed App Extensions */,
				57F3EF461CC72C4A0023A7BE /* ShellScript */,
				85D394F543D596A5CB287F04 /* [CP] Embed Pods Frameworks */,
				F40005850E0850CFE62B658D /* [CP] Copy Pods Resources */,
			);
			buildRules = (
			);
			dependencies = (
				9C3D7CFA1BDF64E0002873CB /* PBXTargetDependency */,
			);
			name = eXo;
			productName = eXo;
			productReference = 9C3AD2461BCF56900094CFF9 /* eXo.app */;
			productType = "com.apple.product-type.application";
		};
		9C3AD2591BCF56900094CFF9 /* eXoTests */ = {
			isa = PBXNativeTarget;
			buildConfigurationList = 9C3AD2711BCF56900094CFF9 /* Build configuration list for PBXNativeTarget "eXoTests" */;
			buildPhases = (
				36B1A62F89595AF0D79199C1 /* [CP] Check Pods Manifest.lock */,
				9C3AD2561BCF56900094CFF9 /* Sources */,
				9C3AD2571BCF56900094CFF9 /* Frameworks */,
				9C3AD2581BCF56900094CFF9 /* Resources */,
				E6C49A23B4009FF1615A9A09 /* [CP] Embed Pods Frameworks */,
				3DF08781C614398288E2BC57 /* [CP] Copy Pods Resources */,
			);
			buildRules = (
			);
			dependencies = (
				9C3AD25C1BCF56900094CFF9 /* PBXTargetDependency */,
			);
			name = eXoTests;
			productName = eXoTests;
			productReference = 9C3AD25A1BCF56900094CFF9 /* eXoTests.xctest */;
			productType = "com.apple.product-type.bundle.unit-test";
		};
		9C3AD2641BCF56900094CFF9 /* eXoUITests */ = {
			isa = PBXNativeTarget;
			buildConfigurationList = 9C3AD2741BCF56900094CFF9 /* Build configuration list for PBXNativeTarget "eXoUITests" */;
			buildPhases = (
				E4476946BDE92A66820F6A16 /* [CP] Check Pods Manifest.lock */,
				9C3AD2611BCF56900094CFF9 /* Sources */,
				9C3AD2621BCF56900094CFF9 /* Frameworks */,
				9C3AD2631BCF56900094CFF9 /* Resources */,
				35B0D3702308DBA463D509B0 /* [CP] Embed Pods Frameworks */,
				3A8DD530890838A3B8549FA8 /* [CP] Copy Pods Resources */,
			);
			buildRules = (
			);
			dependencies = (
				9C3AD2671BCF56900094CFF9 /* PBXTargetDependency */,
			);
			name = eXoUITests;
			productName = eXoUITests;
			productReference = 9C3AD2651BCF56900094CFF9 /* eXoUITests.xctest */;
			productType = "com.apple.product-type.bundle.ui-testing";
		};
		9C3D7CEF1BDF64E0002873CB /* share-extension */ = {
			isa = PBXNativeTarget;
			buildConfigurationList = 9C3D7CFE1BDF64E0002873CB /* Build configuration list for PBXNativeTarget "share-extension" */;
			buildPhases = (
				D02DD23FD8604AEDE55627D7 /* [CP] Check Pods Manifest.lock */,
				9C3D7CEC1BDF64E0002873CB /* Sources */,
				9C3D7CED1BDF64E0002873CB /* Frameworks */,
				9C3D7CEE1BDF64E0002873CB /* Resources */,
				57B6EA761C524A58003CB2CA /* ShellScript */,
				17B10991E373A7EF45A1999B /* [CP] Copy Pods Resources */,
			);
			buildRules = (
			);
			dependencies = (
			);
			name = "share-extension";
			productName = "share-extension";
			productReference = 9C3D7CF01BDF64E0002873CB /* share-extension.appex */;
			productType = "com.apple.product-type.app-extension";
		};
/* End PBXNativeTarget section */

/* Begin PBXProject section */
		9C3AD23E1BCF56900094CFF9 /* Project object */ = {
			isa = PBXProject;
			attributes = {
				LastSwiftUpdateCheck = 0720;
				LastUpgradeCheck = 0940;
				ORGANIZATIONNAME = eXo;
				TargetAttributes = {
					57DFE9D11C59D05C00A91DA5 = {
						CreatedOnToolsVersion = 7.2;
						ProvisioningStyle = Automatic;
						TestTargetID = 9C3AD2451BCF56900094CFF9;
					};
					9C3AD2451BCF56900094CFF9 = {
						CreatedOnToolsVersion = 7.0;
						DevelopmentTeam = FEM998T42U;
						LastSwiftMigration = 0940;
						ProvisioningStyle = Manual;
						SystemCapabilities = {
							com.apple.ApplicationGroups.iOS = {
								enabled = 1;
							};
							com.apple.Push = {
								enabled = 1;
							};
						};
					};
					9C3AD2591BCF56900094CFF9 = {
						CreatedOnToolsVersion = 7.0;
						DevelopmentTeam = FEM998T42U;
						LastSwiftMigration = 0940;
						ProvisioningStyle = Manual;
						TestTargetID = 9C3AD2451BCF56900094CFF9;
					};
					9C3AD2641BCF56900094CFF9 = {
						CreatedOnToolsVersion = 7.0;
						DevelopmentTeam = FEM998T42U;
						LastSwiftMigration = 0940;
						ProvisioningStyle = Manual;
						TestTargetID = 9C3AD2451BCF56900094CFF9;
					};
					9C3D7CEF1BDF64E0002873CB = {
						CreatedOnToolsVersion = 7.0.1;
						DevelopmentTeam = FEM998T42U;
						LastSwiftMigration = 0940;
						ProvisioningStyle = Manual;
						SystemCapabilities = {
							com.apple.ApplicationGroups.iOS = {
								enabled = 1;
							};
						};
					};
				};
			};
			buildConfigurationList = 9C3AD2411BCF56900094CFF9 /* Build configuration list for PBXProject "eXo" */;
			compatibilityVersion = "Xcode 6.3";
			developmentRegion = English;
			hasScannedForEncodings = 0;
			knownRegions = (
				English,
				en,
				Base,
				fr,
			);
			mainGroup = 9C3AD23D1BCF56900094CFF9;
			productRefGroup = 9C3AD2471BCF56900094CFF9 /* Products */;
			projectDirPath = "";
			projectRoot = "";
			targets = (
				9C3AD2451BCF56900094CFF9 /* eXo */,
				9C3AD2591BCF56900094CFF9 /* eXoTests */,
				9C3AD2641BCF56900094CFF9 /* eXoUITests */,
				9C3D7CEF1BDF64E0002873CB /* share-extension */,
				57DFE9D11C59D05C00A91DA5 /* eXoSnapshots */,
			);
		};
/* End PBXProject section */

/* Begin PBXResourcesBuildPhase section */
		57DFE9D01C59D05C00A91DA5 /* Resources */ = {
			isa = PBXResourcesBuildPhase;
			buildActionMask = 2147483647;
			files = (
			);
			runOnlyForDeploymentPostprocessing = 0;
		};
		9C3AD2441BCF56900094CFF9 /* Resources */ = {
			isa = PBXResourcesBuildPhase;
			buildActionMask = 2147483647;
			files = (
				D72BA4C326306F15000E3711 /* ServerSelectionViewController.xib in Resources */,
				9C18EBC01C3124ED00A75DD8 /* TableHeaderView.xib in Resources */,
				9C3AD2541BCF56900094CFF9 /* LaunchScreen.storyboard in Resources */,
				AB18539C206A2CF100D9726C /* GoogleService-Info.plist in Resources */,
				9C935F851BD64DAD009C065B /* Localizable.strings in Resources */,
				9C3D7D1E1BDF6BA3002873CB /* eXo.entitlements in Resources */,
				9C3AD2511BCF56900094CFF9 /* Assets.xcassets in Resources */,
				9C3AD24F1BCF56900094CFF9 /* Main.storyboard in Resources */,
				9C978B7A1BDA21E900FC689D /* InfoPlist.strings in Resources */,
			);
			runOnlyForDeploymentPostprocessing = 0;
		};
		9C3AD2581BCF56900094CFF9 /* Resources */ = {
			isa = PBXResourcesBuildPhase;
			buildActionMask = 2147483647;
			files = (
			);
			runOnlyForDeploymentPostprocessing = 0;
		};
		9C3AD2631BCF56900094CFF9 /* Resources */ = {
			isa = PBXResourcesBuildPhase;
			buildActionMask = 2147483647;
			files = (
			);
			runOnlyForDeploymentPostprocessing = 0;
		};
		9C3D7CEE1BDF64E0002873CB /* Resources */ = {
			isa = PBXResourcesBuildPhase;
			buildActionMask = 2147483647;
			files = (
				9C032E1C1BE754F5006F0577 /* Main.storyboard in Resources */,
				9C032E211BE75667006F0577 /* Localizable.strings in Resources */,
				9C032E0D1BE38DEF006F0577 /* Assets.xcassets in Resources */,
				9C3D7CF71BDF64E0002873CB /* MainInterface.storyboard in Resources */,
			);
			runOnlyForDeploymentPostprocessing = 0;
		};
/* End PBXResourcesBuildPhase section */

/* Begin PBXShellScriptBuildPhase section */
		17B10991E373A7EF45A1999B /* [CP] Copy Pods Resources */ = {
			isa = PBXShellScriptBuildPhase;
			buildActionMask = 2147483647;
			files = (
			);
			inputPaths = (
			);
			name = "[CP] Copy Pods Resources";
			outputPaths = (
			);
			runOnlyForDeploymentPostprocessing = 0;
			shellPath = /bin/sh;
			shellScript = "\"${SRCROOT}/Pods/Target Support Files/Pods-share-extension/Pods-share-extension-resources.sh\"\n";
			showEnvVarsInLog = 0;
		};
		35B0D3702308DBA463D509B0 /* [CP] Embed Pods Frameworks */ = {
			isa = PBXShellScriptBuildPhase;
			buildActionMask = 2147483647;
			files = (
			);
			inputPaths = (
			);
			name = "[CP] Embed Pods Frameworks";
			outputPaths = (
			);
			runOnlyForDeploymentPostprocessing = 0;
			shellPath = /bin/sh;
			shellScript = "\"${SRCROOT}/Pods/Target Support Files/Pods-eXoUITests/Pods-eXoUITests-frameworks.sh\"\n";
			showEnvVarsInLog = 0;
		};
		36B1A62F89595AF0D79199C1 /* [CP] Check Pods Manifest.lock */ = {
			isa = PBXShellScriptBuildPhase;
			buildActionMask = 2147483647;
			files = (
			);
			inputPaths = (
				"${PODS_PODFILE_DIR_PATH}/Podfile.lock",
				"${PODS_ROOT}/Manifest.lock",
			);
			name = "[CP] Check Pods Manifest.lock";
			outputPaths = (
				"$(DERIVED_FILE_DIR)/Pods-eXoTests-checkManifestLockResult.txt",
			);
			runOnlyForDeploymentPostprocessing = 0;
			shellPath = /bin/sh;
			shellScript = "diff \"${PODS_PODFILE_DIR_PATH}/Podfile.lock\" \"${PODS_ROOT}/Manifest.lock\" > /dev/null\nif [ $? != 0 ] ; then\n    # print error to STDERR\n    echo \"error: The sandbox is not in sync with the Podfile.lock. Run 'pod install' or update your CocoaPods installation.\" >&2\n    exit 1\nfi\n# This output is used by Xcode 'outputs' to avoid re-running this script phase.\necho \"SUCCESS\" > \"${SCRIPT_OUTPUT_FILE_0}\"\n";
			showEnvVarsInLog = 0;
		};
		3A8DD530890838A3B8549FA8 /* [CP] Copy Pods Resources */ = {
			isa = PBXShellScriptBuildPhase;
			buildActionMask = 2147483647;
			files = (
			);
			inputPaths = (
			);
			name = "[CP] Copy Pods Resources";
			outputPaths = (
			);
			runOnlyForDeploymentPostprocessing = 0;
			shellPath = /bin/sh;
			shellScript = "\"${SRCROOT}/Pods/Target Support Files/Pods-eXoUITests/Pods-eXoUITests-resources.sh\"\n";
			showEnvVarsInLog = 0;
		};
		3DF08781C614398288E2BC57 /* [CP] Copy Pods Resources */ = {
			isa = PBXShellScriptBuildPhase;
			buildActionMask = 2147483647;
			files = (
			);
			inputPaths = (
			);
			name = "[CP] Copy Pods Resources";
			outputPaths = (
			);
			runOnlyForDeploymentPostprocessing = 0;
			shellPath = /bin/sh;
			shellScript = "\"${SRCROOT}/Pods/Target Support Files/Pods-eXoTests/Pods-eXoTests-resources.sh\"\n";
			showEnvVarsInLog = 0;
		};
		57B6EA761C524A58003CB2CA /* ShellScript */ = {
			isa = PBXShellScriptBuildPhase;
			buildActionMask = 2147483647;
			files = (
			);
			inputPaths = (
			);
			outputPaths = (
			);
			runOnlyForDeploymentPostprocessing = 0;
			shellPath = /bin/sh;
			shellScript = "cd \"${CONFIGURATION_BUILD_DIR}/${UNLOCALIZED_RESOURCES_FOLDER_PATH}/\"\nif [[ -d \"Frameworks\" ]]; then\n  rm -fr Frameworks\nfi";
		};
		57F3EF461CC72C4A0023A7BE /* ShellScript */ = {
			isa = PBXShellScriptBuildPhase;
			buildActionMask = 2147483647;
			files = (
			);
			inputPaths = (
			);
			outputPaths = (
			);
			runOnlyForDeploymentPostprocessing = 0;
			shellPath = /bin/sh;
			shellScript = "\"${PODS_ROOT}/Fabric/run\" b8421f485868032ad402cef01a4bd7c70263d97e 6b8bd5297ac216c6a0a79351084947edba67104633f611c471f5c1fe96cca005\n";
		};
		7075612EFEA3011F00362831 /* [CP] Check Pods Manifest.lock */ = {
			isa = PBXShellScriptBuildPhase;
			buildActionMask = 2147483647;
			files = (
			);
			inputPaths = (
				"${PODS_PODFILE_DIR_PATH}/Podfile.lock",
				"${PODS_ROOT}/Manifest.lock",
			);
			name = "[CP] Check Pods Manifest.lock";
			outputPaths = (
				"$(DERIVED_FILE_DIR)/Pods-eXo-checkManifestLockResult.txt",
			);
			runOnlyForDeploymentPostprocessing = 0;
			shellPath = /bin/sh;
			shellScript = "diff \"${PODS_PODFILE_DIR_PATH}/Podfile.lock\" \"${PODS_ROOT}/Manifest.lock\" > /dev/null\nif [ $? != 0 ] ; then\n    # print error to STDERR\n    echo \"error: The sandbox is not in sync with the Podfile.lock. Run 'pod install' or update your CocoaPods installation.\" >&2\n    exit 1\nfi\n# This output is used by Xcode 'outputs' to avoid re-running this script phase.\necho \"SUCCESS\" > \"${SCRIPT_OUTPUT_FILE_0}\"\n";
			showEnvVarsInLog = 0;
		};
		85D394F543D596A5CB287F04 /* [CP] Embed Pods Frameworks */ = {
			isa = PBXShellScriptBuildPhase;
			buildActionMask = 2147483647;
			files = (
			);
			inputPaths = (
				"${SRCROOT}/Pods/Target Support Files/Pods-eXo/Pods-eXo-frameworks.sh",
				"${BUILT_PRODUCTS_DIR}/GoogleToolboxForMac/GoogleToolboxForMac.framework",
				"${BUILT_PRODUCTS_DIR}/HTMLKit/HTMLKit.framework",
				"${BUILT_PRODUCTS_DIR}/Protobuf/Protobuf.framework",
				"${BUILT_PRODUCTS_DIR}/SVProgressHUD/SVProgressHUD.framework",
				"${BUILT_PRODUCTS_DIR}/SwiftyJSON/SwiftyJSON.framework",
				"${BUILT_PRODUCTS_DIR}/UICKeyChainStore/UICKeyChainStore.framework",
				"${BUILT_PRODUCTS_DIR}/nanopb/nanopb.framework",
			);
			name = "[CP] Embed Pods Frameworks";
			outputPaths = (
				"${TARGET_BUILD_DIR}/${FRAMEWORKS_FOLDER_PATH}/GoogleToolboxForMac.framework",
				"${TARGET_BUILD_DIR}/${FRAMEWORKS_FOLDER_PATH}/HTMLKit.framework",
				"${TARGET_BUILD_DIR}/${FRAMEWORKS_FOLDER_PATH}/Protobuf.framework",
				"${TARGET_BUILD_DIR}/${FRAMEWORKS_FOLDER_PATH}/SVProgressHUD.framework",
				"${TARGET_BUILD_DIR}/${FRAMEWORKS_FOLDER_PATH}/SwiftyJSON.framework",
				"${TARGET_BUILD_DIR}/${FRAMEWORKS_FOLDER_PATH}/UICKeyChainStore.framework",
				"${TARGET_BUILD_DIR}/${FRAMEWORKS_FOLDER_PATH}/nanopb.framework",
			);
			runOnlyForDeploymentPostprocessing = 0;
			shellPath = /bin/sh;
			shellScript = "\"${SRCROOT}/Pods/Target Support Files/Pods-eXo/Pods-eXo-frameworks.sh\"\n";
			showEnvVarsInLog = 0;
		};
		D02DD23FD8604AEDE55627D7 /* [CP] Check Pods Manifest.lock */ = {
			isa = PBXShellScriptBuildPhase;
			buildActionMask = 2147483647;
			files = (
			);
			inputPaths = (
				"${PODS_PODFILE_DIR_PATH}/Podfile.lock",
				"${PODS_ROOT}/Manifest.lock",
			);
			name = "[CP] Check Pods Manifest.lock";
			outputPaths = (
				"$(DERIVED_FILE_DIR)/Pods-share-extension-checkManifestLockResult.txt",
			);
			runOnlyForDeploymentPostprocessing = 0;
			shellPath = /bin/sh;
			shellScript = "diff \"${PODS_PODFILE_DIR_PATH}/Podfile.lock\" \"${PODS_ROOT}/Manifest.lock\" > /dev/null\nif [ $? != 0 ] ; then\n    # print error to STDERR\n    echo \"error: The sandbox is not in sync with the Podfile.lock. Run 'pod install' or update your CocoaPods installation.\" >&2\n    exit 1\nfi\n# This output is used by Xcode 'outputs' to avoid re-running this script phase.\necho \"SUCCESS\" > \"${SCRIPT_OUTPUT_FILE_0}\"\n";
			showEnvVarsInLog = 0;
		};
		E4476946BDE92A66820F6A16 /* [CP] Check Pods Manifest.lock */ = {
			isa = PBXShellScriptBuildPhase;
			buildActionMask = 2147483647;
			files = (
			);
			inputPaths = (
				"${PODS_PODFILE_DIR_PATH}/Podfile.lock",
				"${PODS_ROOT}/Manifest.lock",
			);
			name = "[CP] Check Pods Manifest.lock";
			outputPaths = (
				"$(DERIVED_FILE_DIR)/Pods-eXoUITests-checkManifestLockResult.txt",
			);
			runOnlyForDeploymentPostprocessing = 0;
			shellPath = /bin/sh;
			shellScript = "diff \"${PODS_PODFILE_DIR_PATH}/Podfile.lock\" \"${PODS_ROOT}/Manifest.lock\" > /dev/null\nif [ $? != 0 ] ; then\n    # print error to STDERR\n    echo \"error: The sandbox is not in sync with the Podfile.lock. Run 'pod install' or update your CocoaPods installation.\" >&2\n    exit 1\nfi\n# This output is used by Xcode 'outputs' to avoid re-running this script phase.\necho \"SUCCESS\" > \"${SCRIPT_OUTPUT_FILE_0}\"\n";
			showEnvVarsInLog = 0;
		};
		E6C49A23B4009FF1615A9A09 /* [CP] Embed Pods Frameworks */ = {
			isa = PBXShellScriptBuildPhase;
			buildActionMask = 2147483647;
			files = (
			);
			inputPaths = (
			);
			name = "[CP] Embed Pods Frameworks";
			outputPaths = (
			);
			runOnlyForDeploymentPostprocessing = 0;
			shellPath = /bin/sh;
			shellScript = "\"${SRCROOT}/Pods/Target Support Files/Pods-eXoTests/Pods-eXoTests-frameworks.sh\"\n";
			showEnvVarsInLog = 0;
		};
		F40005850E0850CFE62B658D /* [CP] Copy Pods Resources */ = {
			isa = PBXShellScriptBuildPhase;
			buildActionMask = 2147483647;
			files = (
			);
			inputPaths = (
			);
			name = "[CP] Copy Pods Resources";
			outputPaths = (
			);
			runOnlyForDeploymentPostprocessing = 0;
			shellPath = /bin/sh;
			shellScript = "\"${SRCROOT}/Pods/Target Support Files/Pods-eXo/Pods-eXo-resources.sh\"\n";
			showEnvVarsInLog = 0;
		};
/* End PBXShellScriptBuildPhase section */

/* Begin PBXSourcesBuildPhase section */
		57DFE9CE1C59D05C00A91DA5 /* Sources */ = {
			isa = PBXSourcesBuildPhase;
			buildActionMask = 2147483647;
			files = (
				57DFE9E51C5B81D800A91DA5 /* eXoSnapshots.swift in Sources */,
				57DFE9E71C5B81D800A91DA5 /* SnapshotHelper.swift in Sources */,
			);
			runOnlyForDeploymentPostprocessing = 0;
		};
		9C3AD2421BCF56900094CFF9 /* Sources */ = {
			isa = PBXSourcesBuildPhase;
			buildActionMask = 2147483647;
			files = (
				D72BA4A526306CB3000E3711 /* Constants.swift in Sources */,
				9C032E311BE897CE006F0577 /* LoginViewController.swift in Sources */,
				D75B325C263176A200C31BA7 /* Connectivity.swift in Sources */,
				9C032E501BF34BF1006F0577 /* ServerEditViewController.swift in Sources */,
				D72BA49E26306BB9000E3711 /* APIServices.swift in Sources */,
				9C3AD2881BCFA3400094CFF9 /* Server.swift in Sources */,
				9C032E381BEA1495006F0577 /* eXoWebBaseViewController.swift in Sources */,
				D72BA4AC26306DA3000E3711 /* String-Extensions.swift in Sources */,
				D75B3263263176D000C31BA7 /* DataHelper.swift in Sources */,
				9C3AD2841BCF9D2D0094CFF9 /* ServerSelectionViewController1.swift in Sources */,
				B5C7335A201F1B0700A2EA71 /* PushTokenSynchronizer.swift in Sources */,
				B5C7335C201F1D0800A2EA71 /* PushTokenRestClient.swift in Sources */,
				B5C7335F201F266800A2EA71 /* StringExtension.swift in Sources */,
				9C032E471BF3064C006F0577 /* SettingViewController.swift in Sources */,
				D75B327F2631AFDA00C31BA7 /* RootHandler.swift in Sources */,
				9C3AD28C1BD0B6640094CFF9 /* InputServerViewController.swift in Sources */,
				9C18EBBE1C3124DC00A75DD8 /* TableHeaderView.swift in Sources */,
				9C935F7E1BD60286009C065B /* Tool.swift in Sources */,
				9C3AD24A1BCF56900094CFF9 /* eXoAppDelegate.swift in Sources */,
				9C3AD2861BCF9E570094CFF9 /* defines.swift in Sources */,
				9C3AD2821BCF5E110094CFF9 /* WelcomeViewController.swift in Sources */,
				9C032E3A1BEA17DE006F0577 /* PreviewController.swift in Sources */,
				D72BA4B326306DD8000E3711 /* UIViewController-Extensions.swift in Sources */,
				B56257E7202AD9AB00A6CE41 /* CookiesFromAuthorizationFetcher.swift in Sources */,
				D72BA4C226306F15000E3711 /* ServerSelectionViewController.swift in Sources */,
				9C935F801BD61D5A009C065B /* ServerManager.swift in Sources */,
				D75B324A263175EB00C31BA7 /* Protocols.swift in Sources */,
				9C935F8B1BD8A079009C065B /* HomePageViewController.swift in Sources */,
				D72BA49726306BA4000E3711 /* APIManager.swift in Sources */,
				9CB9F1011BD4A08100511E48 /* PlaceholderTextView.swift in Sources */,
				B5C73362201F32B700A2EA71 /* CookiesInterceptor.swift in Sources */,
			);
			runOnlyForDeploymentPostprocessing = 0;
		};
		9C3AD2561BCF56900094CFF9 /* Sources */ = {
			isa = PBXSourcesBuildPhase;
			buildActionMask = 2147483647;
			files = (
				B56257E9202ADA0D00A6CE41 /* TestCookiesFromAuthorizationFetcher.swift in Sources */,
				57D568351BEB41B700C13C7E /* TestServerManager.swift in Sources */,
				57D568331BEB15C000C13C7E /* TestServer.swift in Sources */,
				9C3AD25F1BCF56900094CFF9 /* eXoBaseTestCase.swift in Sources */,
				57D568371BEB48BC00C13C7E /* FakeUserDefaults.swift in Sources */,
				AB542EAB215CD8FC00A9ED5A /* ToolTest.swift in Sources */,
			);
			runOnlyForDeploymentPostprocessing = 0;
		};
		9C3AD2611BCF56900094CFF9 /* Sources */ = {
			isa = PBXSourcesBuildPhase;
			buildActionMask = 2147483647;
			files = (
				9CD8445D1C1E866700A824D2 /* TestAddServer.swift in Sources */,
				9CD8445B1C1E757900A824D2 /* TestSetting.swift in Sources */,
				9C18EC141C34DC8B00A75DD8 /* TestServerSelectScreen.swift in Sources */,
				9C3AD26A1BCF56900094CFF9 /* eXoUIBaseTestCase.swift in Sources */,
			);
			runOnlyForDeploymentPostprocessing = 0;
		};
		9C3D7CEC1BDF64E0002873CB /* Sources */ = {
			isa = PBXSourcesBuildPhase;
			buildActionMask = 2147483647;
			files = (
				9C3D7D161BDF68E0002873CB /* PostActivity.m in Sources */,
				9C3D7CF41BDF64E0002873CB /* ShareViewController.m in Sources */,
				9C3D7D131BDF68E0002873CB /* AccountViewController.m in Sources */,
				9C3D7D2D1BE0BE97002873CB /* InputAccountViewController.swift in Sources */,
				9C3D7D181BDF68E0002873CB /* SocialSpace.m in Sources */,
				9C3D7D191BDF68E0002873CB /* SpaceViewController.m in Sources */,
				9C3D7D1A1BDF68E0002873CB /* UploadViewController.m in Sources */,
				9C3D7D121BDF68E0002873CB /* Account.m in Sources */,
				9C032DCD1BE3566B006F0577 /* AccountCell.swift in Sources */,
				9C3D7D171BDF68E0002873CB /* PostItem.m in Sources */,
				9CF2861A1BE1DE7D00DC4C26 /* AccountManager.m in Sources */,
			);
			runOnlyForDeploymentPostprocessing = 0;
		};
/* End PBXSourcesBuildPhase section */

/* Begin PBXTargetDependency section */
		57DFE9D81C59D05C00A91DA5 /* PBXTargetDependency */ = {
			isa = PBXTargetDependency;
			target = 9C3AD2451BCF56900094CFF9 /* eXo */;
			targetProxy = 57DFE9D71C59D05C00A91DA5 /* PBXContainerItemProxy */;
		};
		9C3AD25C1BCF56900094CFF9 /* PBXTargetDependency */ = {
			isa = PBXTargetDependency;
			target = 9C3AD2451BCF56900094CFF9 /* eXo */;
			targetProxy = 9C3AD25B1BCF56900094CFF9 /* PBXContainerItemProxy */;
		};
		9C3AD2671BCF56900094CFF9 /* PBXTargetDependency */ = {
			isa = PBXTargetDependency;
			target = 9C3AD2451BCF56900094CFF9 /* eXo */;
			targetProxy = 9C3AD2661BCF56900094CFF9 /* PBXContainerItemProxy */;
		};
		9C3D7CFA1BDF64E0002873CB /* PBXTargetDependency */ = {
			isa = PBXTargetDependency;
			target = 9C3D7CEF1BDF64E0002873CB /* share-extension */;
			targetProxy = 9C3D7CF91BDF64E0002873CB /* PBXContainerItemProxy */;
		};
/* End PBXTargetDependency section */

/* Begin PBXVariantGroup section */
		9C032E231BE75667006F0577 /* Localizable.strings */ = {
			isa = PBXVariantGroup;
			children = (
				9C032E241BE75669006F0577 /* en */,
				9C032E251BE7566B006F0577 /* fr */,
			);
			name = Localizable.strings;
			sourceTree = "<group>";
		};
		9C3AD24D1BCF56900094CFF9 /* Main.storyboard */ = {
			isa = PBXVariantGroup;
			children = (
				9C3AD24E1BCF56900094CFF9 /* Base */,
				573F07011C55E04700AD296E /* en */,
				573F07031C55E04A00AD296E /* fr */,
			);
			name = Main.storyboard;
			sourceTree = "<group>";
		};
		9C3AD2521BCF56900094CFF9 /* LaunchScreen.storyboard */ = {
			isa = PBXVariantGroup;
			children = (
				9C3AD2531BCF56900094CFF9 /* Base */,
				9C935F821BD64B87009C065B /* fr */,
			);
			name = LaunchScreen.storyboard;
			sourceTree = "<group>";
		};
		9C3D7CF51BDF64E0002873CB /* MainInterface.storyboard */ = {
			isa = PBXVariantGroup;
			children = (
				9C032E2C1BE76DC2006F0577 /* Base */,
				9C032E2F1BE76DD9006F0577 /* fr */,
			);
			name = MainInterface.storyboard;
			sourceTree = "<group>";
		};
		9C935F871BD64DAD009C065B /* Localizable.strings */ = {
			isa = PBXVariantGroup;
			children = (
				9C935F861BD64DAD009C065B /* en */,
				9C935F881BD64DB0009C065B /* fr */,
			);
			name = Localizable.strings;
			sourceTree = "<group>";
		};
		9C978B7C1BDA21E900FC689D /* InfoPlist.strings */ = {
			isa = PBXVariantGroup;
			children = (
				9C978B7B1BDA21E900FC689D /* en */,
				9C978B7D1BDA21EC00FC689D /* fr */,
			);
			name = InfoPlist.strings;
			sourceTree = "<group>";
		};
/* End PBXVariantGroup section */

/* Begin XCBuildConfiguration section */
		57DFE9DA1C59D05D00A91DA5 /* Debug */ = {
			isa = XCBuildConfiguration;
			buildSettings = {
				CLANG_ENABLE_MODULES = YES;
				"CODE_SIGN_IDENTITY[sdk=iphoneos*]" = "iPhone Developer";
				CODE_SIGN_STYLE = Automatic;
				DEVELOPMENT_TEAM = "";
				INFOPLIST_FILE = eXoSnapshots/Info.plist;
				IPHONEOS_DEPLOYMENT_TARGET = 9.2;
				LD_RUNPATH_SEARCH_PATHS = "$(inherited) @executable_path/Frameworks @loader_path/Frameworks";
				PRODUCT_BUNDLE_IDENTIFIER = com.exoplatform.ios.exo.eXoSnapshots;
				PRODUCT_NAME = "$(TARGET_NAME)";
				PROVISIONING_PROFILE = "";
				PROVISIONING_PROFILE_SPECIFIER = "";
				SWIFT_OPTIMIZATION_LEVEL = "-Onone";
				SWIFT_VERSION = 3.0;
				TEST_TARGET_NAME = eXo;
				USES_XCTRUNNER = YES;
			};
			name = Debug;
		};
		57DFE9DB1C59D05D00A91DA5 /* Release */ = {
			isa = XCBuildConfiguration;
			buildSettings = {
				CLANG_ENABLE_MODULES = YES;
				"CODE_SIGN_IDENTITY[sdk=iphoneos*]" = "iPhone Developer";
				CODE_SIGN_STYLE = Automatic;
				DEVELOPMENT_TEAM = "";
				INFOPLIST_FILE = eXoSnapshots/Info.plist;
				IPHONEOS_DEPLOYMENT_TARGET = 9.2;
				LD_RUNPATH_SEARCH_PATHS = "$(inherited) @executable_path/Frameworks @loader_path/Frameworks";
				PRODUCT_BUNDLE_IDENTIFIER = com.exoplatform.ios.exo.eXoSnapshots;
				PRODUCT_NAME = "$(TARGET_NAME)";
				PROVISIONING_PROFILE = "";
				PROVISIONING_PROFILE_SPECIFIER = "";
				SWIFT_VERSION = 3.0;
				TEST_TARGET_NAME = eXo;
				USES_XCTRUNNER = YES;
			};
			name = Release;
		};
		9C3AD26C1BCF56900094CFF9 /* Debug */ = {
			isa = XCBuildConfiguration;
			buildSettings = {
				ALWAYS_SEARCH_USER_PATHS = NO;
				APP_BASE_URL = "https://community.exoplatform.com";
				APP_BUNDLE_ID = com.exoplatform.mob.eXoPlatformiPHone;
				APP_DISPLAY_NAME = eXo;
				APP_ENV_NAME = PROD;
				APP_PROV_PROFIL = "match AdHoc com.exoplatform.mob.eXoPlatformiPHone";
				CLANG_CXX_LANGUAGE_STANDARD = "gnu++0x";
				CLANG_CXX_LIBRARY = "libc++";
				CLANG_ENABLE_MODULES = YES;
				CLANG_ENABLE_OBJC_ARC = YES;
				CLANG_WARN_BOOL_CONVERSION = YES;
				CLANG_WARN_CONSTANT_CONVERSION = YES;
				CLANG_WARN_DIRECT_OBJC_ISA_USAGE = YES_ERROR;
				CLANG_WARN_EMPTY_BODY = YES;
				CLANG_WARN_ENUM_CONVERSION = YES;
				CLANG_WARN_INT_CONVERSION = YES;
				CLANG_WARN_OBJC_ROOT_CLASS = YES_ERROR;
				CLANG_WARN_UNREACHABLE_CODE = YES;
				CLANG_WARN__DUPLICATE_METHOD_MATCH = YES;
				CODE_SIGN_IDENTITY = "iPhone Developer";
				"CODE_SIGN_IDENTITY[sdk=iphoneos*]" = "iPhone Developer";
				CODE_SIGN_STYLE = Manual;
				COPY_PHASE_STRIP = NO;
				DEBUG_INFORMATION_FORMAT = "dwarf-with-dsym";
				DEVELOPMENT_TEAM = FEM998T42U;
				ENABLE_STRICT_OBJC_MSGSEND = YES;
				ENABLE_TESTABILITY = YES;
				EXT_PROV_PROFIL = "match AdHoc com.exoplatform.mob.eXoPlatformiPHone";
				GCC_C_LANGUAGE_STANDARD = gnu99;
				GCC_DYNAMIC_NO_PIC = NO;
				GCC_NO_COMMON_BLOCKS = YES;
				GCC_OPTIMIZATION_LEVEL = 0;
				GCC_PREPROCESSOR_DEFINITIONS = (
					"DEBUG=1",
					"$(inherited)",
				);
				GCC_WARN_64_TO_32_BIT_CONVERSION = YES;
				GCC_WARN_ABOUT_RETURN_TYPE = YES_ERROR;
				GCC_WARN_UNDECLARED_SELECTOR = YES;
				GCC_WARN_UNINITIALIZED_AUTOS = YES_AGGRESSIVE;
				GCC_WARN_UNUSED_FUNCTION = YES;
				GCC_WARN_UNUSED_VARIABLE = YES;
				IPHONEOS_DEPLOYMENT_TARGET = 10.0;
				MTL_ENABLE_DEBUG_INFO = YES;
				ONLY_ACTIVE_ARCH = YES;
				OTHER_SWIFT_FLAGS = "$(inherited)";
				SDKROOT = iphoneos;
				SWIFT_OPTIMIZATION_LEVEL = "-Onone";
				SWIFT_SWIFT3_OBJC_INFERENCE = Default;
				SWIFT_VERSION = 4.0;
				TARGETED_DEVICE_FAMILY = "1,2";
				TEAM_ID = FEM998T42U;
			};
			name = Debug;
		};
		9C3AD26D1BCF56900094CFF9 /* Release */ = {
			isa = XCBuildConfiguration;
			buildSettings = {
				ALWAYS_SEARCH_USER_PATHS = NO;
				APP_BASE_URL = "https://community.exoplatform.com";
				APP_BUNDLE_ID = com.exoplatform.mob.eXoPlatformiPHone;
				APP_DISPLAY_NAME = eXo;
				APP_ENV_NAME = PROD;
				APP_PROV_PROFIL = "match AdHoc com.exoplatform.mob.eXoPlatformiPHone";
				CLANG_CXX_LANGUAGE_STANDARD = "gnu++0x";
				CLANG_CXX_LIBRARY = "libc++";
				CLANG_ENABLE_MODULES = YES;
				CLANG_ENABLE_OBJC_ARC = YES;
				CLANG_WARN_BOOL_CONVERSION = YES;
				CLANG_WARN_CONSTANT_CONVERSION = YES;
				CLANG_WARN_DIRECT_OBJC_ISA_USAGE = YES_ERROR;
				CLANG_WARN_EMPTY_BODY = YES;
				CLANG_WARN_ENUM_CONVERSION = YES;
				CLANG_WARN_INT_CONVERSION = YES;
				CLANG_WARN_OBJC_ROOT_CLASS = YES_ERROR;
				CLANG_WARN_UNREACHABLE_CODE = YES;
				CLANG_WARN__DUPLICATE_METHOD_MATCH = YES;
				CODE_SIGN_IDENTITY = "iPhone Distribution";
				"CODE_SIGN_IDENTITY[sdk=iphoneos*]" = "iPhone Distribution";
				CODE_SIGN_STYLE = Manual;
				COPY_PHASE_STRIP = NO;
				DEBUG_INFORMATION_FORMAT = "dwarf-with-dsym";
				DEVELOPMENT_TEAM = FEM998T42U;
				ENABLE_NS_ASSERTIONS = NO;
				ENABLE_STRICT_OBJC_MSGSEND = YES;
				EXT_PROV_PROFIL = "match AdHoc com.exoplatform.mob.eXoPlatformiPHone";
				GCC_C_LANGUAGE_STANDARD = gnu99;
				GCC_NO_COMMON_BLOCKS = YES;
				GCC_WARN_64_TO_32_BIT_CONVERSION = YES;
				GCC_WARN_ABOUT_RETURN_TYPE = YES_ERROR;
				GCC_WARN_UNDECLARED_SELECTOR = YES;
				GCC_WARN_UNINITIALIZED_AUTOS = YES_AGGRESSIVE;
				GCC_WARN_UNUSED_FUNCTION = YES;
				GCC_WARN_UNUSED_VARIABLE = YES;
				IPHONEOS_DEPLOYMENT_TARGET = 10.0;
				MTL_ENABLE_DEBUG_INFO = NO;
				OTHER_SWIFT_FLAGS = "$(inherited)";
				SDKROOT = iphoneos;
				SWIFT_SWIFT3_OBJC_INFERENCE = Default;
				SWIFT_VERSION = 4.0;
				TARGETED_DEVICE_FAMILY = "1,2";
				TEAM_ID = FEM998T42U;
				VALIDATE_PRODUCT = YES;
			};
			name = Release;
		};
		9C3AD26F1BCF56900094CFF9 /* Debug */ = {
			isa = XCBuildConfiguration;
			baseConfigurationReference = B058A906AB28AC95A0483B47 /* Pods-eXo.debug.xcconfig */;
			buildSettings = {
				ASSETCATALOG_COMPILER_APPICON_NAME = AppIcon;
				CODE_SIGN_ENTITLEMENTS = eXo/eXoApp/Others/eXo.entitlements;
				CODE_SIGN_STYLE = Manual;
				EMBEDDED_CONTENT_CONTAINS_SWIFT = "$(inherited)";
				INFOPLIST_FILE = eXo/eXoApp/Others/Info.plist;
				IPHONEOS_DEPLOYMENT_TARGET = 12.3;
				LD_RUNPATH_SEARCH_PATHS = "$(inherited) @executable_path/Frameworks";
				PRODUCT_BUNDLE_IDENTIFIER = "$(APP_BUNDLE_ID)";
				PRODUCT_NAME = "$(APP_DISPLAY_NAME)";
				PROVISIONING_PROFILE_SPECIFIER = "$(APP_PROV_PROFIL)";
				SWIFT_VERSION = 4.0;
			};
			name = Debug;
		};
		9C3AD2701BCF56900094CFF9 /* Release */ = {
			isa = XCBuildConfiguration;
			baseConfigurationReference = D206C018F830186C99982959 /* Pods-eXo.release.xcconfig */;
			buildSettings = {
				ASSETCATALOG_COMPILER_APPICON_NAME = AppIcon;
				CODE_SIGN_ENTITLEMENTS = eXo/eXoApp/Others/eXo.entitlements;
				CODE_SIGN_STYLE = Manual;
				EMBEDDED_CONTENT_CONTAINS_SWIFT = "$(inherited)";
				INFOPLIST_FILE = eXo/eXoApp/Others/Info.plist;
				IPHONEOS_DEPLOYMENT_TARGET = 12.3;
				LD_RUNPATH_SEARCH_PATHS = "$(inherited) @executable_path/Frameworks";
				PRODUCT_BUNDLE_IDENTIFIER = "$(APP_BUNDLE_ID)";
				PRODUCT_NAME = "$(APP_DISPLAY_NAME)";
				PROVISIONING_PROFILE_SPECIFIER = "$(APP_PROV_PROFIL)";
				SWIFT_VERSION = 4.0;
			};
			name = Release;
		};
		9C3AD2721BCF56900094CFF9 /* Debug */ = {
			isa = XCBuildConfiguration;
			baseConfigurationReference = 3973A2E8FF636CE221FF3D6D /* Pods-eXoTests.debug.xcconfig */;
			buildSettings = {
				BUNDLE_LOADER = "$(TEST_HOST)";
				INFOPLIST_FILE = eXoTests/Info.plist;
				LD_RUNPATH_SEARCH_PATHS = "$(inherited) @executable_path/Frameworks @loader_path/Frameworks";
				PRODUCT_BUNDLE_IDENTIFIER = com.exoplatform.ios.eXoTests;
				PRODUCT_NAME = "$(TARGET_NAME)";
				SWIFT_VERSION = 4.0;
				TEST_HOST = "$(BUILT_PRODUCTS_DIR)/eXo.app/eXo";
			};
			name = Debug;
		};
		9C3AD2731BCF56900094CFF9 /* Release */ = {
			isa = XCBuildConfiguration;
			baseConfigurationReference = F8133069F7CAB26385260E0B /* Pods-eXoTests.release.xcconfig */;
			buildSettings = {
				BUNDLE_LOADER = "$(TEST_HOST)";
				INFOPLIST_FILE = eXoTests/Info.plist;
				LD_RUNPATH_SEARCH_PATHS = "$(inherited) @executable_path/Frameworks @loader_path/Frameworks";
				PRODUCT_BUNDLE_IDENTIFIER = com.exoplatform.ios.eXoTests;
				PRODUCT_NAME = "$(TARGET_NAME)";
				SWIFT_VERSION = 4.0;
				TEST_HOST = "$(BUILT_PRODUCTS_DIR)/eXo.app/eXo";
			};
			name = Release;
		};
		9C3AD2751BCF56900094CFF9 /* Debug */ = {
			isa = XCBuildConfiguration;
			baseConfigurationReference = D39BBBFBA9CFC4A211C1FFC7 /* Pods-eXoUITests.debug.xcconfig */;
			buildSettings = {
				INFOPLIST_FILE = eXoUITests/Info.plist;
				LD_RUNPATH_SEARCH_PATHS = "$(inherited) @executable_path/Frameworks @loader_path/Frameworks";
				PRODUCT_BUNDLE_IDENTIFIER = com.exoplatform.ios.eXoUITests;
				PRODUCT_NAME = "$(TARGET_NAME)";
				SWIFT_VERSION = 4.0;
				TEST_TARGET_NAME = eXo;
				USES_XCTRUNNER = YES;
			};
			name = Debug;
		};
		9C3AD2761BCF56900094CFF9 /* Release */ = {
			isa = XCBuildConfiguration;
			baseConfigurationReference = 842AC85A09814CD6FC2E9EB6 /* Pods-eXoUITests.release.xcconfig */;
			buildSettings = {
				INFOPLIST_FILE = eXoUITests/Info.plist;
				LD_RUNPATH_SEARCH_PATHS = "$(inherited) @executable_path/Frameworks @loader_path/Frameworks";
				PRODUCT_BUNDLE_IDENTIFIER = com.exoplatform.ios.eXoUITests;
				PRODUCT_NAME = "$(TARGET_NAME)";
				SWIFT_VERSION = 4.0;
				TEST_TARGET_NAME = eXo;
				USES_XCTRUNNER = YES;
			};
			name = Release;
		};
		9C3D7CFC1BDF64E0002873CB /* Debug */ = {
			isa = XCBuildConfiguration;
			baseConfigurationReference = 8C7A69E3C4C9412C81673451 /* Pods-share-extension.debug.xcconfig */;
			buildSettings = {
				ASSETCATALOG_COMPILER_APPICON_NAME = AppIcon;
				CLANG_ENABLE_MODULES = YES;
				CODE_SIGN_ENTITLEMENTS = "share-extension/share-extension.entitlements";
				CODE_SIGN_IDENTITY = "iPhone Developer";
				"CODE_SIGN_IDENTITY[sdk=iphoneos*]" = "iPhone Developer";
				CODE_SIGN_STYLE = Manual;
				DEFINES_MODULE = YES;
				DEVELOPMENT_TEAM = FEM998T42U;
				EMBEDDED_CONTENT_CONTAINS_SWIFT = "$(inherited)";
				INFOPLIST_FILE = "share-extension/Info.plist";
				LD_RUNPATH_SEARCH_PATHS = "$(inherited) @executable_path/Frameworks @executable_path/../../Frameworks";
				PRODUCT_BUNDLE_IDENTIFIER = "$(APP_BUNDLE_ID).share-extension";
				PRODUCT_NAME = "$(TARGET_NAME)";
				PROVISIONING_PROFILE_SPECIFIER = "$(EXT_PROV_PROFIL)";
				SKIP_INSTALL = YES;
				SWIFT_OBJC_BRIDGING_HEADER = "share-extension/share-extension-Bridging-Header.h";
				SWIFT_OPTIMIZATION_LEVEL = "-Onone";
				SWIFT_VERSION = 4.0;
			};
			name = Debug;
		};
		9C3D7CFD1BDF64E0002873CB /* Release */ = {
			isa = XCBuildConfiguration;
			baseConfigurationReference = 30ECFD8588CD3D602EC5DF8A /* Pods-share-extension.release.xcconfig */;
			buildSettings = {
				ASSETCATALOG_COMPILER_APPICON_NAME = AppIcon;
				CLANG_ENABLE_MODULES = YES;
				CODE_SIGN_ENTITLEMENTS = "share-extension/share-extension.entitlements";
				CODE_SIGN_IDENTITY = "iPhone Distribution";
				"CODE_SIGN_IDENTITY[sdk=iphoneos*]" = "iPhone Distribution";
				CODE_SIGN_STYLE = Manual;
				DEFINES_MODULE = YES;
				DEVELOPMENT_TEAM = FEM998T42U;
				EMBEDDED_CONTENT_CONTAINS_SWIFT = "$(inherited)";
				INFOPLIST_FILE = "share-extension/Info.plist";
				LD_RUNPATH_SEARCH_PATHS = "$(inherited) @executable_path/Frameworks @executable_path/../../Frameworks";
				PRODUCT_BUNDLE_IDENTIFIER = "$(APP_BUNDLE_ID).share-extension";
				PRODUCT_NAME = "$(TARGET_NAME)";
				PROVISIONING_PROFILE_SPECIFIER = "$(EXT_PROV_PROFIL)";
				SKIP_INSTALL = YES;
				SWIFT_OBJC_BRIDGING_HEADER = "share-extension/share-extension-Bridging-Header.h";
				SWIFT_VERSION = 4.0;
			};
			name = Release;
		};
/* End XCBuildConfiguration section */

/* Begin XCConfigurationList section */
		57DFE9D91C59D05D00A91DA5 /* Build configuration list for PBXNativeTarget "eXoSnapshots" */ = {
			isa = XCConfigurationList;
			buildConfigurations = (
				57DFE9DA1C59D05D00A91DA5 /* Debug */,
				57DFE9DB1C59D05D00A91DA5 /* Release */,
			);
			defaultConfigurationIsVisible = 0;
			defaultConfigurationName = Release;
		};
		9C3AD2411BCF56900094CFF9 /* Build configuration list for PBXProject "eXo" */ = {
			isa = XCConfigurationList;
			buildConfigurations = (
				9C3AD26C1BCF56900094CFF9 /* Debug */,
				9C3AD26D1BCF56900094CFF9 /* Release */,
			);
			defaultConfigurationIsVisible = 0;
			defaultConfigurationName = Release;
		};
		9C3AD26E1BCF56900094CFF9 /* Build configuration list for PBXNativeTarget "eXo" */ = {
			isa = XCConfigurationList;
			buildConfigurations = (
				9C3AD26F1BCF56900094CFF9 /* Debug */,
				9C3AD2701BCF56900094CFF9 /* Release */,
			);
			defaultConfigurationIsVisible = 0;
			defaultConfigurationName = Release;
		};
		9C3AD2711BCF56900094CFF9 /* Build configuration list for PBXNativeTarget "eXoTests" */ = {
			isa = XCConfigurationList;
			buildConfigurations = (
				9C3AD2721BCF56900094CFF9 /* Debug */,
				9C3AD2731BCF56900094CFF9 /* Release */,
			);
			defaultConfigurationIsVisible = 0;
			defaultConfigurationName = Release;
		};
		9C3AD2741BCF56900094CFF9 /* Build configuration list for PBXNativeTarget "eXoUITests" */ = {
			isa = XCConfigurationList;
			buildConfigurations = (
				9C3AD2751BCF56900094CFF9 /* Debug */,
				9C3AD2761BCF56900094CFF9 /* Release */,
			);
			defaultConfigurationIsVisible = 0;
			defaultConfigurationName = Release;
		};
		9C3D7CFE1BDF64E0002873CB /* Build configuration list for PBXNativeTarget "share-extension" */ = {
			isa = XCConfigurationList;
			buildConfigurations = (
				9C3D7CFC1BDF64E0002873CB /* Debug */,
				9C3D7CFD1BDF64E0002873CB /* Release */,
			);
			defaultConfigurationIsVisible = 0;
			defaultConfigurationName = Release;
		};
/* End XCConfigurationList section */
	};
	rootObject = 9C3AD23E1BCF56900094CFF9 /* Project object */;
}
