// !$*UTF8*$!
{
	archiveVersion = 1;
	classes = {
	};
	objectVersion = 54;
	objects = {

/* Begin PBXBuildFile section */
		39F0D33D660B661C0C1413B0 /* Pods_share_extension.framework in Frameworks */ = {isa = PBXBuildFile; fileRef = 02DC90271DEBBB80E1941D3D /* Pods_share_extension.framework */; };
		3C6C7F9B6F686CE5452284C3 /* Pods_eXoTests.framework in Frameworks */ = {isa = PBXBuildFile; fileRef = 653A8A7A8A5D38CD79FE12A6 /* Pods_eXoTests.framework */; };
		57D568331BEB15C000C13C7E /* TestServer.swift in Sources */ = {isa = PBXBuildFile; fileRef = 57D568321BEB15C000C13C7E /* TestServer.swift */; };
		57D568351BEB41B700C13C7E /* TestServerManager.swift in Sources */ = {isa = PBXBuildFile; fileRef = 57D568341BEB41B700C13C7E /* TestServerManager.swift */; };
		57D568371BEB48BC00C13C7E /* FakeUserDefaults.swift in Sources */ = {isa = PBXBuildFile; fileRef = 57D568361BEB48BC00C13C7E /* FakeUserDefaults.swift */; };
		57DFE9E51C5B81D800A91DA5 /* eXoSnapshots.swift in Sources */ = {isa = PBXBuildFile; fileRef = 57DFE9E21C5B81D800A91DA5 /* eXoSnapshots.swift */; };
		57DFE9E71C5B81D800A91DA5 /* SnapshotHelper.swift in Sources */ = {isa = PBXBuildFile; fileRef = 57DFE9E41C5B81D800A91DA5 /* SnapshotHelper.swift */; };
		6EF8F89917781255C9B4AED3 /* Pods_eXo.framework in Frameworks */ = {isa = PBXBuildFile; fileRef = F2900ACB861B80174C702178 /* Pods_eXo.framework */; };
		960EB4977A61CA1C3EB11C8C /* Pods_eXoUITests.framework in Frameworks */ = {isa = PBXBuildFile; fileRef = 66C26204C329501E08020CFD /* Pods_eXoUITests.framework */; };
		9C032DCA1BE31EE5006F0577 /* String+URL.swift in Sources */ = {isa = PBXBuildFile; fileRef = 9C032DC91BE31EE5006F0577 /* String+URL.swift */; };
		9C032DCB1BE34BDA006F0577 /* String+URL.swift in Sources */ = {isa = PBXBuildFile; fileRef = 9C032DC91BE31EE5006F0577 /* String+URL.swift */; };
		9C032DCD1BE3566B006F0577 /* AccountCell.swift in Sources */ = {isa = PBXBuildFile; fileRef = 9C032DCC1BE3566B006F0577 /* AccountCell.swift */; };
		9C032E0D1BE38DEF006F0577 /* Assets.xcassets in Resources */ = {isa = PBXBuildFile; fileRef = 9C3AD2501BCF56900094CFF9 /* Assets.xcassets */; };
		9C032E1C1BE754F5006F0577 /* Main.storyboard in Resources */ = {isa = PBXBuildFile; fileRef = 9C3AD24D1BCF56900094CFF9 /* Main.storyboard */; };
		9C032E211BE75667006F0577 /* Localizable.strings in Resources */ = {isa = PBXBuildFile; fileRef = 9C032E231BE75667006F0577 /* Localizable.strings */; };
		9C032E381BEA1495006F0577 /* eXoWebBaseViewController.swift in Sources */ = {isa = PBXBuildFile; fileRef = 9C032E371BEA1495006F0577 /* eXoWebBaseViewController.swift */; };
		9C032E3A1BEA17DE006F0577 /* PreviewController.swift in Sources */ = {isa = PBXBuildFile; fileRef = 9C032E391BEA17DE006F0577 /* PreviewController.swift */; };
		9C13B4D41BE20ED9007D7645 /* Security.framework in Frameworks */ = {isa = PBXBuildFile; fileRef = 9C13B4D31BE20ED9007D7645 /* Security.framework */; };
		9C18EBBE1C3124DC00A75DD8 /* TableHeaderView.swift in Sources */ = {isa = PBXBuildFile; fileRef = 9C18EBBD1C3124DC00A75DD8 /* TableHeaderView.swift */; };
		9C18EBC01C3124ED00A75DD8 /* TableHeaderView.xib in Resources */ = {isa = PBXBuildFile; fileRef = 9C18EBBF1C3124ED00A75DD8 /* TableHeaderView.xib */; };
		9C18EC141C34DC8B00A75DD8 /* TestServerSelectScreen.swift in Sources */ = {isa = PBXBuildFile; fileRef = 9C18EC131C34DC8B00A75DD8 /* TestServerSelectScreen.swift */; };
		9C3AD24A1BCF56900094CFF9 /* eXoAppDelegate.swift in Sources */ = {isa = PBXBuildFile; fileRef = 9C3AD2491BCF56900094CFF9 /* eXoAppDelegate.swift */; };
		9C3AD24F1BCF56900094CFF9 /* Main.storyboard in Resources */ = {isa = PBXBuildFile; fileRef = 9C3AD24D1BCF56900094CFF9 /* Main.storyboard */; };
		9C3AD2511BCF56900094CFF9 /* Assets.xcassets in Resources */ = {isa = PBXBuildFile; fileRef = 9C3AD2501BCF56900094CFF9 /* Assets.xcassets */; };
		9C3AD2541BCF56900094CFF9 /* LaunchScreen.storyboard in Resources */ = {isa = PBXBuildFile; fileRef = 9C3AD2521BCF56900094CFF9 /* LaunchScreen.storyboard */; };
		9C3AD25F1BCF56900094CFF9 /* eXoBaseTestCase.swift in Sources */ = {isa = PBXBuildFile; fileRef = 9C3AD25E1BCF56900094CFF9 /* eXoBaseTestCase.swift */; };
		9C3AD26A1BCF56900094CFF9 /* eXoUIBaseTestCase.swift in Sources */ = {isa = PBXBuildFile; fileRef = 9C3AD2691BCF56900094CFF9 /* eXoUIBaseTestCase.swift */; };
		9C3AD2861BCF9E570094CFF9 /* defines.swift in Sources */ = {isa = PBXBuildFile; fileRef = 9C3AD2851BCF9E570094CFF9 /* defines.swift */; };
		9C3AD2881BCFA3400094CFF9 /* Server.swift in Sources */ = {isa = PBXBuildFile; fileRef = 9C3AD2871BCFA3400094CFF9 /* Server.swift */; };
		9C3D7CF41BDF64E0002873CB /* ShareViewController.m in Sources */ = {isa = PBXBuildFile; fileRef = 9C3D7CF31BDF64E0002873CB /* ShareViewController.m */; };
		9C3D7CF71BDF64E0002873CB /* MainInterface.storyboard in Resources */ = {isa = PBXBuildFile; fileRef = 9C3D7CF51BDF64E0002873CB /* MainInterface.storyboard */; };
		9C3D7CFB1BDF64E0002873CB /* share-extension.appex in Embed Foundation Extensions */ = {isa = PBXBuildFile; fileRef = 9C3D7CF01BDF64E0002873CB /* share-extension.appex */; settings = {ATTRIBUTES = (RemoveHeadersOnCopy, ); }; };
		9C3D7D121BDF68E0002873CB /* Account.m in Sources */ = {isa = PBXBuildFile; fileRef = 9C3D7D021BDF68E0002873CB /* Account.m */; };
		9C3D7D131BDF68E0002873CB /* AccountViewController.m in Sources */ = {isa = PBXBuildFile; fileRef = 9C3D7D041BDF68E0002873CB /* AccountViewController.m */; };
		9C3D7D161BDF68E0002873CB /* PostActivity.m in Sources */ = {isa = PBXBuildFile; fileRef = 9C3D7D091BDF68E0002873CB /* PostActivity.m */; };
		9C3D7D171BDF68E0002873CB /* PostItem.m in Sources */ = {isa = PBXBuildFile; fileRef = 9C3D7D0B1BDF68E0002873CB /* PostItem.m */; };
		9C3D7D181BDF68E0002873CB /* SocialSpace.m in Sources */ = {isa = PBXBuildFile; fileRef = 9C3D7D0D1BDF68E0002873CB /* SocialSpace.m */; };
		9C3D7D191BDF68E0002873CB /* SpaceViewController.m in Sources */ = {isa = PBXBuildFile; fileRef = 9C3D7D0F1BDF68E0002873CB /* SpaceViewController.m */; };
		9C3D7D1A1BDF68E0002873CB /* UploadViewController.m in Sources */ = {isa = PBXBuildFile; fileRef = 9C3D7D111BDF68E0002873CB /* UploadViewController.m */; };
		9C3D7D1E1BDF6BA3002873CB /* eXo.entitlements in Resources */ = {isa = PBXBuildFile; fileRef = 9C3D7D1D1BDF6BA3002873CB /* eXo.entitlements */; };
		9C3D7D2D1BE0BE97002873CB /* InputAccountViewController.swift in Sources */ = {isa = PBXBuildFile; fileRef = 9C3D7D2C1BE0BE97002873CB /* InputAccountViewController.swift */; };
		9C935F7E1BD60286009C065B /* Tool.swift in Sources */ = {isa = PBXBuildFile; fileRef = 9C935F7D1BD60286009C065B /* Tool.swift */; };
		9C935F801BD61D5A009C065B /* ServerManager.swift in Sources */ = {isa = PBXBuildFile; fileRef = 9C935F7F1BD61D5A009C065B /* ServerManager.swift */; };
		9C935F851BD64DAD009C065B /* Localizable.strings in Resources */ = {isa = PBXBuildFile; fileRef = 9C935F871BD64DAD009C065B /* Localizable.strings */; };
		9C935F8B1BD8A079009C065B /* HomePageViewController.swift in Sources */ = {isa = PBXBuildFile; fileRef = 9C935F8A1BD8A079009C065B /* HomePageViewController.swift */; };
		9C978B7A1BDA21E900FC689D /* InfoPlist.strings in Resources */ = {isa = PBXBuildFile; fileRef = 9C978B7C1BDA21E900FC689D /* InfoPlist.strings */; };
		9CB9F1011BD4A08100511E48 /* PlaceholderTextView.swift in Sources */ = {isa = PBXBuildFile; fileRef = 9CB9F1001BD4A08100511E48 /* PlaceholderTextView.swift */; };
		9CD8445B1C1E757900A824D2 /* TestSetting.swift in Sources */ = {isa = PBXBuildFile; fileRef = 9CD8445A1C1E757900A824D2 /* TestSetting.swift */; };
		9CD8445D1C1E866700A824D2 /* TestAddServer.swift in Sources */ = {isa = PBXBuildFile; fileRef = 9CD8445C1C1E866700A824D2 /* TestAddServer.swift */; };
		9CF2861A1BE1DE7D00DC4C26 /* AccountManager.m in Sources */ = {isa = PBXBuildFile; fileRef = 9CF286191BE1DE7D00DC4C26 /* AccountManager.m */; };
		AB18539C206A2CF100D9726C /* GoogleService-Info.plist in Resources */ = {isa = PBXBuildFile; fileRef = AB18539B206A2CF100D9726C /* GoogleService-Info.plist */; };
		AB542EAB215CD8FC00A9ED5A /* ToolTest.swift in Sources */ = {isa = PBXBuildFile; fileRef = AB542EAA215CD8FC00A9ED5A /* ToolTest.swift */; };
		B56257E7202AD9AB00A6CE41 /* CookiesFromAuthorizationFetcher.swift in Sources */ = {isa = PBXBuildFile; fileRef = B56257E6202AD9AB00A6CE41 /* CookiesFromAuthorizationFetcher.swift */; };
		B56257E9202ADA0D00A6CE41 /* TestCookiesFromAuthorizationFetcher.swift in Sources */ = {isa = PBXBuildFile; fileRef = B56257E8202ADA0D00A6CE41 /* TestCookiesFromAuthorizationFetcher.swift */; };
		B5C7335A201F1B0700A2EA71 /* PushTokenSynchronizer.swift in Sources */ = {isa = PBXBuildFile; fileRef = B5C73359201F1B0700A2EA71 /* PushTokenSynchronizer.swift */; };
		B5C7335C201F1D0800A2EA71 /* PushTokenRestClient.swift in Sources */ = {isa = PBXBuildFile; fileRef = B5C7335B201F1D0800A2EA71 /* PushTokenRestClient.swift */; };
		B5C7335F201F266800A2EA71 /* StringExtension.swift in Sources */ = {isa = PBXBuildFile; fileRef = B5C7335E201F266800A2EA71 /* StringExtension.swift */; };
		B5C73362201F32B700A2EA71 /* CookiesInterceptor.swift in Sources */ = {isa = PBXBuildFile; fileRef = B5C73361201F32B700A2EA71 /* CookiesInterceptor.swift */; };
		D79611BC26778ACC00F2FDE8 /* HeaderConnectCell.swift in Sources */ = {isa = PBXBuildFile; fileRef = D79611B526778ACC00F2FDE8 /* HeaderConnectCell.swift */; };
		D79611BD26778ACC00F2FDE8 /* HeaderConnectCell.xib in Resources */ = {isa = PBXBuildFile; fileRef = D79611B626778ACC00F2FDE8 /* HeaderConnectCell.xib */; };
		D79611BE26778ACC00F2FDE8 /* ServerCell.swift in Sources */ = {isa = PBXBuildFile; fileRef = D79611B826778ACC00F2FDE8 /* ServerCell.swift */; };
		D79611BF26778ACC00F2FDE8 /* ServerCell.xib in Resources */ = {isa = PBXBuildFile; fileRef = D79611B926778ACC00F2FDE8 /* ServerCell.xib */; };
		D79611C026778ACC00F2FDE8 /* ConnectToExoViewController.xib in Resources */ = {isa = PBXBuildFile; fileRef = D79611BA26778ACC00F2FDE8 /* ConnectToExoViewController.xib */; };
		D79611C126778ACC00F2FDE8 /* ConnectToExoViewController.swift in Sources */ = {isa = PBXBuildFile; fileRef = D79611BB26778ACC00F2FDE8 /* ConnectToExoViewController.swift */; };
		D79611C826778AFD00F2FDE8 /* UIView-Extension.swift in Sources */ = {isa = PBXBuildFile; fileRef = D79611C726778AFD00F2FDE8 /* UIView-Extension.swift */; };
		D79611CF26778B1E00F2FDE8 /* UIColor-Extension.swift in Sources */ = {isa = PBXBuildFile; fileRef = D79611CE26778B1E00F2FDE8 /* UIColor-Extension.swift */; };
		D79611F22677A87000F2FDE8 /* AddDomainViewController.swift in Sources */ = {isa = PBXBuildFile; fileRef = D79611F02677A87000F2FDE8 /* AddDomainViewController.swift */; };
		D79611F32677A87000F2FDE8 /* AddDomainViewController.xib in Resources */ = {isa = PBXBuildFile; fileRef = D79611F12677A87000F2FDE8 /* AddDomainViewController.xib */; };
		D7C0FADA267BA37D00C579EB /* NSMutableAttributedString-Extension.swift in Sources */ = {isa = PBXBuildFile; fileRef = D7C0FAD9267BA37D00C579EB /* NSMutableAttributedString-Extension.swift */; };
		D7F12D2F26789E08007C8294 /* CustomPopupViewController.xib in Resources */ = {isa = PBXBuildFile; fileRef = D7F12D2D26789E07007C8294 /* CustomPopupViewController.xib */; };
		D7F12D3026789E08007C8294 /* CustomPopupViewController.swift in Sources */ = {isa = PBXBuildFile; fileRef = D7F12D2E26789E07007C8294 /* CustomPopupViewController.swift */; };
		DB08660627B5539800504C7B /* Ringtone.mp3 in Resources */ = {isa = PBXBuildFile; fileRef = DB08660527B5539800504C7B /* Ringtone.mp3 */; };
		DB31D88826A1EF5D00D25F96 /* Connectivity.swift in Sources */ = {isa = PBXBuildFile; fileRef = DB31D88626A1EF5D00D25F96 /* Connectivity.swift */; };
		DB31D88926A1EF5D00D25F96 /* Reachability.swift in Sources */ = {isa = PBXBuildFile; fileRef = DB31D88726A1EF5D00D25F96 /* Reachability.swift */; };
		DB373219267F78830065C7A5 /* UIViewController-Extension.swift in Sources */ = {isa = PBXBuildFile; fileRef = DB373218267F78830065C7A5 /* UIViewController-Extension.swift */; };
		DB37321B267F79690065C7A5 /* NotificationName-Extension.swift in Sources */ = {isa = PBXBuildFile; fileRef = DB37321A267F79690065C7A5 /* NotificationName-Extension.swift */; };
		DB3CE0A9269C8B6100622057 /* slide2_gif-FR.gif in Resources */ = {isa = PBXBuildFile; fileRef = DB3CE0A6269C8B6100622057 /* slide2_gif-FR.gif */; };
		DB3CE0AC269C8F7F00622057 /* UIImage-Gif.swift in Sources */ = {isa = PBXBuildFile; fileRef = DB3CE0AB269C8F7F00622057 /* UIImage-Gif.swift */; };
		DB54A563279971270080B25A /* Bundle-Extension.swift in Sources */ = {isa = PBXBuildFile; fileRef = DB54A562279971270080B25A /* Bundle-Extension.swift */; };
		DB6A4E6626949CFB00809B53 /* OnboardingViewController.xib in Resources */ = {isa = PBXBuildFile; fileRef = DB6A4E6126949CFB00809B53 /* OnboardingViewController.xib */; };
		DB6A4E6726949CFB00809B53 /* OnboardingCell.swift in Sources */ = {isa = PBXBuildFile; fileRef = DB6A4E6326949CFB00809B53 /* OnboardingCell.swift */; };
		DB6A4E6826949CFB00809B53 /* OnboardingCell.xib in Resources */ = {isa = PBXBuildFile; fileRef = DB6A4E6426949CFB00809B53 /* OnboardingCell.xib */; };
		DB6A4E6926949CFB00809B53 /* OnboardingViewController.swift in Sources */ = {isa = PBXBuildFile; fileRef = DB6A4E6526949CFB00809B53 /* OnboardingViewController.swift */; };
		DB6B9818272032D200D20677 /* slide3_gif-EN.gif in Resources */ = {isa = PBXBuildFile; fileRef = DB6B9816272032D200D20677 /* slide3_gif-EN.gif */; };
		DB6B9819272032D200D20677 /* slide3_gif-FR.gif in Resources */ = {isa = PBXBuildFile; fileRef = DB6B9817272032D200D20677 /* slide3_gif-FR.gif */; };
		DB6E0332269C9FBC009AEA94 /* slide2_gif-EN.gif in Resources */ = {isa = PBXBuildFile; fileRef = DB6E0330269C9FBC009AEA94 /* slide2_gif-EN.gif */; };
		DB824AD82716EED70087C79B /* slide1_gif-FR.gif in Resources */ = {isa = PBXBuildFile; fileRef = DB824AD62716EED70087C79B /* slide1_gif-FR.gif */; };
		DB824AD92716EED70087C79B /* slide1_gif-EN.gif in Resources */ = {isa = PBXBuildFile; fileRef = DB824AD72716EED70087C79B /* slide1_gif-EN.gif */; };
		DBC0162B27AAEDFD004D1684 /* CheckUpdatePopupVC.xib in Resources */ = {isa = PBXBuildFile; fileRef = DBC0162927AAEDFD004D1684 /* CheckUpdatePopupVC.xib */; };
		DBC0162C27AAEDFD004D1684 /* CheckUpdatePopupVC.swift in Sources */ = {isa = PBXBuildFile; fileRef = DBC0162A27AAEDFD004D1684 /* CheckUpdatePopupVC.swift */; };
		DBC0162E27AAEE0C004D1684 /* CheckStoreUpdate.swift in Sources */ = {isa = PBXBuildFile; fileRef = DBC0162D27AAEE0C004D1684 /* CheckStoreUpdate.swift */; };
		DBC878C2269683070036EB0F /* QRCodeScannerViewController.xib in Resources */ = {isa = PBXBuildFile; fileRef = DBC878C0269683070036EB0F /* QRCodeScannerViewController.xib */; };
		DBC878C3269683070036EB0F /* QRCodeScannerViewController.swift in Sources */ = {isa = PBXBuildFile; fileRef = DBC878C1269683070036EB0F /* QRCodeScannerViewController.swift */; };
		DBCA1F56285888820058FCD6 /* LeakAvoider.swift in Sources */ = {isa = PBXBuildFile; fileRef = DBCA1F55285888820058FCD6 /* LeakAvoider.swift */; };
		DBFD7354286A447A000308A5 /* BannerView.swift in Sources */ = {isa = PBXBuildFile; fileRef = DBFD7352286A447A000308A5 /* BannerView.swift */; };
		DBFD7355286A447A000308A5 /* BannerView.xib in Resources */ = {isa = PBXBuildFile; fileRef = DBFD7353286A447A000308A5 /* BannerView.xib */; };
/* End PBXBuildFile section */

/* Begin PBXContainerItemProxy section */
		57DFE9D71C59D05C00A91DA5 /* PBXContainerItemProxy */ = {
			isa = PBXContainerItemProxy;
			containerPortal = 9C3AD23E1BCF56900094CFF9 /* Project object */;
			proxyType = 1;
			remoteGlobalIDString = 9C3AD2451BCF56900094CFF9;
			remoteInfo = eXo;
		};
		9C3AD25B1BCF56900094CFF9 /* PBXContainerItemProxy */ = {
			isa = PBXContainerItemProxy;
			containerPortal = 9C3AD23E1BCF56900094CFF9 /* Project object */;
			proxyType = 1;
			remoteGlobalIDString = 9C3AD2451BCF56900094CFF9;
			remoteInfo = eXo;
		};
		9C3AD2661BCF56900094CFF9 /* PBXContainerItemProxy */ = {
			isa = PBXContainerItemProxy;
			containerPortal = 9C3AD23E1BCF56900094CFF9 /* Project object */;
			proxyType = 1;
			remoteGlobalIDString = 9C3AD2451BCF56900094CFF9;
			remoteInfo = eXo;
		};
		9C3D7CF91BDF64E0002873CB /* PBXContainerItemProxy */ = {
			isa = PBXContainerItemProxy;
			containerPortal = 9C3AD23E1BCF56900094CFF9 /* Project object */;
			proxyType = 1;
			remoteGlobalIDString = 9C3D7CEF1BDF64E0002873CB;
			remoteInfo = "share-extension";
		};
/* End PBXContainerItemProxy section */

/* Begin PBXCopyFilesBuildPhase section */
		9C3D7CFF1BDF64E0002873CB /* Embed Foundation Extensions */ = {
			isa = PBXCopyFilesBuildPhase;
			buildActionMask = 2147483647;
			dstPath = "";
			dstSubfolderSpec = 13;
			files = (
				9C3D7CFB1BDF64E0002873CB /* share-extension.appex in Embed Foundation Extensions */,
			);
			name = "Embed Foundation Extensions";
			runOnlyForDeploymentPostprocessing = 0;
		};
		DB86FC6B281C514900044FCA /* Embed Frameworks */ = {
			isa = PBXCopyFilesBuildPhase;
			buildActionMask = 2147483647;
			dstPath = "";
			dstSubfolderSpec = 10;
			files = (
			);
			name = "Embed Frameworks";
			runOnlyForDeploymentPostprocessing = 0;
		};
/* End PBXCopyFilesBuildPhase section */

/* Begin PBXFileReference section */
		02DC90271DEBBB80E1941D3D /* Pods_share_extension.framework */ = {isa = PBXFileReference; explicitFileType = wrapper.framework; includeInIndex = 0; path = Pods_share_extension.framework; sourceTree = BUILT_PRODUCTS_DIR; };
		3FC47EC610FFAD7AD945175C /* Pods-eXo.release.xcconfig */ = {isa = PBXFileReference; includeInIndex = 1; lastKnownFileType = text.xcconfig; name = "Pods-eXo.release.xcconfig"; path = "Target Support Files/Pods-eXo/Pods-eXo.release.xcconfig"; sourceTree = "<group>"; };
		430FE9B666D6B9638248757B /* Pods-eXoTests.release.xcconfig */ = {isa = PBXFileReference; includeInIndex = 1; lastKnownFileType = text.xcconfig; name = "Pods-eXoTests.release.xcconfig"; path = "Target Support Files/Pods-eXoTests/Pods-eXoTests.release.xcconfig"; sourceTree = "<group>"; };
		5711ABE91BEC9DA200D60E4B /* fastlane */ = {isa = PBXFileReference; lastKnownFileType = folder; path = fastlane; sourceTree = "<group>"; };
		573F07011C55E04700AD296E /* en */ = {isa = PBXFileReference; lastKnownFileType = text.plist.strings; name = en; path = en.lproj/Main.strings; sourceTree = "<group>"; };
		573F07031C55E04A00AD296E /* fr */ = {isa = PBXFileReference; lastKnownFileType = text.plist.strings; name = fr; path = fr.lproj/Main.strings; sourceTree = "<group>"; };
		57D568321BEB15C000C13C7E /* TestServer.swift */ = {isa = PBXFileReference; fileEncoding = 4; lastKnownFileType = sourcecode.swift; path = TestServer.swift; sourceTree = "<group>"; };
		57D568341BEB41B700C13C7E /* TestServerManager.swift */ = {isa = PBXFileReference; fileEncoding = 4; lastKnownFileType = sourcecode.swift; path = TestServerManager.swift; sourceTree = "<group>"; };
		57D568361BEB48BC00C13C7E /* FakeUserDefaults.swift */ = {isa = PBXFileReference; fileEncoding = 4; lastKnownFileType = sourcecode.swift; path = FakeUserDefaults.swift; sourceTree = "<group>"; };
		57DFE9D21C59D05C00A91DA5 /* eXoSnapshots.xctest */ = {isa = PBXFileReference; explicitFileType = wrapper.cfbundle; includeInIndex = 0; path = eXoSnapshots.xctest; sourceTree = BUILT_PRODUCTS_DIR; };
		57DFE9E21C5B81D800A91DA5 /* eXoSnapshots.swift */ = {isa = PBXFileReference; fileEncoding = 4; lastKnownFileType = sourcecode.swift; path = eXoSnapshots.swift; sourceTree = "<group>"; };
		57DFE9E31C5B81D800A91DA5 /* Info.plist */ = {isa = PBXFileReference; fileEncoding = 4; lastKnownFileType = text.plist.xml; path = Info.plist; sourceTree = "<group>"; };
		57DFE9E41C5B81D800A91DA5 /* SnapshotHelper.swift */ = {isa = PBXFileReference; fileEncoding = 4; lastKnownFileType = sourcecode.swift; path = SnapshotHelper.swift; sourceTree = "<group>"; };
		5B178F2A34B220157F0224B5 /* Pods-eXoUITests.debug.xcconfig */ = {isa = PBXFileReference; includeInIndex = 1; lastKnownFileType = text.xcconfig; name = "Pods-eXoUITests.debug.xcconfig"; path = "Target Support Files/Pods-eXoUITests/Pods-eXoUITests.debug.xcconfig"; sourceTree = "<group>"; };
		653A8A7A8A5D38CD79FE12A6 /* Pods_eXoTests.framework */ = {isa = PBXFileReference; explicitFileType = wrapper.framework; includeInIndex = 0; path = Pods_eXoTests.framework; sourceTree = BUILT_PRODUCTS_DIR; };
		66C26204C329501E08020CFD /* Pods_eXoUITests.framework */ = {isa = PBXFileReference; explicitFileType = wrapper.framework; includeInIndex = 0; path = Pods_eXoUITests.framework; sourceTree = BUILT_PRODUCTS_DIR; };
		868C2C63A1B89E5C0BADF9CF /* Pods-share-extension.release.xcconfig */ = {isa = PBXFileReference; includeInIndex = 1; lastKnownFileType = text.xcconfig; name = "Pods-share-extension.release.xcconfig"; path = "Target Support Files/Pods-share-extension/Pods-share-extension.release.xcconfig"; sourceTree = "<group>"; };
		9C032DC91BE31EE5006F0577 /* String+URL.swift */ = {isa = PBXFileReference; fileEncoding = 4; lastKnownFileType = sourcecode.swift; path = "String+URL.swift"; sourceTree = "<group>"; };
		9C032DCC1BE3566B006F0577 /* AccountCell.swift */ = {isa = PBXFileReference; fileEncoding = 4; lastKnownFileType = sourcecode.swift; path = AccountCell.swift; sourceTree = "<group>"; };
		9C032E241BE75669006F0577 /* en */ = {isa = PBXFileReference; lastKnownFileType = text.plist.strings; name = en; path = en.lproj/Localizable.strings; sourceTree = "<group>"; };
		9C032E251BE7566B006F0577 /* fr */ = {isa = PBXFileReference; lastKnownFileType = text.plist.strings; name = fr; path = fr.lproj/Localizable.strings; sourceTree = "<group>"; };
		9C032E2C1BE76DC2006F0577 /* Base */ = {isa = PBXFileReference; lastKnownFileType = file.storyboard; name = Base; path = Base.lproj/MainInterface.storyboard; sourceTree = "<group>"; };
		9C032E2F1BE76DD9006F0577 /* fr */ = {isa = PBXFileReference; lastKnownFileType = text.plist.strings; name = fr; path = fr.lproj/MainInterface.strings; sourceTree = "<group>"; };
		9C032E371BEA1495006F0577 /* eXoWebBaseViewController.swift */ = {isa = PBXFileReference; fileEncoding = 4; lastKnownFileType = sourcecode.swift; path = eXoWebBaseViewController.swift; sourceTree = "<group>"; };
		9C032E391BEA17DE006F0577 /* PreviewController.swift */ = {isa = PBXFileReference; fileEncoding = 4; lastKnownFileType = sourcecode.swift; path = PreviewController.swift; sourceTree = "<group>"; };
		9C13B4D31BE20ED9007D7645 /* Security.framework */ = {isa = PBXFileReference; lastKnownFileType = wrapper.framework; name = Security.framework; path = System/Library/Frameworks/Security.framework; sourceTree = SDKROOT; };
		9C18EBBD1C3124DC00A75DD8 /* TableHeaderView.swift */ = {isa = PBXFileReference; fileEncoding = 4; lastKnownFileType = sourcecode.swift; path = TableHeaderView.swift; sourceTree = "<group>"; };
		9C18EBBF1C3124ED00A75DD8 /* TableHeaderView.xib */ = {isa = PBXFileReference; fileEncoding = 4; lastKnownFileType = file.xib; path = TableHeaderView.xib; sourceTree = "<group>"; };
		9C18EC131C34DC8B00A75DD8 /* TestServerSelectScreen.swift */ = {isa = PBXFileReference; fileEncoding = 4; lastKnownFileType = sourcecode.swift; path = TestServerSelectScreen.swift; sourceTree = "<group>"; };
		9C3AD2461BCF56900094CFF9 /* eXo.app */ = {isa = PBXFileReference; explicitFileType = wrapper.application; includeInIndex = 0; path = eXo.app; sourceTree = BUILT_PRODUCTS_DIR; };
		9C3AD2491BCF56900094CFF9 /* eXoAppDelegate.swift */ = {isa = PBXFileReference; lastKnownFileType = sourcecode.swift; path = eXoAppDelegate.swift; sourceTree = "<group>"; };
		9C3AD24E1BCF56900094CFF9 /* Base */ = {isa = PBXFileReference; lastKnownFileType = file.storyboard; name = Base; path = Base.lproj/Main.storyboard; sourceTree = "<group>"; };
		9C3AD2501BCF56900094CFF9 /* Assets.xcassets */ = {isa = PBXFileReference; lastKnownFileType = folder.assetcatalog; path = Assets.xcassets; sourceTree = "<group>"; };
		9C3AD2531BCF56900094CFF9 /* Base */ = {isa = PBXFileReference; lastKnownFileType = file.storyboard; name = Base; path = Base.lproj/LaunchScreen.storyboard; sourceTree = "<group>"; };
		9C3AD2551BCF56900094CFF9 /* Info.plist */ = {isa = PBXFileReference; lastKnownFileType = text.plist.xml; path = Info.plist; sourceTree = "<group>"; };
		9C3AD25A1BCF56900094CFF9 /* eXoTests.xctest */ = {isa = PBXFileReference; explicitFileType = wrapper.cfbundle; includeInIndex = 0; path = eXoTests.xctest; sourceTree = BUILT_PRODUCTS_DIR; };
		9C3AD25E1BCF56900094CFF9 /* eXoBaseTestCase.swift */ = {isa = PBXFileReference; lastKnownFileType = sourcecode.swift; path = eXoBaseTestCase.swift; sourceTree = "<group>"; };
		9C3AD2601BCF56900094CFF9 /* Info.plist */ = {isa = PBXFileReference; lastKnownFileType = text.plist.xml; path = Info.plist; sourceTree = "<group>"; };
		9C3AD2651BCF56900094CFF9 /* eXoUITests.xctest */ = {isa = PBXFileReference; explicitFileType = wrapper.cfbundle; includeInIndex = 0; path = eXoUITests.xctest; sourceTree = BUILT_PRODUCTS_DIR; };
		9C3AD2691BCF56900094CFF9 /* eXoUIBaseTestCase.swift */ = {isa = PBXFileReference; lastKnownFileType = sourcecode.swift; path = eXoUIBaseTestCase.swift; sourceTree = "<group>"; };
		9C3AD26B1BCF56900094CFF9 /* Info.plist */ = {isa = PBXFileReference; lastKnownFileType = text.plist.xml; path = Info.plist; sourceTree = "<group>"; };
		9C3AD2851BCF9E570094CFF9 /* defines.swift */ = {isa = PBXFileReference; fileEncoding = 4; lastKnownFileType = sourcecode.swift; path = defines.swift; sourceTree = "<group>"; };
		9C3AD2871BCFA3400094CFF9 /* Server.swift */ = {isa = PBXFileReference; fileEncoding = 4; lastKnownFileType = sourcecode.swift; path = Server.swift; sourceTree = "<group>"; };
		9C3D7CF01BDF64E0002873CB /* share-extension.appex */ = {isa = PBXFileReference; explicitFileType = "wrapper.app-extension"; includeInIndex = 0; path = "share-extension.appex"; sourceTree = BUILT_PRODUCTS_DIR; };
		9C3D7CF21BDF64E0002873CB /* ShareViewController.h */ = {isa = PBXFileReference; lastKnownFileType = sourcecode.c.h; path = ShareViewController.h; sourceTree = "<group>"; };
		9C3D7CF31BDF64E0002873CB /* ShareViewController.m */ = {isa = PBXFileReference; lastKnownFileType = sourcecode.c.objc; path = ShareViewController.m; sourceTree = "<group>"; };
		9C3D7CF81BDF64E0002873CB /* Info.plist */ = {isa = PBXFileReference; lastKnownFileType = text.plist.xml; path = Info.plist; sourceTree = "<group>"; };
		9C3D7D001BDF671A002873CB /* share-extension.entitlements */ = {isa = PBXFileReference; lastKnownFileType = text.xml; path = "share-extension.entitlements"; sourceTree = "<group>"; };
		9C3D7D011BDF68E0002873CB /* Account.h */ = {isa = PBXFileReference; fileEncoding = 4; lastKnownFileType = sourcecode.c.h; path = Account.h; sourceTree = "<group>"; };
		9C3D7D021BDF68E0002873CB /* Account.m */ = {isa = PBXFileReference; fileEncoding = 4; lastKnownFileType = sourcecode.c.objc; path = Account.m; sourceTree = "<group>"; };
		9C3D7D031BDF68E0002873CB /* AccountViewController.h */ = {isa = PBXFileReference; fileEncoding = 4; lastKnownFileType = sourcecode.c.h; path = AccountViewController.h; sourceTree = "<group>"; };
		9C3D7D041BDF68E0002873CB /* AccountViewController.m */ = {isa = PBXFileReference; fileEncoding = 4; lastKnownFileType = sourcecode.c.objc; path = AccountViewController.m; sourceTree = "<group>"; };
		9C3D7D051BDF68E0002873CB /* extension-defines.h */ = {isa = PBXFileReference; fileEncoding = 4; lastKnownFileType = sourcecode.c.h; path = "extension-defines.h"; sourceTree = "<group>"; };
		9C3D7D081BDF68E0002873CB /* PostActivity.h */ = {isa = PBXFileReference; fileEncoding = 4; lastKnownFileType = sourcecode.c.h; path = PostActivity.h; sourceTree = "<group>"; };
		9C3D7D091BDF68E0002873CB /* PostActivity.m */ = {isa = PBXFileReference; fileEncoding = 4; lastKnownFileType = sourcecode.c.objc; path = PostActivity.m; sourceTree = "<group>"; };
		9C3D7D0A1BDF68E0002873CB /* PostItem.h */ = {isa = PBXFileReference; fileEncoding = 4; lastKnownFileType = sourcecode.c.h; path = PostItem.h; sourceTree = "<group>"; };
		9C3D7D0B1BDF68E0002873CB /* PostItem.m */ = {isa = PBXFileReference; fileEncoding = 4; lastKnownFileType = sourcecode.c.objc; path = PostItem.m; sourceTree = "<group>"; };
		9C3D7D0C1BDF68E0002873CB /* SocialSpace.h */ = {isa = PBXFileReference; fileEncoding = 4; lastKnownFileType = sourcecode.c.h; path = SocialSpace.h; sourceTree = "<group>"; };
		9C3D7D0D1BDF68E0002873CB /* SocialSpace.m */ = {isa = PBXFileReference; fileEncoding = 4; lastKnownFileType = sourcecode.c.objc; path = SocialSpace.m; sourceTree = "<group>"; };
		9C3D7D0E1BDF68E0002873CB /* SpaceViewController.h */ = {isa = PBXFileReference; fileEncoding = 4; lastKnownFileType = sourcecode.c.h; path = SpaceViewController.h; sourceTree = "<group>"; };
		9C3D7D0F1BDF68E0002873CB /* SpaceViewController.m */ = {isa = PBXFileReference; fileEncoding = 4; lastKnownFileType = sourcecode.c.objc; path = SpaceViewController.m; sourceTree = "<group>"; };
		9C3D7D101BDF68E0002873CB /* UploadViewController.h */ = {isa = PBXFileReference; fileEncoding = 4; lastKnownFileType = sourcecode.c.h; path = UploadViewController.h; sourceTree = "<group>"; };
		9C3D7D111BDF68E0002873CB /* UploadViewController.m */ = {isa = PBXFileReference; fileEncoding = 4; lastKnownFileType = sourcecode.c.objc; path = UploadViewController.m; sourceTree = "<group>"; };
		9C3D7D1D1BDF6BA3002873CB /* eXo.entitlements */ = {isa = PBXFileReference; fileEncoding = 4; lastKnownFileType = text.xml; path = eXo.entitlements; sourceTree = "<group>"; };
		9C3D7D2B1BE0BE97002873CB /* share-extension-Bridging-Header.h */ = {isa = PBXFileReference; lastKnownFileType = sourcecode.c.h; path = "share-extension-Bridging-Header.h"; sourceTree = "<group>"; };
		9C3D7D2C1BE0BE97002873CB /* InputAccountViewController.swift */ = {isa = PBXFileReference; fileEncoding = 4; lastKnownFileType = sourcecode.swift; path = InputAccountViewController.swift; sourceTree = "<group>"; };
		9C935F7D1BD60286009C065B /* Tool.swift */ = {isa = PBXFileReference; fileEncoding = 4; lastKnownFileType = sourcecode.swift; path = Tool.swift; sourceTree = "<group>"; };
		9C935F7F1BD61D5A009C065B /* ServerManager.swift */ = {isa = PBXFileReference; fileEncoding = 4; lastKnownFileType = sourcecode.swift; path = ServerManager.swift; sourceTree = "<group>"; };
		9C935F821BD64B87009C065B /* fr */ = {isa = PBXFileReference; lastKnownFileType = text.plist.strings; name = fr; path = fr.lproj/LaunchScreen.strings; sourceTree = "<group>"; };
		9C935F861BD64DAD009C065B /* en */ = {isa = PBXFileReference; lastKnownFileType = text.plist.strings; name = en; path = en.lproj/Localizable.strings; sourceTree = "<group>"; };
		9C935F881BD64DB0009C065B /* fr */ = {isa = PBXFileReference; lastKnownFileType = text.plist.strings; name = fr; path = fr.lproj/Localizable.strings; sourceTree = "<group>"; };
		9C935F8A1BD8A079009C065B /* HomePageViewController.swift */ = {isa = PBXFileReference; fileEncoding = 4; lastKnownFileType = sourcecode.swift; path = HomePageViewController.swift; sourceTree = "<group>"; };
		9C978B7B1BDA21E900FC689D /* en */ = {isa = PBXFileReference; lastKnownFileType = text.plist.strings; name = en; path = en.lproj/InfoPlist.strings; sourceTree = "<group>"; };
		9C978B7D1BDA21EC00FC689D /* fr */ = {isa = PBXFileReference; lastKnownFileType = text.plist.strings; name = fr; path = fr.lproj/InfoPlist.strings; sourceTree = "<group>"; };
		9CB9F1001BD4A08100511E48 /* PlaceholderTextView.swift */ = {isa = PBXFileReference; fileEncoding = 4; lastKnownFileType = sourcecode.swift; path = PlaceholderTextView.swift; sourceTree = "<group>"; };
		9CD8445A1C1E757900A824D2 /* TestSetting.swift */ = {isa = PBXFileReference; fileEncoding = 4; lastKnownFileType = sourcecode.swift; path = TestSetting.swift; sourceTree = "<group>"; };
		9CD8445C1C1E866700A824D2 /* TestAddServer.swift */ = {isa = PBXFileReference; fileEncoding = 4; lastKnownFileType = sourcecode.swift; path = TestAddServer.swift; sourceTree = "<group>"; };
		9CF286181BE1DE7D00DC4C26 /* AccountManager.h */ = {isa = PBXFileReference; fileEncoding = 4; lastKnownFileType = sourcecode.c.h; path = AccountManager.h; sourceTree = "<group>"; };
		9CF286191BE1DE7D00DC4C26 /* AccountManager.m */ = {isa = PBXFileReference; fileEncoding = 4; lastKnownFileType = sourcecode.c.objc; path = AccountManager.m; sourceTree = "<group>"; };
		A8C303F221A01C73B714BFB7 /* Pods-share-extension.debug.xcconfig */ = {isa = PBXFileReference; includeInIndex = 1; lastKnownFileType = text.xcconfig; name = "Pods-share-extension.debug.xcconfig"; path = "Target Support Files/Pods-share-extension/Pods-share-extension.debug.xcconfig"; sourceTree = "<group>"; };
		AB18539B206A2CF100D9726C /* GoogleService-Info.plist */ = {isa = PBXFileReference; fileEncoding = 4; lastKnownFileType = text.plist.xml; path = "GoogleService-Info.plist"; sourceTree = SOURCE_ROOT; };
		AB542EAA215CD8FC00A9ED5A /* ToolTest.swift */ = {isa = PBXFileReference; lastKnownFileType = sourcecode.swift; path = ToolTest.swift; sourceTree = "<group>"; };
		B56257E6202AD9AB00A6CE41 /* CookiesFromAuthorizationFetcher.swift */ = {isa = PBXFileReference; lastKnownFileType = sourcecode.swift; path = CookiesFromAuthorizationFetcher.swift; sourceTree = "<group>"; };
		B56257E8202ADA0D00A6CE41 /* TestCookiesFromAuthorizationFetcher.swift */ = {isa = PBXFileReference; lastKnownFileType = sourcecode.swift; path = TestCookiesFromAuthorizationFetcher.swift; sourceTree = "<group>"; };
		B5C73359201F1B0700A2EA71 /* PushTokenSynchronizer.swift */ = {isa = PBXFileReference; lastKnownFileType = sourcecode.swift; path = PushTokenSynchronizer.swift; sourceTree = "<group>"; };
		B5C7335B201F1D0800A2EA71 /* PushTokenRestClient.swift */ = {isa = PBXFileReference; lastKnownFileType = sourcecode.swift; path = PushTokenRestClient.swift; sourceTree = "<group>"; };
		B5C7335E201F266800A2EA71 /* StringExtension.swift */ = {isa = PBXFileReference; lastKnownFileType = sourcecode.swift; path = StringExtension.swift; sourceTree = "<group>"; };
		B5C73361201F32B700A2EA71 /* CookiesInterceptor.swift */ = {isa = PBXFileReference; lastKnownFileType = sourcecode.swift; path = CookiesInterceptor.swift; sourceTree = "<group>"; };
		C68172FCD8AB9463A6E6A115 /* Pods-eXoUITests.release.xcconfig */ = {isa = PBXFileReference; includeInIndex = 1; lastKnownFileType = text.xcconfig; name = "Pods-eXoUITests.release.xcconfig"; path = "Target Support Files/Pods-eXoUITests/Pods-eXoUITests.release.xcconfig"; sourceTree = "<group>"; };
		CC3638526506F021A7F6302A /* Pods-eXo.debug.xcconfig */ = {isa = PBXFileReference; includeInIndex = 1; lastKnownFileType = text.xcconfig; name = "Pods-eXo.debug.xcconfig"; path = "Target Support Files/Pods-eXo/Pods-eXo.debug.xcconfig"; sourceTree = "<group>"; };
		D79611B526778ACC00F2FDE8 /* HeaderConnectCell.swift */ = {isa = PBXFileReference; fileEncoding = 4; lastKnownFileType = sourcecode.swift; path = HeaderConnectCell.swift; sourceTree = "<group>"; };
		D79611B626778ACC00F2FDE8 /* HeaderConnectCell.xib */ = {isa = PBXFileReference; fileEncoding = 4; lastKnownFileType = file.xib; path = HeaderConnectCell.xib; sourceTree = "<group>"; };
		D79611B826778ACC00F2FDE8 /* ServerCell.swift */ = {isa = PBXFileReference; fileEncoding = 4; lastKnownFileType = sourcecode.swift; path = ServerCell.swift; sourceTree = "<group>"; };
		D79611B926778ACC00F2FDE8 /* ServerCell.xib */ = {isa = PBXFileReference; fileEncoding = 4; lastKnownFileType = file.xib; path = ServerCell.xib; sourceTree = "<group>"; };
		D79611BA26778ACC00F2FDE8 /* ConnectToExoViewController.xib */ = {isa = PBXFileReference; fileEncoding = 4; lastKnownFileType = file.xib; path = ConnectToExoViewController.xib; sourceTree = "<group>"; };
		D79611BB26778ACC00F2FDE8 /* ConnectToExoViewController.swift */ = {isa = PBXFileReference; fileEncoding = 4; lastKnownFileType = sourcecode.swift; path = ConnectToExoViewController.swift; sourceTree = "<group>"; };
		D79611C726778AFD00F2FDE8 /* UIView-Extension.swift */ = {isa = PBXFileReference; lastKnownFileType = sourcecode.swift; path = "UIView-Extension.swift"; sourceTree = "<group>"; };
		D79611CE26778B1E00F2FDE8 /* UIColor-Extension.swift */ = {isa = PBXFileReference; lastKnownFileType = sourcecode.swift; path = "UIColor-Extension.swift"; sourceTree = "<group>"; };
		D79611F02677A87000F2FDE8 /* AddDomainViewController.swift */ = {isa = PBXFileReference; lastKnownFileType = sourcecode.swift; path = AddDomainViewController.swift; sourceTree = "<group>"; };
		D79611F12677A87000F2FDE8 /* AddDomainViewController.xib */ = {isa = PBXFileReference; lastKnownFileType = file.xib; path = AddDomainViewController.xib; sourceTree = "<group>"; };
		D7C0FAD9267BA37D00C579EB /* NSMutableAttributedString-Extension.swift */ = {isa = PBXFileReference; lastKnownFileType = sourcecode.swift; path = "NSMutableAttributedString-Extension.swift"; sourceTree = "<group>"; };
		D7F12D2D26789E07007C8294 /* CustomPopupViewController.xib */ = {isa = PBXFileReference; fileEncoding = 4; lastKnownFileType = file.xib; path = CustomPopupViewController.xib; sourceTree = "<group>"; };
		D7F12D2E26789E07007C8294 /* CustomPopupViewController.swift */ = {isa = PBXFileReference; fileEncoding = 4; lastKnownFileType = sourcecode.swift; path = CustomPopupViewController.swift; sourceTree = "<group>"; };
		DB08660527B5539800504C7B /* Ringtone.mp3 */ = {isa = PBXFileReference; lastKnownFileType = audio.mp3; path = Ringtone.mp3; sourceTree = "<group>"; };
		DB31D88626A1EF5D00D25F96 /* Connectivity.swift */ = {isa = PBXFileReference; fileEncoding = 4; lastKnownFileType = sourcecode.swift; path = Connectivity.swift; sourceTree = "<group>"; };
		DB31D88726A1EF5D00D25F96 /* Reachability.swift */ = {isa = PBXFileReference; fileEncoding = 4; lastKnownFileType = sourcecode.swift; path = Reachability.swift; sourceTree = "<group>"; };
		DB373218267F78830065C7A5 /* UIViewController-Extension.swift */ = {isa = PBXFileReference; lastKnownFileType = sourcecode.swift; path = "UIViewController-Extension.swift"; sourceTree = "<group>"; };
		DB37321A267F79690065C7A5 /* NotificationName-Extension.swift */ = {isa = PBXFileReference; lastKnownFileType = sourcecode.swift; path = "NotificationName-Extension.swift"; sourceTree = "<group>"; };
		DB3CE0A6269C8B6100622057 /* slide2_gif-FR.gif */ = {isa = PBXFileReference; lastKnownFileType = image.gif; path = "slide2_gif-FR.gif"; sourceTree = "<group>"; };
		DB3CE0AB269C8F7F00622057 /* UIImage-Gif.swift */ = {isa = PBXFileReference; lastKnownFileType = sourcecode.swift; path = "UIImage-Gif.swift"; sourceTree = "<group>"; };
		DB54A562279971270080B25A /* Bundle-Extension.swift */ = {isa = PBXFileReference; lastKnownFileType = sourcecode.swift; path = "Bundle-Extension.swift"; sourceTree = "<group>"; };
		DB6A4E6126949CFB00809B53 /* OnboardingViewController.xib */ = {isa = PBXFileReference; fileEncoding = 4; lastKnownFileType = file.xib; path = OnboardingViewController.xib; sourceTree = "<group>"; };
		DB6A4E6326949CFB00809B53 /* OnboardingCell.swift */ = {isa = PBXFileReference; fileEncoding = 4; lastKnownFileType = sourcecode.swift; path = OnboardingCell.swift; sourceTree = "<group>"; };
		DB6A4E6426949CFB00809B53 /* OnboardingCell.xib */ = {isa = PBXFileReference; fileEncoding = 4; lastKnownFileType = file.xib; path = OnboardingCell.xib; sourceTree = "<group>"; };
		DB6A4E6526949CFB00809B53 /* OnboardingViewController.swift */ = {isa = PBXFileReference; fileEncoding = 4; lastKnownFileType = sourcecode.swift; path = OnboardingViewController.swift; sourceTree = "<group>"; };
		DB6B9816272032D200D20677 /* slide3_gif-EN.gif */ = {isa = PBXFileReference; lastKnownFileType = image.gif; path = "slide3_gif-EN.gif"; sourceTree = "<group>"; };
		DB6B9817272032D200D20677 /* slide3_gif-FR.gif */ = {isa = PBXFileReference; lastKnownFileType = image.gif; path = "slide3_gif-FR.gif"; sourceTree = "<group>"; };
		DB6E0330269C9FBC009AEA94 /* slide2_gif-EN.gif */ = {isa = PBXFileReference; lastKnownFileType = image.gif; path = "slide2_gif-EN.gif"; sourceTree = "<group>"; };
		DB824AD62716EED70087C79B /* slide1_gif-FR.gif */ = {isa = PBXFileReference; lastKnownFileType = image.gif; path = "slide1_gif-FR.gif"; sourceTree = "<group>"; };
		DB824AD72716EED70087C79B /* slide1_gif-EN.gif */ = {isa = PBXFileReference; lastKnownFileType = image.gif; path = "slide1_gif-EN.gif"; sourceTree = "<group>"; };
		DBC0162927AAEDFD004D1684 /* CheckUpdatePopupVC.xib */ = {isa = PBXFileReference; fileEncoding = 4; lastKnownFileType = file.xib; path = CheckUpdatePopupVC.xib; sourceTree = "<group>"; };
		DBC0162A27AAEDFD004D1684 /* CheckUpdatePopupVC.swift */ = {isa = PBXFileReference; fileEncoding = 4; lastKnownFileType = sourcecode.swift; path = CheckUpdatePopupVC.swift; sourceTree = "<group>"; };
		DBC0162D27AAEE0C004D1684 /* CheckStoreUpdate.swift */ = {isa = PBXFileReference; fileEncoding = 4; lastKnownFileType = sourcecode.swift; path = CheckStoreUpdate.swift; sourceTree = "<group>"; };
		DBC1F3A9280DD85000CEFCF2 /* LeakAvoider.swift */ = {isa = PBXFileReference; lastKnownFileType = sourcecode.swift; path = LeakAvoider.swift; sourceTree = "<group>"; };
		DBC878C0269683070036EB0F /* QRCodeScannerViewController.xib */ = {isa = PBXFileReference; fileEncoding = 4; lastKnownFileType = file.xib; path = QRCodeScannerViewController.xib; sourceTree = "<group>"; };
		DBC878C1269683070036EB0F /* QRCodeScannerViewController.swift */ = {isa = PBXFileReference; fileEncoding = 4; lastKnownFileType = sourcecode.swift; path = QRCodeScannerViewController.swift; sourceTree = "<group>"; };
		DBCA1F55285888820058FCD6 /* LeakAvoider.swift */ = {isa = PBXFileReference; lastKnownFileType = sourcecode.swift; path = LeakAvoider.swift; sourceTree = "<group>"; };
		DBFD7352286A447A000308A5 /* BannerView.swift */ = {isa = PBXFileReference; lastKnownFileType = sourcecode.swift; path = BannerView.swift; sourceTree = "<group>"; };
		DBFD7353286A447A000308A5 /* BannerView.xib */ = {isa = PBXFileReference; lastKnownFileType = file.xib; path = BannerView.xib; sourceTree = "<group>"; };
		EBFFCDC0A3D7084CF6243645 /* Pods-eXoTests.debug.xcconfig */ = {isa = PBXFileReference; includeInIndex = 1; lastKnownFileType = text.xcconfig; name = "Pods-eXoTests.debug.xcconfig"; path = "Target Support Files/Pods-eXoTests/Pods-eXoTests.debug.xcconfig"; sourceTree = "<group>"; };
		F2900ACB861B80174C702178 /* Pods_eXo.framework */ = {isa = PBXFileReference; explicitFileType = wrapper.framework; includeInIndex = 0; path = Pods_eXo.framework; sourceTree = BUILT_PRODUCTS_DIR; };
/* End PBXFileReference section */

/* Begin PBXFrameworksBuildPhase section */
		57DFE9CF1C59D05C00A91DA5 /* Frameworks */ = {
			isa = PBXFrameworksBuildPhase;
			buildActionMask = 2147483647;
			files = (
			);
			runOnlyForDeploymentPostprocessing = 0;
		};
		9C3AD2431BCF56900094CFF9 /* Frameworks */ = {
			isa = PBXFrameworksBuildPhase;
			buildActionMask = 2147483647;
			files = (
				6EF8F89917781255C9B4AED3 /* Pods_eXo.framework in Frameworks */,
			);
			runOnlyForDeploymentPostprocessing = 0;
		};
		9C3AD2571BCF56900094CFF9 /* Frameworks */ = {
			isa = PBXFrameworksBuildPhase;
			buildActionMask = 2147483647;
			files = (
				3C6C7F9B6F686CE5452284C3 /* Pods_eXoTests.framework in Frameworks */,
			);
			runOnlyForDeploymentPostprocessing = 0;
		};
		9C3AD2621BCF56900094CFF9 /* Frameworks */ = {
			isa = PBXFrameworksBuildPhase;
			buildActionMask = 2147483647;
			files = (
				960EB4977A61CA1C3EB11C8C /* Pods_eXoUITests.framework in Frameworks */,
			);
			runOnlyForDeploymentPostprocessing = 0;
		};
		9C3D7CED1BDF64E0002873CB /* Frameworks */ = {
			isa = PBXFrameworksBuildPhase;
			buildActionMask = 2147483647;
			files = (
				9C13B4D41BE20ED9007D7645 /* Security.framework in Frameworks */,
				39F0D33D660B661C0C1413B0 /* Pods_share_extension.framework in Frameworks */,
			);
			runOnlyForDeploymentPostprocessing = 0;
		};
/* End PBXFrameworksBuildPhase section */

/* Begin PBXGroup section */
		2594DED34FAAB0B9C0D1029A /* Pods */ = {
			isa = PBXGroup;
			children = (
				CC3638526506F021A7F6302A /* Pods-eXo.debug.xcconfig */,
				3FC47EC610FFAD7AD945175C /* Pods-eXo.release.xcconfig */,
				EBFFCDC0A3D7084CF6243645 /* Pods-eXoTests.debug.xcconfig */,
				430FE9B666D6B9638248757B /* Pods-eXoTests.release.xcconfig */,
				5B178F2A34B220157F0224B5 /* Pods-eXoUITests.debug.xcconfig */,
				C68172FCD8AB9463A6E6A115 /* Pods-eXoUITests.release.xcconfig */,
				A8C303F221A01C73B714BFB7 /* Pods-share-extension.debug.xcconfig */,
				868C2C63A1B89E5C0BADF9CF /* Pods-share-extension.release.xcconfig */,
			);
			path = Pods;
			sourceTree = "<group>";
		};
		3012D4738A728E16A67FF5D6 /* Frameworks */ = {
			isa = PBXGroup;
			children = (
				9C13B4D31BE20ED9007D7645 /* Security.framework */,
				F2900ACB861B80174C702178 /* Pods_eXo.framework */,
				653A8A7A8A5D38CD79FE12A6 /* Pods_eXoTests.framework */,
				66C26204C329501E08020CFD /* Pods_eXoUITests.framework */,
				02DC90271DEBBB80E1941D3D /* Pods_share_extension.framework */,
			);
			name = Frameworks;
			sourceTree = "<group>";
		};
		57DFE9D31C59D05C00A91DA5 /* eXoSnapshots */ = {
			isa = PBXGroup;
			children = (
				57DFE9E21C5B81D800A91DA5 /* eXoSnapshots.swift */,
				57DFE9E31C5B81D800A91DA5 /* Info.plist */,
				57DFE9E41C5B81D800A91DA5 /* SnapshotHelper.swift */,
			);
			path = eXoSnapshots;
			sourceTree = "<group>";
		};
		9C032DC81BE31EBB006F0577 /* Lib */ = {
			isa = PBXGroup;
			children = (
				9C032DC91BE31EE5006F0577 /* String+URL.swift */,
			);
			name = Lib;
			sourceTree = "<group>";
		};
		9C032DCE1BE37E06006F0577 /* Account */ = {
			isa = PBXGroup;
			children = (
				9C3D7D011BDF68E0002873CB /* Account.h */,
				9C3D7D021BDF68E0002873CB /* Account.m */,
				9CF286181BE1DE7D00DC4C26 /* AccountManager.h */,
				9CF286191BE1DE7D00DC4C26 /* AccountManager.m */,
			);
			name = Account;
			sourceTree = "<group>";
		};
		9C032DCF1BE37E12006F0577 /* Activity */ = {
			isa = PBXGroup;
			children = (
				9C3D7D081BDF68E0002873CB /* PostActivity.h */,
				9C3D7D091BDF68E0002873CB /* PostActivity.m */,
				9C3D7D0A1BDF68E0002873CB /* PostItem.h */,
				9C3D7D0B1BDF68E0002873CB /* PostItem.m */,
			);
			name = Activity;
			sourceTree = "<group>";
		};
		9C032DD01BE37E4A006F0577 /* Support-Files */ = {
			isa = PBXGroup;
			children = (
				9C3D7D001BDF671A002873CB /* share-extension.entitlements */,
				9C032E231BE75667006F0577 /* Localizable.strings */,
				9C3D7CF81BDF64E0002873CB /* Info.plist */,
			);
			name = "Support-Files";
			sourceTree = "<group>";
		};
		9C032E361BEA1495006F0577 /* Basic */ = {
			isa = PBXGroup;
			children = (
				9C032E371BEA1495006F0577 /* eXoWebBaseViewController.swift */,
			);
			path = Basic;
			sourceTree = "<group>";
		};
		9C3AD23D1BCF56900094CFF9 = {
			isa = PBXGroup;
			children = (
				5711ABE91BEC9DA200D60E4B /* fastlane */,
				9C3AD2481BCF56900094CFF9 /* eXo */,
				9C3AD25D1BCF56900094CFF9 /* eXoTests */,
				9C3AD2681BCF56900094CFF9 /* eXoUITests */,
				9C3D7CF11BDF64E0002873CB /* share-extension */,
				57DFE9D31C59D05C00A91DA5 /* eXoSnapshots */,
				9C3AD2471BCF56900094CFF9 /* Products */,
				3012D4738A728E16A67FF5D6 /* Frameworks */,
				2594DED34FAAB0B9C0D1029A /* Pods */,
			);
			sourceTree = "<group>";
		};
		9C3AD2471BCF56900094CFF9 /* Products */ = {
			isa = PBXGroup;
			children = (
				9C3AD2461BCF56900094CFF9 /* eXo.app */,
				9C3AD25A1BCF56900094CFF9 /* eXoTests.xctest */,
				9C3AD2651BCF56900094CFF9 /* eXoUITests.xctest */,
				9C3D7CF01BDF64E0002873CB /* share-extension.appex */,
				57DFE9D21C59D05C00A91DA5 /* eXoSnapshots.xctest */,
			);
			name = Products;
			sourceTree = "<group>";
		};
		9C3AD2481BCF56900094CFF9 /* eXo */ = {
			isa = PBXGroup;
			children = (
				AB18539B206A2CF100D9726C /* GoogleService-Info.plist */,
				9C3D7D1D1BDF6BA3002873CB /* eXo.entitlements */,
				9C3AD2491BCF56900094CFF9 /* eXoAppDelegate.swift */,
				9C3AD2771BCF5D6E0094CFF9 /* Resources */,
				9C3AD2781BCF5D6E0094CFF9 /* Sources */,
				9C3AD24D1BCF56900094CFF9 /* Main.storyboard */,
				9C3AD2501BCF56900094CFF9 /* Assets.xcassets */,
				9C3AD2521BCF56900094CFF9 /* LaunchScreen.storyboard */,
				9C3AD2551BCF56900094CFF9 /* Info.plist */,
				9C978B7C1BDA21E900FC689D /* InfoPlist.strings */,
			);
			path = eXo;
			sourceTree = "<group>";
		};
		9C3AD25D1BCF56900094CFF9 /* eXoTests */ = {
			isa = PBXGroup;
			children = (
				9C3AD25E1BCF56900094CFF9 /* eXoBaseTestCase.swift */,
				9C3AD2601BCF56900094CFF9 /* Info.plist */,
				57D568321BEB15C000C13C7E /* TestServer.swift */,
				57D568341BEB41B700C13C7E /* TestServerManager.swift */,
				57D568361BEB48BC00C13C7E /* FakeUserDefaults.swift */,
				B56257E8202ADA0D00A6CE41 /* TestCookiesFromAuthorizationFetcher.swift */,
				AB542EAA215CD8FC00A9ED5A /* ToolTest.swift */,
			);
			path = eXoTests;
			sourceTree = "<group>";
		};
		9C3AD2681BCF56900094CFF9 /* eXoUITests */ = {
			isa = PBXGroup;
			children = (
				9C3AD2691BCF56900094CFF9 /* eXoUIBaseTestCase.swift */,
				9C3AD26B1BCF56900094CFF9 /* Info.plist */,
				9CD8445A1C1E757900A824D2 /* TestSetting.swift */,
				9CD8445C1C1E866700A824D2 /* TestAddServer.swift */,
				9C18EC131C34DC8B00A75DD8 /* TestServerSelectScreen.swift */,
			);
			path = eXoUITests;
			sourceTree = "<group>";
		};
		9C3AD2771BCF5D6E0094CFF9 /* Resources */ = {
			isa = PBXGroup;
			children = (
				9C032DC81BE31EBB006F0577 /* Lib */,
				9C935F871BD64DAD009C065B /* Localizable.strings */,
			);
			path = Resources;
			sourceTree = "<group>";
		};
		9C3AD2781BCF5D6E0094CFF9 /* Sources */ = {
			isa = PBXGroup;
			children = (
				9C3AD2851BCF9E570094CFF9 /* defines.swift */,
				9C3AD2791BCF5D6E0094CFF9 /* Controllers */,
				9C3AD27A1BCF5D6E0094CFF9 /* Models */,
				9C3AD27B1BCF5D6E0094CFF9 /* Views */,
				B5C7335D201F264F00A2EA71 /* Utils */,
				9C935F7D1BD60286009C065B /* Tool.swift */,
				DB31D88626A1EF5D00D25F96 /* Connectivity.swift */,
				DB31D88726A1EF5D00D25F96 /* Reachability.swift */,
				DBCA1F55285888820058FCD6 /* LeakAvoider.swift */,
				DBC0162D27AAEE0C004D1684 /* CheckStoreUpdate.swift */,
				DBC1F3A9280DD85000CEFCF2 /* LeakAvoider.swift */,
			);
			path = Sources;
			sourceTree = "<group>";
		};
		9C3AD2791BCF5D6E0094CFF9 /* Controllers */ = {
			isa = PBXGroup;
			children = (
				DBC0162827AAEDFD004D1684 /* CheckUpdatePopupVC */,
				DB6A4E6026949CFB00809B53 /* OnboardingVC */,
				DBC878BF269683070036EB0F /* QRCodeScannerVC */,
				D79611EF2677A81A00F2FDE8 /* AddDomainVC */,
				D79611B226778ACC00F2FDE8 /* ConnectToExoVC */,
				9C032E361BEA1495006F0577 /* Basic */,
				9C935F891BD8A01C009C065B /* HomePage */,
			);
			path = Controllers;
			sourceTree = "<group>";
		};
		9C3AD27A1BCF5D6E0094CFF9 /* Models */ = {
			isa = PBXGroup;
			children = (
				B5C73360201F2EB700A2EA71 /* Cookies */,
				9C3AD2871BCFA3400094CFF9 /* Server.swift */,
				9C935F7F1BD61D5A009C065B /* ServerManager.swift */,
				B5C73359201F1B0700A2EA71 /* PushTokenSynchronizer.swift */,
				B5C7335B201F1D0800A2EA71 /* PushTokenRestClient.swift */,
			);
			path = Models;
			sourceTree = "<group>";
		};
		9C3AD27B1BCF5D6E0094CFF9 /* Views */ = {
			isa = PBXGroup;
			children = (
				9CB9F1001BD4A08100511E48 /* PlaceholderTextView.swift */,
				9C18EBBD1C3124DC00A75DD8 /* TableHeaderView.swift */,
				9C18EBBF1C3124ED00A75DD8 /* TableHeaderView.xib */,
			);
			path = Views;
			sourceTree = "<group>";
		};
		9C3D7CF11BDF64E0002873CB /* share-extension */ = {
			isa = PBXGroup;
			children = (
				9C3D7CF51BDF64E0002873CB /* MainInterface.storyboard */,
				9C3D7D051BDF68E0002873CB /* extension-defines.h */,
				9C3D7D1C1BDF6911002873CB /* Controllers */,
				9C3D7D1B1BDF6908002873CB /* Models */,
				9C032DD01BE37E4A006F0577 /* Support-Files */,
			);
			path = "share-extension";
			sourceTree = "<group>";
		};
		9C3D7D1B1BDF6908002873CB /* Models */ = {
			isa = PBXGroup;
			children = (
				9C032DCF1BE37E12006F0577 /* Activity */,
				9C032DCE1BE37E06006F0577 /* Account */,
				9C3D7D0C1BDF68E0002873CB /* SocialSpace.h */,
				9C3D7D0D1BDF68E0002873CB /* SocialSpace.m */,
			);
			name = Models;
			sourceTree = "<group>";
		};
		9C3D7D1C1BDF6911002873CB /* Controllers */ = {
			isa = PBXGroup;
			children = (
				9C3D7CF21BDF64E0002873CB /* ShareViewController.h */,
				9C3D7CF31BDF64E0002873CB /* ShareViewController.m */,
				9C3D7D281BE0B9D5002873CB /* Account */,
				9C3D7D2A1BE0BA04002873CB /* Connection */,
				9C3D7D291BE0B9ED002873CB /* Space */,
			);
			name = Controllers;
			sourceTree = "<group>";
		};
		9C3D7D281BE0B9D5002873CB /* Account */ = {
			isa = PBXGroup;
			children = (
				9C3D7D031BDF68E0002873CB /* AccountViewController.h */,
				9C3D7D041BDF68E0002873CB /* AccountViewController.m */,
				9C032DCC1BE3566B006F0577 /* AccountCell.swift */,
				9C3D7D2C1BE0BE97002873CB /* InputAccountViewController.swift */,
				9C3D7D2B1BE0BE97002873CB /* share-extension-Bridging-Header.h */,
			);
			name = Account;
			sourceTree = "<group>";
		};
		9C3D7D291BE0B9ED002873CB /* Space */ = {
			isa = PBXGroup;
			children = (
				9C3D7D0E1BDF68E0002873CB /* SpaceViewController.h */,
				9C3D7D0F1BDF68E0002873CB /* SpaceViewController.m */,
			);
			name = Space;
			sourceTree = "<group>";
		};
		9C3D7D2A1BE0BA04002873CB /* Connection */ = {
			isa = PBXGroup;
			children = (
				9C3D7D101BDF68E0002873CB /* UploadViewController.h */,
				9C3D7D111BDF68E0002873CB /* UploadViewController.m */,
			);
			name = Connection;
			sourceTree = "<group>";
		};
		9C935F891BD8A01C009C065B /* HomePage */ = {
			isa = PBXGroup;
			children = (
				9C935F8A1BD8A079009C065B /* HomePageViewController.swift */,
				9C032E391BEA17DE006F0577 /* PreviewController.swift */,
				DBFD7351286A4385000308A5 /* BannerView */,
			);
			path = HomePage;
			sourceTree = "<group>";
		};
		B5C7335D201F264F00A2EA71 /* Utils */ = {
			isa = PBXGroup;
			children = (
				DB08660527B5539800504C7B /* Ringtone.mp3 */,
				DB3CE0A4269C8AC200622057 /* GifImages */,
				DB6E032F269C9A6B009AEA94 /* Extensions */,
			);
			path = Utils;
			sourceTree = "<group>";
		};
		B5C73360201F2EB700A2EA71 /* Cookies */ = {
			isa = PBXGroup;
			children = (
				B5C73361201F32B700A2EA71 /* CookiesInterceptor.swift */,
				B56257E6202AD9AB00A6CE41 /* CookiesFromAuthorizationFetcher.swift */,
			);
			path = Cookies;
			sourceTree = "<group>";
		};
		D79611B226778ACC00F2FDE8 /* ConnectToExoVC */ = {
			isa = PBXGroup;
			children = (
				D79611BB26778ACC00F2FDE8 /* ConnectToExoViewController.swift */,
				D79611BA26778ACC00F2FDE8 /* ConnectToExoViewController.xib */,
				D79611B326778ACC00F2FDE8 /* Cells */,
			);
			path = ConnectToExoVC;
			sourceTree = "<group>";
		};
		D79611B326778ACC00F2FDE8 /* Cells */ = {
			isa = PBXGroup;
			children = (
				D79611B426778ACC00F2FDE8 /* HeaderConnectCell */,
				D79611B726778ACC00F2FDE8 /* ServerCell */,
			);
			path = Cells;
			sourceTree = "<group>";
		};
		D79611B426778ACC00F2FDE8 /* HeaderConnectCell */ = {
			isa = PBXGroup;
			children = (
				D79611B526778ACC00F2FDE8 /* HeaderConnectCell.swift */,
				D79611B626778ACC00F2FDE8 /* HeaderConnectCell.xib */,
			);
			path = HeaderConnectCell;
			sourceTree = "<group>";
		};
		D79611B726778ACC00F2FDE8 /* ServerCell */ = {
			isa = PBXGroup;
			children = (
				D79611B826778ACC00F2FDE8 /* ServerCell.swift */,
				D79611B926778ACC00F2FDE8 /* ServerCell.xib */,
			);
			path = ServerCell;
			sourceTree = "<group>";
		};
		D79611EF2677A81A00F2FDE8 /* AddDomainVC */ = {
			isa = PBXGroup;
			children = (
				D79611F02677A87000F2FDE8 /* AddDomainViewController.swift */,
				D79611F12677A87000F2FDE8 /* AddDomainViewController.xib */,
				D7F12D2C26789E07007C8294 /* CustomPopupVC */,
			);
			path = AddDomainVC;
			sourceTree = "<group>";
		};
		D7F12D2C26789E07007C8294 /* CustomPopupVC */ = {
			isa = PBXGroup;
			children = (
				D7F12D2E26789E07007C8294 /* CustomPopupViewController.swift */,
				D7F12D2D26789E07007C8294 /* CustomPopupViewController.xib */,
			);
			path = CustomPopupVC;
			sourceTree = "<group>";
		};
		DB3CE0A4269C8AC200622057 /* GifImages */ = {
			isa = PBXGroup;
			children = (
				DB6B9816272032D200D20677 /* slide3_gif-EN.gif */,
				DB6B9817272032D200D20677 /* slide3_gif-FR.gif */,
				DB824AD72716EED70087C79B /* slide1_gif-EN.gif */,
				DB824AD62716EED70087C79B /* slide1_gif-FR.gif */,
				DB6E0330269C9FBC009AEA94 /* slide2_gif-EN.gif */,
				DB3CE0A6269C8B6100622057 /* slide2_gif-FR.gif */,
			);
			path = GifImages;
			sourceTree = "<group>";
		};
		DB6A4E6026949CFB00809B53 /* OnboardingVC */ = {
			isa = PBXGroup;
			children = (
				DB6A4E6526949CFB00809B53 /* OnboardingViewController.swift */,
				DB6A4E6126949CFB00809B53 /* OnboardingViewController.xib */,
				DB6A4E6226949CFB00809B53 /* Cell */,
			);
			path = OnboardingVC;
			sourceTree = "<group>";
		};
		DB6A4E6226949CFB00809B53 /* Cell */ = {
			isa = PBXGroup;
			children = (
				DB6A4E6326949CFB00809B53 /* OnboardingCell.swift */,
				DB6A4E6426949CFB00809B53 /* OnboardingCell.xib */,
			);
			path = Cell;
			sourceTree = "<group>";
		};
		DB6E032F269C9A6B009AEA94 /* Extensions */ = {
			isa = PBXGroup;
			children = (
				B5C7335E201F266800A2EA71 /* StringExtension.swift */,
				D79611C726778AFD00F2FDE8 /* UIView-Extension.swift */,
				D79611CE26778B1E00F2FDE8 /* UIColor-Extension.swift */,
				D7C0FAD9267BA37D00C579EB /* NSMutableAttributedString-Extension.swift */,
				DB373218267F78830065C7A5 /* UIViewController-Extension.swift */,
				DB37321A267F79690065C7A5 /* NotificationName-Extension.swift */,
				DB3CE0AB269C8F7F00622057 /* UIImage-Gif.swift */,
				DB54A562279971270080B25A /* Bundle-Extension.swift */,
			);
			path = Extensions;
			sourceTree = "<group>";
		};
		DBC0162827AAEDFD004D1684 /* CheckUpdatePopupVC */ = {
			isa = PBXGroup;
			children = (
				DBC0162927AAEDFD004D1684 /* CheckUpdatePopupVC.xib */,
				DBC0162A27AAEDFD004D1684 /* CheckUpdatePopupVC.swift */,
			);
			path = CheckUpdatePopupVC;
			sourceTree = "<group>";
		};
		DBC878BF269683070036EB0F /* QRCodeScannerVC */ = {
			isa = PBXGroup;
			children = (
				DBC878C1269683070036EB0F /* QRCodeScannerViewController.swift */,
				DBC878C0269683070036EB0F /* QRCodeScannerViewController.xib */,
			);
			path = QRCodeScannerVC;
			sourceTree = "<group>";
		};
		DBFD7351286A4385000308A5 /* BannerView */ = {
			isa = PBXGroup;
			children = (
				DBFD7352286A447A000308A5 /* BannerView.swift */,
				DBFD7353286A447A000308A5 /* BannerView.xib */,
			);
			path = BannerView;
			sourceTree = "<group>";
		};
/* End PBXGroup section */

/* Begin PBXNativeTarget section */
		57DFE9D11C59D05C00A91DA5 /* eXoSnapshots */ = {
			isa = PBXNativeTarget;
			buildConfigurationList = 57DFE9D91C59D05D00A91DA5 /* Build configuration list for PBXNativeTarget "eXoSnapshots" */;
			buildPhases = (
				57DFE9CE1C59D05C00A91DA5 /* Sources */,
				57DFE9CF1C59D05C00A91DA5 /* Frameworks */,
				57DFE9D01C59D05C00A91DA5 /* Resources */,
			);
			buildRules = (
			);
			dependencies = (
				57DFE9D81C59D05C00A91DA5 /* PBXTargetDependency */,
			);
			name = eXoSnapshots;
			productName = eXoSnapshots;
			productReference = 57DFE9D21C59D05C00A91DA5 /* eXoSnapshots.xctest */;
			productType = "com.apple.product-type.bundle.ui-testing";
		};
		9C3AD2451BCF56900094CFF9 /* eXo */ = {
			isa = PBXNativeTarget;
			buildConfigurationList = 9C3AD26E1BCF56900094CFF9 /* Build configuration list for PBXNativeTarget "eXo" */;
			buildPhases = (
				2BEC1DA95539C7D5186BC352 /* [CP] Check Pods Manifest.lock */,
				9C3AD2421BCF56900094CFF9 /* Sources */,
				9C3AD2431BCF56900094CFF9 /* Frameworks */,
				9C3AD2441BCF56900094CFF9 /* Resources */,
				9C3D7CFF1BDF64E0002873CB /* Embed Foundation Extensions */,
				57F3EF461CC72C4A0023A7BE /* ShellScript */,
				DB86FC6B281C514900044FCA /* Embed Frameworks */,
				DB076BDD62EE42E83717D134 /* [CP] Embed Pods Frameworks */,
			);
			buildRules = (
			);
			dependencies = (
				9C3D7CFA1BDF64E0002873CB /* PBXTargetDependency */,
			);
			name = eXo;
			productName = eXo;
			productReference = 9C3AD2461BCF56900094CFF9 /* eXo.app */;
			productType = "com.apple.product-type.application";
		};
		9C3AD2591BCF56900094CFF9 /* eXoTests */ = {
			isa = PBXNativeTarget;
			buildConfigurationList = 9C3AD2711BCF56900094CFF9 /* Build configuration list for PBXNativeTarget "eXoTests" */;
			buildPhases = (
				9B0302231E369678CB1E8281 /* [CP] Check Pods Manifest.lock */,
				9C3AD2561BCF56900094CFF9 /* Sources */,
				9C3AD2571BCF56900094CFF9 /* Frameworks */,
				9C3AD2581BCF56900094CFF9 /* Resources */,
			);
			buildRules = (
			);
			dependencies = (
				9C3AD25C1BCF56900094CFF9 /* PBXTargetDependency */,
			);
			name = eXoTests;
			productName = eXoTests;
			productReference = 9C3AD25A1BCF56900094CFF9 /* eXoTests.xctest */;
			productType = "com.apple.product-type.bundle.unit-test";
		};
		9C3AD2641BCF56900094CFF9 /* eXoUITests */ = {
			isa = PBXNativeTarget;
			buildConfigurationList = 9C3AD2741BCF56900094CFF9 /* Build configuration list for PBXNativeTarget "eXoUITests" */;
			buildPhases = (
				BB51BB4A7E6C3920E3FD3369 /* [CP] Check Pods Manifest.lock */,
				9C3AD2611BCF56900094CFF9 /* Sources */,
				9C3AD2621BCF56900094CFF9 /* Frameworks */,
				9C3AD2631BCF56900094CFF9 /* Resources */,
			);
			buildRules = (
			);
			dependencies = (
				9C3AD2671BCF56900094CFF9 /* PBXTargetDependency */,
			);
			name = eXoUITests;
			productName = eXoUITests;
			productReference = 9C3AD2651BCF56900094CFF9 /* eXoUITests.xctest */;
			productType = "com.apple.product-type.bundle.ui-testing";
		};
		9C3D7CEF1BDF64E0002873CB /* share-extension */ = {
			isa = PBXNativeTarget;
			buildConfigurationList = 9C3D7CFE1BDF64E0002873CB /* Build configuration list for PBXNativeTarget "share-extension" */;
			buildPhases = (
				31D97F4E66E73737F13C11E3 /* [CP] Check Pods Manifest.lock */,
				9C3D7CEC1BDF64E0002873CB /* Sources */,
				9C3D7CED1BDF64E0002873CB /* Frameworks */,
				9C3D7CEE1BDF64E0002873CB /* Resources */,
				57B6EA761C524A58003CB2CA /* ShellScript */,
			);
			buildRules = (
			);
			dependencies = (
			);
			name = "share-extension";
			productName = "share-extension";
			productReference = 9C3D7CF01BDF64E0002873CB /* share-extension.appex */;
			productType = "com.apple.product-type.app-extension";
		};
/* End PBXNativeTarget section */

/* Begin PBXProject section */
		9C3AD23E1BCF56900094CFF9 /* Project object */ = {
			isa = PBXProject;
			attributes = {
				LastSwiftUpdateCheck = 0720;
				LastUpgradeCheck = 1420;
				ORGANIZATIONNAME = eXo;
				TargetAttributes = {
					57DFE9D11C59D05C00A91DA5 = {
						CreatedOnToolsVersion = 7.2;
						TestTargetID = 9C3AD2451BCF56900094CFF9;
					};
					9C3AD2451BCF56900094CFF9 = {
						CreatedOnToolsVersion = 7.0;
						DevelopmentTeam = FEM998T42U;
						LastSwiftMigration = 0940;
						ProvisioningStyle = Manual;
						SystemCapabilities = {
							com.apple.ApplicationGroups.iOS = {
								enabled = 1;
							};
							com.apple.Push = {
								enabled = 1;
							};
						};
					};
					9C3AD2591BCF56900094CFF9 = {
						CreatedOnToolsVersion = 7.0;
						DevelopmentTeam = FEM998T42U;
						LastSwiftMigration = 0940;
						ProvisioningStyle = Manual;
						TestTargetID = 9C3AD2451BCF56900094CFF9;
					};
					9C3AD2641BCF56900094CFF9 = {
						CreatedOnToolsVersion = 7.0;
						DevelopmentTeam = FEM998T42U;
						LastSwiftMigration = 0940;
						ProvisioningStyle = Manual;
						TestTargetID = 9C3AD2451BCF56900094CFF9;
					};
					9C3D7CEF1BDF64E0002873CB = {
						CreatedOnToolsVersion = 7.0.1;
						DevelopmentTeam = FEM998T42U;
						LastSwiftMigration = 0940;
						ProvisioningStyle = Manual;
						SystemCapabilities = {
							com.apple.ApplicationGroups.iOS = {
								enabled = 1;
							};
						};
					};
				};
			};
			buildConfigurationList = 9C3AD2411BCF56900094CFF9 /* Build configuration list for PBXProject "eXo" */;
			compatibilityVersion = "Xcode 12.0";
			developmentRegion = en;
			hasScannedForEncodings = 0;
			knownRegions = (
				en,
				Base,
				fr,
			);
			mainGroup = 9C3AD23D1BCF56900094CFF9;
			productRefGroup = 9C3AD2471BCF56900094CFF9 /* Products */;
			projectDirPath = "";
			projectRoot = "";
			targets = (
				9C3AD2451BCF56900094CFF9 /* eXo */,
				9C3AD2591BCF56900094CFF9 /* eXoTests */,
				9C3AD2641BCF56900094CFF9 /* eXoUITests */,
				9C3D7CEF1BDF64E0002873CB /* share-extension */,
				57DFE9D11C59D05C00A91DA5 /* eXoSnapshots */,
			);
		};
/* End PBXProject section */

/* Begin PBXResourcesBuildPhase section */
		57DFE9D01C59D05C00A91DA5 /* Resources */ = {
			isa = PBXResourcesBuildPhase;
			buildActionMask = 2147483647;
			files = (
			);
			runOnlyForDeploymentPostprocessing = 0;
		};
		9C3AD2441BCF56900094CFF9 /* Resources */ = {
			isa = PBXResourcesBuildPhase;
			buildActionMask = 2147483647;
			files = (
				DB08660627B5539800504C7B /* Ringtone.mp3 in Resources */,
				9C18EBC01C3124ED00A75DD8 /* TableHeaderView.xib in Resources */,
				DB6E0332269C9FBC009AEA94 /* slide2_gif-EN.gif in Resources */,
				D79611C026778ACC00F2FDE8 /* ConnectToExoViewController.xib in Resources */,
				D79611BD26778ACC00F2FDE8 /* HeaderConnectCell.xib in Resources */,
				DB6A4E6826949CFB00809B53 /* OnboardingCell.xib in Resources */,
				DB6B9819272032D200D20677 /* slide3_gif-FR.gif in Resources */,
				DB6A4E6626949CFB00809B53 /* OnboardingViewController.xib in Resources */,
				DB6B9818272032D200D20677 /* slide3_gif-EN.gif in Resources */,
				DB824AD92716EED70087C79B /* slide1_gif-EN.gif in Resources */,
				DBFD7355286A447A000308A5 /* BannerView.xib in Resources */,
				D79611BF26778ACC00F2FDE8 /* ServerCell.xib in Resources */,
				DB3CE0A9269C8B6100622057 /* slide2_gif-FR.gif in Resources */,
				DBC0162B27AAEDFD004D1684 /* CheckUpdatePopupVC.xib in Resources */,
				9C3AD2541BCF56900094CFF9 /* LaunchScreen.storyboard in Resources */,
				DBC878C2269683070036EB0F /* QRCodeScannerViewController.xib in Resources */,
				AB18539C206A2CF100D9726C /* GoogleService-Info.plist in Resources */,
				9C935F851BD64DAD009C065B /* Localizable.strings in Resources */,
				9C3D7D1E1BDF6BA3002873CB /* eXo.entitlements in Resources */,
				D79611F32677A87000F2FDE8 /* AddDomainViewController.xib in Resources */,
				9C3AD2511BCF56900094CFF9 /* Assets.xcassets in Resources */,
				DB824AD82716EED70087C79B /* slide1_gif-FR.gif in Resources */,
				9C3AD24F1BCF56900094CFF9 /* Main.storyboard in Resources */,
				9C978B7A1BDA21E900FC689D /* InfoPlist.strings in Resources */,
				D7F12D2F26789E08007C8294 /* CustomPopupViewController.xib in Resources */,
			);
			runOnlyForDeploymentPostprocessing = 0;
		};
		9C3AD2581BCF56900094CFF9 /* Resources */ = {
			isa = PBXResourcesBuildPhase;
			buildActionMask = 2147483647;
			files = (
			);
			runOnlyForDeploymentPostprocessing = 0;
		};
		9C3AD2631BCF56900094CFF9 /* Resources */ = {
			isa = PBXResourcesBuildPhase;
			buildActionMask = 2147483647;
			files = (
			);
			runOnlyForDeploymentPostprocessing = 0;
		};
		9C3D7CEE1BDF64E0002873CB /* Resources */ = {
			isa = PBXResourcesBuildPhase;
			buildActionMask = 2147483647;
			files = (
				9C032E1C1BE754F5006F0577 /* Main.storyboard in Resources */,
				9C032E211BE75667006F0577 /* Localizable.strings in Resources */,
				9C032E0D1BE38DEF006F0577 /* Assets.xcassets in Resources */,
				9C3D7CF71BDF64E0002873CB /* MainInterface.storyboard in Resources */,
			);
			runOnlyForDeploymentPostprocessing = 0;
		};
/* End PBXResourcesBuildPhase section */

/* Begin PBXShellScriptBuildPhase section */
		2BEC1DA95539C7D5186BC352 /* [CP] Check Pods Manifest.lock */ = {
			isa = PBXShellScriptBuildPhase;
			buildActionMask = 2147483647;
			files = (
			);
			inputFileListPaths = (
			);
			inputPaths = (
				"${PODS_PODFILE_DIR_PATH}/Podfile.lock",
				"${PODS_ROOT}/Manifest.lock",
			);
			name = "[CP] Check Pods Manifest.lock";
			outputFileListPaths = (
			);
			outputPaths = (
				"$(DERIVED_FILE_DIR)/Pods-eXo-checkManifestLockResult.txt",
			);
			runOnlyForDeploymentPostprocessing = 0;
			shellPath = /bin/sh;
			shellScript = "diff \"${PODS_PODFILE_DIR_PATH}/Podfile.lock\" \"${PODS_ROOT}/Manifest.lock\" > /dev/null\nif [ $? != 0 ] ; then\n    # print error to STDERR\n    echo \"error: The sandbox is not in sync with the Podfile.lock. Run 'pod install' or update your CocoaPods installation.\" >&2\n    exit 1\nfi\n# This output is used by Xcode 'outputs' to avoid re-running this script phase.\necho \"SUCCESS\" > \"${SCRIPT_OUTPUT_FILE_0}\"\n";
			showEnvVarsInLog = 0;
		};
		31D97F4E66E73737F13C11E3 /* [CP] Check Pods Manifest.lock */ = {
			isa = PBXShellScriptBuildPhase;
			alwaysOutOfDate = 1;
			buildActionMask = 8;
			files = (
			);
			inputFileListPaths = (
			);
			inputPaths = (
				"${PODS_PODFILE_DIR_PATH}/Podfile.lock",
				"${PODS_ROOT}/Manifest.lock",
			);
			name = "[CP] Check Pods Manifest.lock";
			outputFileListPaths = (
			);
			outputPaths = (
				"$(DERIVED_FILE_DIR)/Pods-share-extension-checkManifestLockResult.txt",
			);
			runOnlyForDeploymentPostprocessing = 1;
			shellPath = /bin/sh;
			shellScript = "diff \"${PODS_PODFILE_DIR_PATH}/Podfile.lock\" \"${PODS_ROOT}/Manifest.lock\" > /dev/null\nif [ $? != 0 ] ; then\n    # print error to STDERR\n    echo \"error: The sandbox is not in sync with the Podfile.lock. Run 'pod install' or update your CocoaPods installation.\" >&2\n    exit 1\nfi\n# This output is used by Xcode 'outputs' to avoid re-running this script phase.\necho \"SUCCESS\" > \"${SCRIPT_OUTPUT_FILE_0}\"\n";
			showEnvVarsInLog = 0;
		};
		57B6EA761C524A58003CB2CA /* ShellScript */ = {
			isa = PBXShellScriptBuildPhase;
			buildActionMask = 2147483647;
			files = (
			);
			inputPaths = (
			);
			outputPaths = (
			);
			runOnlyForDeploymentPostprocessing = 0;
			shellPath = /bin/sh;
			shellScript = "cd \"${CONFIGURATION_BUILD_DIR}/${UNLOCALIZED_RESOURCES_FOLDER_PATH}/\"\nif [[ -d \"Frameworks\" ]]; then\n  rm -fr Frameworks\nfi";
		};
		57F3EF461CC72C4A0023A7BE /* ShellScript */ = {
			isa = PBXShellScriptBuildPhase;
			buildActionMask = 2147483647;
			files = (
			);
			inputPaths = (
			);
			outputPaths = (
			);
			runOnlyForDeploymentPostprocessing = 0;
			shellPath = /bin/sh;
			shellScript = "\"${PODS_ROOT}/FirebaseCrashlytics/upload-symbols\" -gsp \"${PROJECT_DIR}/GoogleService-Info.plist\" -p ios \"${DWARF_DSYM_FOLDER_PATH}/${DWARF_DSYM_FILE_NAME}\"\n";
		};
		9B0302231E369678CB1E8281 /* [CP] Check Pods Manifest.lock */ = {
			isa = PBXShellScriptBuildPhase;
			buildActionMask = 2147483647;
			files = (
			);
			inputFileListPaths = (
			);
			inputPaths = (
				"${PODS_PODFILE_DIR_PATH}/Podfile.lock",
				"${PODS_ROOT}/Manifest.lock",
			);
			name = "[CP] Check Pods Manifest.lock";
			outputFileListPaths = (
			);
			outputPaths = (
				"$(DERIVED_FILE_DIR)/Pods-eXoTests-checkManifestLockResult.txt",
			);
			runOnlyForDeploymentPostprocessing = 0;
			shellPath = /bin/sh;
			shellScript = "diff \"${PODS_PODFILE_DIR_PATH}/Podfile.lock\" \"${PODS_ROOT}/Manifest.lock\" > /dev/null\nif [ $? != 0 ] ; then\n    # print error to STDERR\n    echo \"error: The sandbox is not in sync with the Podfile.lock. Run 'pod install' or update your CocoaPods installation.\" >&2\n    exit 1\nfi\n# This output is used by Xcode 'outputs' to avoid re-running this script phase.\necho \"SUCCESS\" > \"${SCRIPT_OUTPUT_FILE_0}\"\n";
			showEnvVarsInLog = 0;
		};
		BB51BB4A7E6C3920E3FD3369 /* [CP] Check Pods Manifest.lock */ = {
			isa = PBXShellScriptBuildPhase;
			buildActionMask = 2147483647;
			files = (
			);
			inputFileListPaths = (
			);
			inputPaths = (
				"${PODS_PODFILE_DIR_PATH}/Podfile.lock",
				"${PODS_ROOT}/Manifest.lock",
			);
			name = "[CP] Check Pods Manifest.lock";
			outputFileListPaths = (
			);
			outputPaths = (
				"$(DERIVED_FILE_DIR)/Pods-eXoUITests-checkManifestLockResult.txt",
			);
			runOnlyForDeploymentPostprocessing = 0;
			shellPath = /bin/sh;
			shellScript = "diff \"${PODS_PODFILE_DIR_PATH}/Podfile.lock\" \"${PODS_ROOT}/Manifest.lock\" > /dev/null\nif [ $? != 0 ] ; then\n    # print error to STDERR\n    echo \"error: The sandbox is not in sync with the Podfile.lock. Run 'pod install' or update your CocoaPods installation.\" >&2\n    exit 1\nfi\n# This output is used by Xcode 'outputs' to avoid re-running this script phase.\necho \"SUCCESS\" > \"${SCRIPT_OUTPUT_FILE_0}\"\n";
			showEnvVarsInLog = 0;
		};
		DB076BDD62EE42E83717D134 /* [CP] Embed Pods Frameworks */ = {
			isa = PBXShellScriptBuildPhase;
			buildActionMask = 2147483647;
			files = (
			);
			inputFileListPaths = (
				"${PODS_ROOT}/Target Support Files/Pods-eXo/Pods-eXo-frameworks-${CONFIGURATION}-input-files.xcfilelist",
			);
			name = "[CP] Embed Pods Frameworks";
			outputFileListPaths = (
				"${PODS_ROOT}/Target Support Files/Pods-eXo/Pods-eXo-frameworks-${CONFIGURATION}-output-files.xcfilelist",
			);
			runOnlyForDeploymentPostprocessing = 0;
			shellPath = /bin/sh;
			shellScript = "\"${PODS_ROOT}/Target Support Files/Pods-eXo/Pods-eXo-frameworks.sh\"\n";
			showEnvVarsInLog = 0;
		};
/* End PBXShellScriptBuildPhase section */

/* Begin PBXSourcesBuildPhase section */
		57DFE9CE1C59D05C00A91DA5 /* Sources */ = {
			isa = PBXSourcesBuildPhase;
			buildActionMask = 2147483647;
			files = (
				57DFE9E51C5B81D800A91DA5 /* eXoSnapshots.swift in Sources */,
				57DFE9E71C5B81D800A91DA5 /* SnapshotHelper.swift in Sources */,
			);
			runOnlyForDeploymentPostprocessing = 0;
		};
		9C3AD2421BCF56900094CFF9 /* Sources */ = {
			isa = PBXSourcesBuildPhase;
			buildActionMask = 2147483647;
			files = (
				DBC0162C27AAEDFD004D1684 /* CheckUpdatePopupVC.swift in Sources */,
				DB31D88926A1EF5D00D25F96 /* Reachability.swift in Sources */,
				DBFD7354286A447A000308A5 /* BannerView.swift in Sources */,
				D7C0FADA267BA37D00C579EB /* NSMutableAttributedString-Extension.swift in Sources */,
				DB6A4E6926949CFB00809B53 /* OnboardingViewController.swift in Sources */,
				9C3AD2881BCFA3400094CFF9 /* Server.swift in Sources */,
				9C032E381BEA1495006F0577 /* eXoWebBaseViewController.swift in Sources */,
				D79611CF26778B1E00F2FDE8 /* UIColor-Extension.swift in Sources */,
				D79611C126778ACC00F2FDE8 /* ConnectToExoViewController.swift in Sources */,
				DBC0162E27AAEE0C004D1684 /* CheckStoreUpdate.swift in Sources */,
				B5C7335A201F1B0700A2EA71 /* PushTokenSynchronizer.swift in Sources */,
				B5C7335C201F1D0800A2EA71 /* PushTokenRestClient.swift in Sources */,
				D7F12D3026789E08007C8294 /* CustomPopupViewController.swift in Sources */,
				B5C7335F201F266800A2EA71 /* StringExtension.swift in Sources */,
				D79611BC26778ACC00F2FDE8 /* HeaderConnectCell.swift in Sources */,
				DB54A563279971270080B25A /* Bundle-Extension.swift in Sources */,
				D79611BE26778ACC00F2FDE8 /* ServerCell.swift in Sources */,
				9C032DCA1BE31EE5006F0577 /* String+URL.swift in Sources */,
				DBC878C3269683070036EB0F /* QRCodeScannerViewController.swift in Sources */,
				D79611C826778AFD00F2FDE8 /* UIView-Extension.swift in Sources */,
				DB31D88826A1EF5D00D25F96 /* Connectivity.swift in Sources */,
				9C18EBBE1C3124DC00A75DD8 /* TableHeaderView.swift in Sources */,
				9C935F7E1BD60286009C065B /* Tool.swift in Sources */,
				DB373219267F78830065C7A5 /* UIViewController-Extension.swift in Sources */,
				9C3AD24A1BCF56900094CFF9 /* eXoAppDelegate.swift in Sources */,
				9C3AD2861BCF9E570094CFF9 /* defines.swift in Sources */,
				D79611F22677A87000F2FDE8 /* AddDomainViewController.swift in Sources */,
				9C032E3A1BEA17DE006F0577 /* PreviewController.swift in Sources */,
				DB37321B267F79690065C7A5 /* NotificationName-Extension.swift in Sources */,
				B56257E7202AD9AB00A6CE41 /* CookiesFromAuthorizationFetcher.swift in Sources */,
				9C935F801BD61D5A009C065B /* ServerManager.swift in Sources */,
				9C935F8B1BD8A079009C065B /* HomePageViewController.swift in Sources */,
				DBCA1F56285888820058FCD6 /* LeakAvoider.swift in Sources */,
				DB3CE0AC269C8F7F00622057 /* UIImage-Gif.swift in Sources */,
				9CB9F1011BD4A08100511E48 /* PlaceholderTextView.swift in Sources */,
				B5C73362201F32B700A2EA71 /* CookiesInterceptor.swift in Sources */,
				DB6A4E6726949CFB00809B53 /* OnboardingCell.swift in Sources */,
			);
			runOnlyForDeploymentPostprocessing = 0;
		};
		9C3AD2561BCF56900094CFF9 /* Sources */ = {
			isa = PBXSourcesBuildPhase;
			buildActionMask = 2147483647;
			files = (
				B56257E9202ADA0D00A6CE41 /* TestCookiesFromAuthorizationFetcher.swift in Sources */,
				57D568351BEB41B700C13C7E /* TestServerManager.swift in Sources */,
				57D568331BEB15C000C13C7E /* TestServer.swift in Sources */,
				9C3AD25F1BCF56900094CFF9 /* eXoBaseTestCase.swift in Sources */,
				57D568371BEB48BC00C13C7E /* FakeUserDefaults.swift in Sources */,
				AB542EAB215CD8FC00A9ED5A /* ToolTest.swift in Sources */,
			);
			runOnlyForDeploymentPostprocessing = 0;
		};
		9C3AD2611BCF56900094CFF9 /* Sources */ = {
			isa = PBXSourcesBuildPhase;
			buildActionMask = 2147483647;
			files = (
				9CD8445D1C1E866700A824D2 /* TestAddServer.swift in Sources */,
				9CD8445B1C1E757900A824D2 /* TestSetting.swift in Sources */,
				9C18EC141C34DC8B00A75DD8 /* TestServerSelectScreen.swift in Sources */,
				9C3AD26A1BCF56900094CFF9 /* eXoUIBaseTestCase.swift in Sources */,
			);
			runOnlyForDeploymentPostprocessing = 0;
		};
		9C3D7CEC1BDF64E0002873CB /* Sources */ = {
			isa = PBXSourcesBuildPhase;
			buildActionMask = 2147483647;
			files = (
				9C3D7D161BDF68E0002873CB /* PostActivity.m in Sources */,
				9C3D7CF41BDF64E0002873CB /* ShareViewController.m in Sources */,
				9C032DCB1BE34BDA006F0577 /* String+URL.swift in Sources */,
				9C3D7D131BDF68E0002873CB /* AccountViewController.m in Sources */,
				9C3D7D2D1BE0BE97002873CB /* InputAccountViewController.swift in Sources */,
				9C3D7D181BDF68E0002873CB /* SocialSpace.m in Sources */,
				9C3D7D191BDF68E0002873CB /* SpaceViewController.m in Sources */,
				9C3D7D1A1BDF68E0002873CB /* UploadViewController.m in Sources */,
				9C3D7D121BDF68E0002873CB /* Account.m in Sources */,
				9C032DCD1BE3566B006F0577 /* AccountCell.swift in Sources */,
				9C3D7D171BDF68E0002873CB /* PostItem.m in Sources */,
				9CF2861A1BE1DE7D00DC4C26 /* AccountManager.m in Sources */,
			);
			runOnlyForDeploymentPostprocessing = 0;
		};
/* End PBXSourcesBuildPhase section */

/* Begin PBXTargetDependency section */
		57DFE9D81C59D05C00A91DA5 /* PBXTargetDependency */ = {
			isa = PBXTargetDependency;
			target = 9C3AD2451BCF56900094CFF9 /* eXo */;
			targetProxy = 57DFE9D71C59D05C00A91DA5 /* PBXContainerItemProxy */;
		};
		9C3AD25C1BCF56900094CFF9 /* PBXTargetDependency */ = {
			isa = PBXTargetDependency;
			target = 9C3AD2451BCF56900094CFF9 /* eXo */;
			targetProxy = 9C3AD25B1BCF56900094CFF9 /* PBXContainerItemProxy */;
		};
		9C3AD2671BCF56900094CFF9 /* PBXTargetDependency */ = {
			isa = PBXTargetDependency;
			target = 9C3AD2451BCF56900094CFF9 /* eXo */;
			targetProxy = 9C3AD2661BCF56900094CFF9 /* PBXContainerItemProxy */;
		};
		9C3D7CFA1BDF64E0002873CB /* PBXTargetDependency */ = {
			isa = PBXTargetDependency;
			target = 9C3D7CEF1BDF64E0002873CB /* share-extension */;
			targetProxy = 9C3D7CF91BDF64E0002873CB /* PBXContainerItemProxy */;
		};
/* End PBXTargetDependency section */

/* Begin PBXVariantGroup section */
		9C032E231BE75667006F0577 /* Localizable.strings */ = {
			isa = PBXVariantGroup;
			children = (
				9C032E241BE75669006F0577 /* en */,
				9C032E251BE7566B006F0577 /* fr */,
			);
			name = Localizable.strings;
			sourceTree = "<group>";
		};
		9C3AD24D1BCF56900094CFF9 /* Main.storyboard */ = {
			isa = PBXVariantGroup;
			children = (
				9C3AD24E1BCF56900094CFF9 /* Base */,
				573F07011C55E04700AD296E /* en */,
				573F07031C55E04A00AD296E /* fr */,
			);
			name = Main.storyboard;
			sourceTree = "<group>";
		};
		9C3AD2521BCF56900094CFF9 /* LaunchScreen.storyboard */ = {
			isa = PBXVariantGroup;
			children = (
				9C3AD2531BCF56900094CFF9 /* Base */,
				9C935F821BD64B87009C065B /* fr */,
			);
			name = LaunchScreen.storyboard;
			sourceTree = "<group>";
		};
		9C3D7CF51BDF64E0002873CB /* MainInterface.storyboard */ = {
			isa = PBXVariantGroup;
			children = (
				9C032E2C1BE76DC2006F0577 /* Base */,
				9C032E2F1BE76DD9006F0577 /* fr */,
			);
			name = MainInterface.storyboard;
			sourceTree = "<group>";
		};
		9C935F871BD64DAD009C065B /* Localizable.strings */ = {
			isa = PBXVariantGroup;
			children = (
				9C935F861BD64DAD009C065B /* en */,
				9C935F881BD64DB0009C065B /* fr */,
			);
			name = Localizable.strings;
			sourceTree = "<group>";
		};
		9C978B7C1BDA21E900FC689D /* InfoPlist.strings */ = {
			isa = PBXVariantGroup;
			children = (
				9C978B7B1BDA21E900FC689D /* en */,
				9C978B7D1BDA21EC00FC689D /* fr */,
			);
			name = InfoPlist.strings;
			sourceTree = "<group>";
		};
/* End PBXVariantGroup section */

/* Begin XCBuildConfiguration section */
		57DFE9DA1C59D05D00A91DA5 /* Debug */ = {
			isa = XCBuildConfiguration;
			buildSettings = {
				CLANG_ENABLE_MODULES = YES;
				"CODE_SIGN_IDENTITY[sdk=iphoneos*]" = "iPhone Developer";
				CODE_SIGN_STYLE = Automatic;
				DEVELOPMENT_TEAM = "";
				EXCLUDED_ARCHS = arm64;
				INFOPLIST_FILE = eXoSnapshots/Info.plist;
				IPHONEOS_DEPLOYMENT_TARGET = 12.1;
				LD_RUNPATH_SEARCH_PATHS = (
					"$(inherited)",
					"@executable_path/Frameworks",
					"@loader_path/Frameworks",
				);
				PRODUCT_BUNDLE_IDENTIFIER = com.exoplatform.ios.exo.eXoSnapshots;
				PRODUCT_NAME = "$(TARGET_NAME)";
				PROVISIONING_PROFILE = "";
				PROVISIONING_PROFILE_SPECIFIER = "";
				SWIFT_OPTIMIZATION_LEVEL = "-Onone";
				SWIFT_VERSION = 5.0;
				TEST_TARGET_NAME = eXo;
				USES_XCTRUNNER = YES;
			};
			name = Debug;
		};
		57DFE9DB1C59D05D00A91DA5 /* Release */ = {
			isa = XCBuildConfiguration;
			buildSettings = {
				CLANG_ENABLE_MODULES = YES;
				"CODE_SIGN_IDENTITY[sdk=iphoneos*]" = "iPhone Developer";
				CODE_SIGN_STYLE = Automatic;
				DEVELOPMENT_TEAM = "";
				EXCLUDED_ARCHS = "";
				INFOPLIST_FILE = eXoSnapshots/Info.plist;
				IPHONEOS_DEPLOYMENT_TARGET = 12.1;
				LD_RUNPATH_SEARCH_PATHS = (
					"$(inherited)",
					"@executable_path/Frameworks",
					"@loader_path/Frameworks",
				);
				PRODUCT_BUNDLE_IDENTIFIER = com.exoplatform.ios.exo.eXoSnapshots;
				PRODUCT_NAME = "$(TARGET_NAME)";
				PROVISIONING_PROFILE = "";
				PROVISIONING_PROFILE_SPECIFIER = "";
				SWIFT_VERSION = 5.0;
				TEST_TARGET_NAME = eXo;
				USES_XCTRUNNER = YES;
			};
			name = Release;
		};
		9C3AD26C1BCF56900094CFF9 /* Debug */ = {
			isa = XCBuildConfiguration;
			buildSettings = {
				ALWAYS_SEARCH_USER_PATHS = NO;
				APP_BASE_URL = "https://community.exoplatform.com";
				APP_BUNDLE_ID = com.exoplatform.mob.eXoPlatformiPHone;
				APP_DISPLAY_NAME = eXo;
				APP_ENV_NAME = PROD;
				APP_PROV_PROFIL = "match AdHoc com.exoplatform.mob.eXoPlatformiPHone";
				CLANG_ANALYZER_LOCALIZABILITY_NONLOCALIZED = YES;
				CLANG_CXX_LANGUAGE_STANDARD = "gnu++0x";
				CLANG_CXX_LIBRARY = "libc++";
				CLANG_ENABLE_MODULES = YES;
				CLANG_ENABLE_OBJC_ARC = YES;
				CLANG_WARN_BLOCK_CAPTURE_AUTORELEASING = YES;
				CLANG_WARN_BOOL_CONVERSION = YES;
				CLANG_WARN_COMMA = YES;
				CLANG_WARN_CONSTANT_CONVERSION = YES;
				CLANG_WARN_DEPRECATED_OBJC_IMPLEMENTATIONS = YES;
				CLANG_WARN_DIRECT_OBJC_ISA_USAGE = YES_ERROR;
				CLANG_WARN_EMPTY_BODY = YES;
				CLANG_WARN_ENUM_CONVERSION = YES;
				CLANG_WARN_INFINITE_RECURSION = YES;
				CLANG_WARN_INT_CONVERSION = YES;
				CLANG_WARN_NON_LITERAL_NULL_CONVERSION = YES;
				CLANG_WARN_OBJC_IMPLICIT_RETAIN_SELF = YES;
				CLANG_WARN_OBJC_LITERAL_CONVERSION = YES;
				CLANG_WARN_OBJC_ROOT_CLASS = YES_ERROR;
				CLANG_WARN_QUOTED_INCLUDE_IN_FRAMEWORK_HEADER = YES;
				CLANG_WARN_RANGE_LOOP_ANALYSIS = YES;
				CLANG_WARN_STRICT_PROTOTYPES = YES;
				CLANG_WARN_SUSPICIOUS_MOVE = YES;
				CLANG_WARN_UNREACHABLE_CODE = YES;
				CLANG_WARN__DUPLICATE_METHOD_MATCH = YES;
				CODE_SIGN_IDENTITY = "iPhone Developer";
				"CODE_SIGN_IDENTITY[sdk=iphoneos*]" = "iPhone Developer";
				CODE_SIGN_STYLE = Manual;
				COPY_PHASE_STRIP = NO;
				DEBUG_INFORMATION_FORMAT = "dwarf-with-dsym";
				DEVELOPMENT_TEAM = FEM998T42U;
				ENABLE_STRICT_OBJC_MSGSEND = YES;
				ENABLE_TESTABILITY = YES;
				EXCLUDED_ARCHS = arm64;
				EXT_PROV_PROFIL = "match AdHoc com.exoplatform.mob.eXoPlatformiPHone";
				GCC_C_LANGUAGE_STANDARD = gnu99;
				GCC_DYNAMIC_NO_PIC = NO;
				GCC_NO_COMMON_BLOCKS = YES;
				GCC_OPTIMIZATION_LEVEL = 0;
				GCC_PREPROCESSOR_DEFINITIONS = (
					"DEBUG=1",
					"$(inherited)",
				);
				GCC_WARN_64_TO_32_BIT_CONVERSION = YES;
				GCC_WARN_ABOUT_RETURN_TYPE = YES_ERROR;
				GCC_WARN_UNDECLARED_SELECTOR = YES;
				GCC_WARN_UNINITIALIZED_AUTOS = YES_AGGRESSIVE;
				GCC_WARN_UNUSED_FUNCTION = YES;
				GCC_WARN_UNUSED_VARIABLE = YES;
				IPHONEOS_DEPLOYMENT_TARGET = 12.1;
				MTL_ENABLE_DEBUG_INFO = YES;
				ONLY_ACTIVE_ARCH = YES;
				OTHER_SWIFT_FLAGS = "$(inherited)";
				SDKROOT = iphoneos;
				SWIFT_OPTIMIZATION_LEVEL = "-Onone";
				SWIFT_SWIFT3_OBJC_INFERENCE = Default;
				SWIFT_VERSION = 5.0;
				TARGETED_DEVICE_FAMILY = "1,2";
				TEAM_ID = FEM998T42U;
			};
			name = Debug;
		};
		9C3AD26D1BCF56900094CFF9 /* Release */ = {
			isa = XCBuildConfiguration;
			buildSettings = {
				ALWAYS_SEARCH_USER_PATHS = NO;
				APP_BASE_URL = "https://community.exoplatform.com";
				APP_BUNDLE_ID = com.exoplatform.mob.eXoPlatformiPHone;
				APP_DISPLAY_NAME = eXo;
				APP_ENV_NAME = PROD;
				APP_PROV_PROFIL = "match AdHoc com.exoplatform.mob.eXoPlatformiPHone";
				CLANG_ANALYZER_LOCALIZABILITY_NONLOCALIZED = YES;
				CLANG_CXX_LANGUAGE_STANDARD = "gnu++0x";
				CLANG_CXX_LIBRARY = "libc++";
				CLANG_ENABLE_MODULES = YES;
				CLANG_ENABLE_OBJC_ARC = YES;
				CLANG_WARN_BLOCK_CAPTURE_AUTORELEASING = YES;
				CLANG_WARN_BOOL_CONVERSION = YES;
				CLANG_WARN_COMMA = YES;
				CLANG_WARN_CONSTANT_CONVERSION = YES;
				CLANG_WARN_DEPRECATED_OBJC_IMPLEMENTATIONS = YES;
				CLANG_WARN_DIRECT_OBJC_ISA_USAGE = YES_ERROR;
				CLANG_WARN_EMPTY_BODY = YES;
				CLANG_WARN_ENUM_CONVERSION = YES;
				CLANG_WARN_INFINITE_RECURSION = YES;
				CLANG_WARN_INT_CONVERSION = YES;
				CLANG_WARN_NON_LITERAL_NULL_CONVERSION = YES;
				CLANG_WARN_OBJC_IMPLICIT_RETAIN_SELF = YES;
				CLANG_WARN_OBJC_LITERAL_CONVERSION = YES;
				CLANG_WARN_OBJC_ROOT_CLASS = YES_ERROR;
				CLANG_WARN_QUOTED_INCLUDE_IN_FRAMEWORK_HEADER = YES;
				CLANG_WARN_RANGE_LOOP_ANALYSIS = YES;
				CLANG_WARN_STRICT_PROTOTYPES = YES;
				CLANG_WARN_SUSPICIOUS_MOVE = YES;
				CLANG_WARN_UNREACHABLE_CODE = YES;
				CLANG_WARN__DUPLICATE_METHOD_MATCH = YES;
				CODE_SIGN_IDENTITY = "iPhone Distribution";
				"CODE_SIGN_IDENTITY[sdk=iphoneos*]" = "iPhone Distribution";
				CODE_SIGN_STYLE = Manual;
				COPY_PHASE_STRIP = NO;
				DEBUG_INFORMATION_FORMAT = "dwarf-with-dsym";
				DEVELOPMENT_TEAM = FEM998T42U;
				ENABLE_NS_ASSERTIONS = NO;
				ENABLE_STRICT_OBJC_MSGSEND = YES;
				EXT_PROV_PROFIL = "match AdHoc com.exoplatform.mob.eXoPlatformiPHone";
				GCC_C_LANGUAGE_STANDARD = gnu99;
				GCC_NO_COMMON_BLOCKS = YES;
				GCC_WARN_64_TO_32_BIT_CONVERSION = YES;
				GCC_WARN_ABOUT_RETURN_TYPE = YES_ERROR;
				GCC_WARN_UNDECLARED_SELECTOR = YES;
				GCC_WARN_UNINITIALIZED_AUTOS = YES_AGGRESSIVE;
				GCC_WARN_UNUSED_FUNCTION = YES;
				GCC_WARN_UNUSED_VARIABLE = YES;
				IPHONEOS_DEPLOYMENT_TARGET = 12.1;
				MTL_ENABLE_DEBUG_INFO = NO;
				ONLY_ACTIVE_ARCH = YES;
				OTHER_SWIFT_FLAGS = "$(inherited)";
				SDKROOT = iphoneos;
				SWIFT_COMPILATION_MODE = wholemodule;
				SWIFT_SWIFT3_OBJC_INFERENCE = Default;
				SWIFT_VERSION = 5.0;
				TARGETED_DEVICE_FAMILY = "1,2";
				TEAM_ID = FEM998T42U;
				VALIDATE_PRODUCT = YES;
			};
			name = Release;
		};
		9C3AD26F1BCF56900094CFF9 /* Debug */ = {
			isa = XCBuildConfiguration;
			baseConfigurationReference = CC3638526506F021A7F6302A /* Pods-eXo.debug.xcconfig */;
			buildSettings = {
				ASSETCATALOG_COMPILER_APPICON_NAME = AppIcon;
				CODE_SIGN_ENTITLEMENTS = exo/eXo.entitlements;
				CODE_SIGN_STYLE = Manual;
				DEVELOPMENT_TEAM = FEM998T42U;
				ENABLE_BITCODE = NO;
				EXCLUDED_ARCHS = "";
				INFOPLIST_FILE = eXo/Info.plist;
				LD_RUNPATH_SEARCH_PATHS = (
					"$(inherited)",
					"@executable_path/Frameworks",
				);
				MARKETING_VERSION = 6.2.0;
				PRODUCT_BUNDLE_IDENTIFIER = "$(APP_BUNDLE_ID)";
				PRODUCT_NAME = "$(APP_DISPLAY_NAME)";
				PROVISIONING_PROFILE_SPECIFIER = "$(APP_PROV_PROFIL)";
				SWIFT_VERSION = 5.0;
			};
			name = Debug;
		};
		9C3AD2701BCF56900094CFF9 /* Release */ = {
			isa = XCBuildConfiguration;
			baseConfigurationReference = 3FC47EC610FFAD7AD945175C /* Pods-eXo.release.xcconfig */;
			buildSettings = {
				ASSETCATALOG_COMPILER_APPICON_NAME = AppIcon;
				CODE_SIGN_ENTITLEMENTS = exo/eXo.entitlements;
				CODE_SIGN_IDENTITY = "iPhone Distribution";
				CODE_SIGN_STYLE = Manual;
				DEVELOPMENT_TEAM = FEM998T42U;
				ENABLE_BITCODE = NO;
				EXCLUDED_ARCHS = "";
				INFOPLIST_FILE = eXo/Info.plist;
				LD_RUNPATH_SEARCH_PATHS = (
					"$(inherited)",
					"@executable_path/Frameworks",
				);
				MARKETING_VERSION = 6.2.0;
				PRODUCT_BUNDLE_IDENTIFIER = "$(APP_BUNDLE_ID)";
				PRODUCT_NAME = "$(APP_DISPLAY_NAME)";
				PROVISIONING_PROFILE_SPECIFIER = "$(APP_PROV_PROFIL)";
				SWIFT_VERSION = 5.0;
			};
			name = Release;
		};
		9C3AD2721BCF56900094CFF9 /* Debug */ = {
			isa = XCBuildConfiguration;
			baseConfigurationReference = EBFFCDC0A3D7084CF6243645 /* Pods-eXoTests.debug.xcconfig */;
			buildSettings = {
				BUNDLE_LOADER = "$(TEST_HOST)";
				INFOPLIST_FILE = eXoTests/Info.plist;
				LD_RUNPATH_SEARCH_PATHS = (
					"$(inherited)",
					"@executable_path/Frameworks",
					"@loader_path/Frameworks",
				);
				PRODUCT_BUNDLE_IDENTIFIER = com.exoplatform.ios.eXoTests;
				PRODUCT_NAME = "$(TARGET_NAME)";
				SWIFT_VERSION = 5.0;
				TEST_HOST = "$(BUILT_PRODUCTS_DIR)/eXo.app/eXo";
			};
			name = Debug;
		};
		9C3AD2731BCF56900094CFF9 /* Release */ = {
			isa = XCBuildConfiguration;
			baseConfigurationReference = 430FE9B666D6B9638248757B /* Pods-eXoTests.release.xcconfig */;
			buildSettings = {
				BUNDLE_LOADER = "$(TEST_HOST)";
				INFOPLIST_FILE = eXoTests/Info.plist;
				LD_RUNPATH_SEARCH_PATHS = (
					"$(inherited)",
					"@executable_path/Frameworks",
					"@loader_path/Frameworks",
				);
				PRODUCT_BUNDLE_IDENTIFIER = com.exoplatform.ios.eXoTests;
				PRODUCT_NAME = "$(TARGET_NAME)";
				SWIFT_VERSION = 5.0;
				TEST_HOST = "$(BUILT_PRODUCTS_DIR)/eXo.app/eXo";
			};
			name = Release;
		};
		9C3AD2751BCF56900094CFF9 /* Debug */ = {
			isa = XCBuildConfiguration;
			baseConfigurationReference = 5B178F2A34B220157F0224B5 /* Pods-eXoUITests.debug.xcconfig */;
			buildSettings = {
				INFOPLIST_FILE = eXoUITests/Info.plist;
				LD_RUNPATH_SEARCH_PATHS = (
					"$(inherited)",
					"@executable_path/Frameworks",
					"@loader_path/Frameworks",
				);
				PRODUCT_BUNDLE_IDENTIFIER = com.exoplatform.ios.eXoUITests;
				PRODUCT_NAME = "$(TARGET_NAME)";
				SWIFT_VERSION = 5.0;
				TEST_TARGET_NAME = eXo;
				USES_XCTRUNNER = YES;
			};
			name = Debug;
		};
		9C3AD2761BCF56900094CFF9 /* Release */ = {
			isa = XCBuildConfiguration;
			baseConfigurationReference = C68172FCD8AB9463A6E6A115 /* Pods-eXoUITests.release.xcconfig */;
			buildSettings = {
				INFOPLIST_FILE = eXoUITests/Info.plist;
				LD_RUNPATH_SEARCH_PATHS = (
					"$(inherited)",
					"@executable_path/Frameworks",
					"@loader_path/Frameworks",
				);
				PRODUCT_BUNDLE_IDENTIFIER = com.exoplatform.ios.eXoUITests;
				PRODUCT_NAME = "$(TARGET_NAME)";
				SWIFT_VERSION = 5.0;
				TEST_TARGET_NAME = eXo;
				USES_XCTRUNNER = YES;
			};
			name = Release;
		};
		9C3D7CFC1BDF64E0002873CB /* Debug */ = {
			isa = XCBuildConfiguration;
			baseConfigurationReference = A8C303F221A01C73B714BFB7 /* Pods-share-extension.debug.xcconfig */;
			buildSettings = {
				ASSETCATALOG_COMPILER_APPICON_NAME = AppIcon;
				CLANG_ENABLE_MODULES = YES;
				CODE_SIGN_ENTITLEMENTS = "share-extension/share-extension.entitlements";
				CODE_SIGN_IDENTITY = "iPhone Developer";
				"CODE_SIGN_IDENTITY[sdk=iphoneos*]" = "iPhone Developer";
				CODE_SIGN_STYLE = Manual;
				DEFINES_MODULE = YES;
				DEVELOPMENT_TEAM = FEM998T42U;
				EXCLUDED_ARCHS = "";
				INFOPLIST_FILE = "share-extension/Info.plist";
				LD_RUNPATH_SEARCH_PATHS = (
					"$(inherited)",
					"@executable_path/Frameworks",
					"@executable_path/../../Frameworks",
				);
				PRODUCT_BUNDLE_IDENTIFIER = "$(APP_BUNDLE_ID).share-extension";
				PRODUCT_NAME = "$(TARGET_NAME)";
				PROVISIONING_PROFILE_SPECIFIER = "$(EXT_PROV_PROFIL)";
				SKIP_INSTALL = YES;
				SWIFT_OBJC_BRIDGING_HEADER = "share-extension/share-extension-Bridging-Header.h";
				SWIFT_OPTIMIZATION_LEVEL = "-Onone";
				SWIFT_VERSION = 5.0;
			};
			name = Debug;
		};
		9C3D7CFD1BDF64E0002873CB /* Release */ = {
			isa = XCBuildConfiguration;
			baseConfigurationReference = 868C2C63A1B89E5C0BADF9CF /* Pods-share-extension.release.xcconfig */;
			buildSettings = {
				ASSETCATALOG_COMPILER_APPICON_NAME = AppIcon;
				CLANG_ENABLE_MODULES = YES;
				CODE_SIGN_ENTITLEMENTS = "share-extension/share-extension.entitlements";
				CODE_SIGN_IDENTITY = "iPhone Distribution";
				"CODE_SIGN_IDENTITY[sdk=iphoneos*]" = "iPhone Distribution";
				CODE_SIGN_STYLE = Manual;
				DEFINES_MODULE = YES;
				DEVELOPMENT_TEAM = FEM998T42U;
				EXCLUDED_ARCHS = "";
				INFOPLIST_FILE = "share-extension/Info.plist";
				LD_RUNPATH_SEARCH_PATHS = (
					"$(inherited)",
					"@executable_path/Frameworks",
					"@executable_path/../../Frameworks",
				);
				PRODUCT_BUNDLE_IDENTIFIER = "$(APP_BUNDLE_ID).share-extension";
				PRODUCT_NAME = "$(TARGET_NAME)";
				PROVISIONING_PROFILE_SPECIFIER = "$(EXT_PROV_PROFIL)";
				SKIP_INSTALL = YES;
				SWIFT_OBJC_BRIDGING_HEADER = "share-extension/share-extension-Bridging-Header.h";
				SWIFT_VERSION = 5.0;
			};
			name = Release;
		};
/* End XCBuildConfiguration section */

/* Begin XCConfigurationList section */
		57DFE9D91C59D05D00A91DA5 /* Build configuration list for PBXNativeTarget "eXoSnapshots" */ = {
			isa = XCConfigurationList;
			buildConfigurations = (
				57DFE9DA1C59D05D00A91DA5 /* Debug */,
				57DFE9DB1C59D05D00A91DA5 /* Release */,
			);
			defaultConfigurationIsVisible = 0;
			defaultConfigurationName = Release;
		};
		9C3AD2411BCF56900094CFF9 /* Build configuration list for PBXProject "eXo" */ = {
			isa = XCConfigurationList;
			buildConfigurations = (
				9C3AD26C1BCF56900094CFF9 /* Debug */,
				9C3AD26D1BCF56900094CFF9 /* Release */,
			);
			defaultConfigurationIsVisible = 0;
			defaultConfigurationName = Release;
		};
		9C3AD26E1BCF56900094CFF9 /* Build configuration list for PBXNativeTarget "eXo" */ = {
			isa = XCConfigurationList;
			buildConfigurations = (
				9C3AD26F1BCF56900094CFF9 /* Debug */,
				9C3AD2701BCF56900094CFF9 /* Release */,
			);
			defaultConfigurationIsVisible = 0;
			defaultConfigurationName = Release;
		};
		9C3AD2711BCF56900094CFF9 /* Build configuration list for PBXNativeTarget "eXoTests" */ = {
			isa = XCConfigurationList;
			buildConfigurations = (
				9C3AD2721BCF56900094CFF9 /* Debug */,
				9C3AD2731BCF56900094CFF9 /* Release */,
			);
			defaultConfigurationIsVisible = 0;
			defaultConfigurationName = Release;
		};
		9C3AD2741BCF56900094CFF9 /* Build configuration list for PBXNativeTarget "eXoUITests" */ = {
			isa = XCConfigurationList;
			buildConfigurations = (
				9C3AD2751BCF56900094CFF9 /* Debug */,
				9C3AD2761BCF56900094CFF9 /* Release */,
			);
			defaultConfigurationIsVisible = 0;
			defaultConfigurationName = Release;
		};
		9C3D7CFE1BDF64E0002873CB /* Build configuration list for PBXNativeTarget "share-extension" */ = {
			isa = XCConfigurationList;
			buildConfigurations = (
				9C3D7CFC1BDF64E0002873CB /* Debug */,
				9C3D7CFD1BDF64E0002873CB /* Release */,
			);
			defaultConfigurationIsVisible = 0;
			defaultConfigurationName = Release;
		};
/* End XCConfigurationList section */
	};
	rootObject = 9C3AD23E1BCF56900094CFF9 /* Project object */;
}
